{
  "version": 4,
  "terraform_version": "1.12.2",
  "serial": 1553,
  "lineage": "806a083c-d640-d249-0a53-736f62532c98",
  "outputs": {
    "alb_dns_name": {
      "value": "main-alb-603642862.us-east-1.elb.amazonaws.com",
      "type": "string"
    },
    "db_admin_instance_id": {
      "value": "i-05507a68785508f4e",
      "type": "string"
    },
    "ecr_repository_url": {
      "value": "931174280450.dkr.ecr.us-east-1.amazonaws.com/my-app",
      "type": "string"
    },
    "ecs_exec_commands": {
      "value": "# One-liner to connect to first available container:\r\nTASK_ID=$(aws ecs list-tasks --cluster main-cluster --service my-app-service --query 'taskArns[0]' --output text | cut -d'/' -f3) \u0026\u0026 aws ecs execute-command --cluster main-cluster --task $TASK_ID --container my-app --interactive --command \"/bin/bash\"\r\n    \r\n# Or step by step:\r\n# 1. List running tasks:\r\naws ecs list-tasks --cluster main-cluster --service my-app-service\r\n    \r\n# 2. Connect to specific task (replace TASK_ID):\r\naws ecs execute-command --cluster main-cluster --task TASK_ID --container my-app --interactive --command \"/bin/bash\"\r\n    \r\n# Example debugging commands inside container:\r\n# - Check application logs: cat /var/log/app.log\r\n# - Test database connection: mysql -h DB_HOST -u admin -p\r\n# - Check app health: curl http://localhost/\r\n# - View environment: env | grep DB_\r\n",
      "type": "string"
    },
    "rds_connection_info": {
      "value": {
        "database": "myapp",
        "endpoint": "my-app-database.cif4ogai21kj.us-east-1.rds.amazonaws.com:3306",
        "port": 3306,
        "username": "admin"
      },
      "type": [
        "object",
        {
          "database": "string",
          "endpoint": "string",
          "port": "number",
          "username": "string"
        }
      ],
      "sensitive": true
    },
    "rds_endpoint": {
      "value": "my-app-database.cif4ogai21kj.us-east-1.rds.amazonaws.com:3306",
      "type": "string",
      "sensitive": true
    },
    "s3_bucket_name": {
      "value": "my-app-bucket-kjshjh",
      "type": "string"
    },
    "ssm_session_command": {
      "value": "aws ssm start-session --target i-05507a68785508f4e",
      "type": "string"
    }
  },
  "resources": [
    {
      "mode": "data",
      "type": "aws_ami",
      "name": "amazon_linux",
      "provider": "provider[\"registry.terraform.io/hashicorp/aws\"]",
      "instances": [
        {
          "schema_version": 0,
          "attributes": {
            "architecture": "x86_64",
            "arn": "arn:aws:ec2:us-east-1::image/ami-0c6ebb5b9bce4ba15",
            "block_device_mappings": [
              {
                "device_name": "/dev/xvda",
                "ebs": {
                  "delete_on_termination": "true",
                  "encrypted": "false",
                  "iops": "0",
                  "snapshot_id": "snap-0c819b394123c6700",
                  "throughput": "0",
                  "volume_initialization_rate": "0",
                  "volume_size": "8",
                  "volume_type": "gp2"
                },
                "no_device": "",
                "virtual_name": ""
              }
            ],
            "boot_mode": "",
            "creation_date": "2025-06-20T08:42:15.000Z",
            "deprecation_time": "2025-09-18T08:42:00.000Z",
            "description": "Amazon Linux 2 AMI 2.0.20250623.0 x86_64 HVM gp2",
            "ena_support": true,
            "executable_users": null,
            "filter": [
              {
                "name": "name",
                "values": [
                  "amzn2-ami-hvm-*-x86_64-gp2"
                ]
              },
              {
                "name": "virtualization-type",
                "values": [
                  "hvm"
                ]
              }
            ],
            "hypervisor": "xen",
            "id": "ami-0c6ebb5b9bce4ba15",
            "image_id": "ami-0c6ebb5b9bce4ba15",
            "image_location": "amazon/amzn2-ami-hvm-2.0.20250623.0-x86_64-gp2",
            "image_owner_alias": "amazon",
            "image_type": "machine",
            "imds_support": "",
            "include_deprecated": false,
            "kernel_id": "",
            "last_launched_time": "",
            "most_recent": true,
            "name": "amzn2-ami-hvm-2.0.20250623.0-x86_64-gp2",
            "name_regex": null,
            "owner_id": "137112412989",
            "owners": [
              "amazon"
            ],
            "platform": "",
            "platform_details": "Linux/UNIX",
            "product_codes": [],
            "public": true,
            "ramdisk_id": "",
            "root_device_name": "/dev/xvda",
            "root_device_type": "ebs",
            "root_snapshot_id": "snap-0c819b394123c6700",
            "sriov_net_support": "simple",
            "state": "available",
            "state_reason": {
              "code": "UNSET",
              "message": "UNSET"
            },
            "tags": {},
            "timeouts": null,
            "tpm_support": "",
            "uefi_data": null,
            "usage_operation": "RunInstances",
            "virtualization_type": "hvm"
          },
          "sensitive_attributes": [],
          "identity_schema_version": 0
        }
      ]
    },
    {
      "mode": "data",
      "type": "aws_caller_identity",
      "name": "current",
      "provider": "provider[\"registry.terraform.io/hashicorp/aws\"]",
      "instances": [
        {
          "schema_version": 0,
          "attributes": {
            "account_id": "931174280450",
            "arn": "arn:aws:iam::931174280450:user/ShunHong",
            "id": "931174280450",
            "user_id": "AIDA5RTSP5UBAG5UUCZ5N"
          },
          "sensitive_attributes": [],
          "identity_schema_version": 0
        }
      ]
    },
    {
      "mode": "data",
      "type": "aws_ecr_authorization_token",
      "name": "token",
      "provider": "provider[\"registry.terraform.io/hashicorp/aws\"]",
      "instances": [
        {
          "schema_version": 0,
          "attributes": {
            "authorization_token": "QVdTOmV5SndZWGxzYjJGa0lqb2lXVmhNUzBkVVowZ3pWM0l6ZW1kbEsyVnhlRmQ0WlRaWlNWcDJjVkZNYnpaUU9FaFJabXBTV1ZwT1RIQlNOWHBLWWxock0waFdMMDFwWlZocVZraDRkV2N2VFhWcVJFTk5ha2xUTDB4d2JFbEdhVE5YT0hGRFJXZFBWa2MyZW5wUFRIZEVLMkp3UlRVeE5ISlZNMWRET1U1WU0zZDVTMVZLY1dKUFR6ZDFjVWx1YkRCTlQzcE5UM1YwVTNrNFJtMVhkMW9yUmtoR2JHdDVjakpJZDBoMmVuTTBhM1U0VjFRNWVtVnROVmxaYWpac04wbFVaMkk0UW5CSlJuWkplbGhaTkZkTFozb3dZWEl2ZG1waFUwSTNXbFIzWXpKMFZXMU5aM0l6ZEdORVprbFVia1V3TmtaTWVqWTRTa016VjNKcVRYRTRaV0ZOT1hCR1kwbHNhRU5qV2xSR2RuSjJZVEl6YkdKQlIzZEliMWRtUlVOMWRrUnNPVmRWWnk5blpqbEJVRnA1VGpKd1ZHZERSVFJFYkdGV1ZTOWtWVzlUWld0eFowMUtPVFJSYlZCWWVHZG1WRVY1Y201clJ6TTRWRXQxVEROTGNFVlJUMjk0UkROS1FTdHVMMG80WkZkcmIwOUpPVUpIWkUxNFZtSjRURkJGVlVsMGQwVnRNWGx1UW13clZ6UlJWR0ZqZG5odlVUa3hXVXBKYlVWeFluZFRObGRJUzJkNVFrZElObEpUUWxGMmFFVXdVMWR6YUM4MFdtSnZkVk54YXk4dkwyMUdiRXhXTVZGWkszZzJaa0pvYTBGM1dYWmlURVZuZW5CTEwwdzVNVkJpY1RacGJVMTZRalZzVVdaR2QxcFdhbk5rWjBONVQyaGxjVlUxZWpoVVVFODFObE5XY1hvNFUxcE5NblZIZEVwaVpIcFhSR040UVhwdGVHNUljRlZPUjNSU2VGaHdVMnBFU2tsd04wMUhaRUphY3l0b1N6azVVREJ5YkVGdVJGWnRWbGRpU0djeFVqQlBjR3g2T0VoTVpXZENPVU14ZDJWQmIxTTBWV1Z2VlZoeldFbGFVM1k0Y0ZOcGVFRm5kM3BLTkRaVGIyWkVOREppY1RONFowWkVLMGx5VkVSaFdGSXdibEZoVTJkRWR5czNNbkZVZVVaaVlrcExUM2xSY1d4b1JqUlhObVIyZEc1U1JIWTBUamMwV2xsd1NtRnJWVWRhUldZeldFWmlMMWRRZEhkVFdITmhSRkJpUzJGbVlXTndXbUptYVd4MlRuTnJWWEpPYURabVNqVk9VMUV6V1dKNlZ5c3JWVGtyUWt4dFFqZHpPSE5sWWxkeWNqQk5OWFJITlV4cWFHOTJlWFpMUjBoc1MyRXJkM2swTUVnM1RIcHZTVkoyTkRoa2NWQlhOM2M1YUN0UFIyRnNkbXhWTjNjeWNDdFJXbmxMVkdoNVEwMWthMlJSZUROTVlVVjJRbWRxV0ZVMFJtbzNWVGRqZDFobVdqSlJXREJ0T0hSS2FsWXpSMm80VUhSa1RWbFlORWxRUWpaYU5Xd3JURUZHU2tjd2VXOHlSRzVFVWxsRmNHOWhWemxMTkM4MFFsaHFkSEJSYTJoVk5FYzRRMlJWUzJsTFZXRkNUVTFxZFZreU4yWmlaRVZaWmpGaWVYbFNibEJVTUZKVkswOTVkemt3WVhGVlJqbFZhRXRLWW14VmMwUmxaRkp5UlZWRVpHcDBhREV3UXpONFNXSjJVRXREYlVreVJsZHNialF6WVdNMU0yMXBUV0ZyZDFSMmVrNUhiVmR6VURrM2RtSllVekl3ZGxWRGVYVmxSSFExUlcxU1pHdG1aU0lzSW1SaGRHRnJaWGtpT2lKQlVVVkNRVWhvZDIwd1dXRkpVMHBsVW5SS2JUVnVNVWMyZFhGbFpXdFlkVzlZV0ZCbE5WVkdZMlU1VW5FNEx6RTBkMEZCUVVnMGQyWkJXVXBMYjFwSmFIWmpUa0ZSWTBkdlJ6aDNZbEZKUWtGRVFtOUNaMnR4YUd0cFJ6bDNNRUpDZDBWM1NHZFpTbGxKV2tsQlYxVkVRa0ZGZFUxQ1JVVkVRblZXZVc1Qk9UUk5SMGwzY0dWdVJYZEpRa1ZKUVRkalMzWXJSMFZVWlZoTE0yeEpXV3MzWTFSWGREUkJhVmR2UjJjdlMwMDJZMXBZUkRaMFpqQmxWRWh0U2k5Mk5EUnVSblU0U20weGNDOTVjbVpDTVdvNE5TdFJkbWxxWjI0elIyMVdObkpKUFNJc0luWmxjbk5wYjI0aU9pSXlJaXdpZEhsd1pTSTZJa1JCVkVGZlMwVlpJaXdpWlhod2FYSmhkR2x2YmlJNk1UYzFNVFF3TmpRMU1IMD0=",
            "expires_at": "2025-07-01T21:47:30Z",
            "id": "us-east-1",
            "password": "eyJwYXlsb2FkIjoiWVhMS0dUZ0gzV3IzemdlK2VxeFd4ZTZZSVp2cVFMbzZQOEhRZmpSWVpOTHBSNXpKYlhrM0hWL01pZVhqVkh4dWcvTXVqRENNaklTL0xwbElGaTNXOHFDRWdPVkc2enpPTHdEK2JwRTUxNHJVM1dDOU5YM3d5S1VKcWJPTzd1cUlubDBNT3pNT3V0U3k4Rm1Xd1orRkhGbGt5cjJId0h2enM0a3U4V1Q5emVtNVlZajZsN0lUZ2I4QnBJRnZJelhZNFdLZ3owYXIvdmphU0I3WlR3YzJ0VW1NZ3IzdGNEZklUbkUwNkZMejY4SkMzV3JqTXE4ZWFNOXBGY0lsaENjWlRGdnJ2YTIzbGJBR3dIb1dmRUN1dkRsOVdVZy9nZjlBUFp5TjJwVGdDRTREbGFWVS9kVW9TZWtxZ01KOTRRbVBYeGdmVEV5cm5rRzM4VEt1TDNLcEVRT294RDNKQStuL0o4ZFdrb09JOUJHZE14VmJ4TFBFVUl0d0VtMXluQmwrVzRRVGFjdnhvUTkxWUpJbUVxYndTNldIS2d5QkdINlJTQlF2aEUwU1dzaC80WmJvdVNxay8vL21GbExWMVFZK3g2ZkJoa0F3WXZiTEVnenBLL0w5MVBicTZpbU16QjVsUWZGd1pWanNkZ0N5T2hlcVU1ejhUUE81NlNWcXo4U1pNMnVHdEpiZHpXRGN4QXpteG5IcFVOR3RSeFhwU2pESklwN01HZEJacytoSzk5UDBybEFuRFZtVldiSGcxUjBPcGx6OEhMZWdCOUMxd2VBb1M0VWVvVVhzWElaU3Y4cFNpeEFnd3pKNDZTb2ZENDJicTN4Z0ZEK0lyVERhWFIwblFhU2dEdys3MnFUeUZiYkpLT3lRcWxoRjRXNmR2dG5SRHY0Tjc0WllwSmFrVUdaRWYzWEZiL1dQdHdTWHNhRFBiS2FmYWNwWmJmaWx2TnNrVXJOaDZmSjVOU1EzWWJ6VysrVTkrQkxtQjdzOHNlYldycjBNNXRHNUxqaG92eXZLR0hsS2Erd3k0MEg3THpvSVJ2NDhkcVBXN3c5aCtPR2FsdmxVN3cycCtRWnlLVGh5Q01ka2RReDNMYUV2QmdqWFU0Rmo3VTdjd1hmWjJRWDBtOHRKalYzR2o4UHRkTVlYNElQQjZaNWwrTEFGSkcweW8yRG5EUllFcG9hVzlLNC80QlhqdHBRa2hVNEc4Q2RVS2lLVWFCTU1qdVkyN2ZiZEVZZjFieXlSblBUMFJVK095dzkwYXFVRjlVaEtKYmxVc0RlZFJyRVVEZGp0aDEwQzN4SWJ2UEtDbUkyRldsbjQzYWM1M21pTWFrd1R2ek5HbVdzUDk3dmJYUzIwdlVDeXVlRHQ1RW1SZGtmZSIsImRhdGFrZXkiOiJBUUVCQUhod20wWWFJU0plUnRKbTVuMUc2dXFlZWtYdW9YWFBlNVVGY2U5UnE4LzE0d0FBQUg0d2ZBWUpLb1pJaHZjTkFRY0dvRzh3YlFJQkFEQm9CZ2txaGtpRzl3MEJCd0V3SGdZSllJWklBV1VEQkFFdU1CRUVEQnVWeW5BOTRNR0l3cGVuRXdJQkVJQTdjS3YrR0VUZVhLM2xJWWs3Y1RXdDRBaVdvR2cvS002Y1pYRDZ0ZjBlVEhtSi92NDRuRnU4Sm0xcC95cmZCMWo4NStRdmlqZ24zR21WNnJJPSIsInZlcnNpb24iOiIyIiwidHlwZSI6IkRBVEFfS0VZIiwiZXhwaXJhdGlvbiI6MTc1MTQwNjQ1MH0=",
            "proxy_endpoint": "https://931174280450.dkr.ecr.us-east-1.amazonaws.com",
            "registry_id": "931174280450",
            "user_name": "AWS"
          },
          "sensitive_attributes": [
            [
              {
                "type": "get_attr",
                "value": "authorization_token"
              }
            ],
            [
              {
                "type": "get_attr",
                "value": "password"
              }
            ]
          ],
          "identity_schema_version": 0
        }
      ]
    },
    {
      "mode": "managed",
      "type": "aws_appautoscaling_policy",
      "name": "ecs_policy_cpu",
      "provider": "provider[\"registry.terraform.io/hashicorp/aws\"]",
      "instances": [
        {
          "schema_version": 0,
          "attributes": {
            "alarm_arns": [
              "arn:aws:cloudwatch:us-east-1:931174280450:alarm:TargetTracking-service/main-cluster/my-app-service-AlarmHigh-441c884d-5956-452c-baf4-ff1891afdf6f",
              "arn:aws:cloudwatch:us-east-1:931174280450:alarm:TargetTracking-service/main-cluster/my-app-service-AlarmLow-37433003-f5d4-4adf-b0da-6229d033b933"
            ],
            "arn": "arn:aws:autoscaling:us-east-1:931174280450:scalingPolicy:63b956ab-f93b-4c24-a7f3-d7334247cd7e:resource/ecs/service/main-cluster/my-app-service:policyName/cpu-scaling",
            "id": "cpu-scaling",
            "name": "cpu-scaling",
            "policy_type": "TargetTrackingScaling",
            "resource_id": "service/main-cluster/my-app-service",
            "scalable_dimension": "ecs:service:DesiredCount",
            "service_namespace": "ecs",
            "step_scaling_policy_configuration": [],
            "target_tracking_scaling_policy_configuration": [
              {
                "customized_metric_specification": [],
                "disable_scale_in": false,
                "predefined_metric_specification": [
                  {
                    "predefined_metric_type": "ECSServiceAverageCPUUtilization",
                    "resource_label": ""
                  }
                ],
                "scale_in_cooldown": 0,
                "scale_out_cooldown": 0,
                "target_value": 70
              }
            ]
          },
          "sensitive_attributes": [],
          "identity_schema_version": 0,
          "private": "bnVsbA==",
          "dependencies": [
            "aws_appautoscaling_target.ecs_target",
            "aws_cloudwatch_log_group.ecs_logs",
            "aws_db_instance.main",
            "aws_db_subnet_group.main",
            "aws_ecr_repository.app_repo",
            "aws_ecs_cluster.main",
            "aws_ecs_service.main",
            "aws_ecs_task_definition.app",
            "aws_iam_role.ecs_task_execution_role",
            "aws_iam_role.ecs_task_role",
            "aws_internet_gateway.igw",
            "aws_lb.main_alb",
            "aws_lb_listener.main_listener",
            "aws_lb_target_group.ecs_tg",
            "aws_s3_bucket.app_bucket",
            "aws_security_group.alb_sg",
            "aws_security_group.db_admin_sg",
            "aws_security_group.ecs_fargate_sg",
            "aws_security_group.rds_sg",
            "aws_subnet.private_db_az1",
            "aws_subnet.public_web_az1",
            "aws_subnet.public_web_az2",
            "aws_vpc.main",
            "data.aws_caller_identity.current",
            "data.aws_ecr_authorization_token.token",
            "docker_image.app_image",
            "docker_registry_image.app_registry_image"
          ]
        }
      ]
    },
    {
      "mode": "managed",
      "type": "aws_appautoscaling_policy",
      "name": "ecs_policy_memory",
      "provider": "provider[\"registry.terraform.io/hashicorp/aws\"]",
      "instances": [
        {
          "schema_version": 0,
          "attributes": {
            "alarm_arns": [
              "arn:aws:cloudwatch:us-east-1:931174280450:alarm:TargetTracking-service/main-cluster/my-app-service-AlarmHigh-40d00088-ad70-4c92-ae4f-e8972313246d",
              "arn:aws:cloudwatch:us-east-1:931174280450:alarm:TargetTracking-service/main-cluster/my-app-service-AlarmLow-c5cda0d8-8cf2-4bb0-9c15-d304e7b06604"
            ],
            "arn": "arn:aws:autoscaling:us-east-1:931174280450:scalingPolicy:63b956ab-f93b-4c24-a7f3-d7334247cd7e:resource/ecs/service/main-cluster/my-app-service:policyName/memory-scaling",
            "id": "memory-scaling",
            "name": "memory-scaling",
            "policy_type": "TargetTrackingScaling",
            "resource_id": "service/main-cluster/my-app-service",
            "scalable_dimension": "ecs:service:DesiredCount",
            "service_namespace": "ecs",
            "step_scaling_policy_configuration": [],
            "target_tracking_scaling_policy_configuration": [
              {
                "customized_metric_specification": [],
                "disable_scale_in": false,
                "predefined_metric_specification": [
                  {
                    "predefined_metric_type": "ECSServiceAverageMemoryUtilization",
                    "resource_label": ""
                  }
                ],
                "scale_in_cooldown": 0,
                "scale_out_cooldown": 0,
                "target_value": 80
              }
            ]
          },
          "sensitive_attributes": [],
          "identity_schema_version": 0,
          "private": "bnVsbA==",
          "dependencies": [
            "aws_appautoscaling_target.ecs_target",
            "aws_cloudwatch_log_group.ecs_logs",
            "aws_db_instance.main",
            "aws_db_subnet_group.main",
            "aws_ecr_repository.app_repo",
            "aws_ecs_cluster.main",
            "aws_ecs_service.main",
            "aws_ecs_task_definition.app",
            "aws_iam_role.ecs_task_execution_role",
            "aws_iam_role.ecs_task_role",
            "aws_internet_gateway.igw",
            "aws_lb.main_alb",
            "aws_lb_listener.main_listener",
            "aws_lb_target_group.ecs_tg",
            "aws_s3_bucket.app_bucket",
            "aws_security_group.alb_sg",
            "aws_security_group.db_admin_sg",
            "aws_security_group.ecs_fargate_sg",
            "aws_security_group.rds_sg",
            "aws_subnet.private_db_az1",
            "aws_subnet.public_web_az1",
            "aws_subnet.public_web_az2",
            "aws_vpc.main",
            "data.aws_caller_identity.current",
            "data.aws_ecr_authorization_token.token",
            "docker_image.app_image",
            "docker_registry_image.app_registry_image"
          ]
        }
      ]
    },
    {
      "mode": "managed",
      "type": "aws_appautoscaling_target",
      "name": "ecs_target",
      "provider": "provider[\"registry.terraform.io/hashicorp/aws\"]",
      "instances": [
        {
          "schema_version": 0,
          "attributes": {
            "arn": "arn:aws:application-autoscaling:us-east-1:931174280450:scalable-target/0ec563b956abf93b4c24a7f3d7334247cd7e",
            "id": "service/main-cluster/my-app-service",
            "max_capacity": 10,
            "min_capacity": 2,
            "resource_id": "service/main-cluster/my-app-service",
            "role_arn": "arn:aws:iam::931174280450:role/aws-service-role/ecs.application-autoscaling.amazonaws.com/AWSServiceRoleForApplicationAutoScaling_ECSService",
            "scalable_dimension": "ecs:service:DesiredCount",
            "service_namespace": "ecs",
            "suspended_state": [
              {
                "dynamic_scaling_in_suspended": false,
                "dynamic_scaling_out_suspended": false,
                "scheduled_scaling_suspended": false
              }
            ],
            "tags": {},
            "tags_all": {}
          },
          "sensitive_attributes": [],
          "identity_schema_version": 0,
          "private": "bnVsbA==",
          "dependencies": [
            "aws_cloudwatch_log_group.ecs_logs",
            "aws_db_instance.main",
            "aws_db_subnet_group.main",
            "aws_ecr_repository.app_repo",
            "aws_ecs_cluster.main",
            "aws_ecs_service.main",
            "aws_ecs_task_definition.app",
            "aws_iam_role.ecs_task_execution_role",
            "aws_iam_role.ecs_task_role",
            "aws_internet_gateway.igw",
            "aws_lb.main_alb",
            "aws_lb_listener.main_listener",
            "aws_lb_target_group.ecs_tg",
            "aws_s3_bucket.app_bucket",
            "aws_security_group.alb_sg",
            "aws_security_group.db_admin_sg",
            "aws_security_group.ecs_fargate_sg",
            "aws_security_group.rds_sg",
            "aws_subnet.private_db_az1",
            "aws_subnet.public_web_az1",
            "aws_subnet.public_web_az2",
            "aws_vpc.main",
            "data.aws_caller_identity.current",
            "data.aws_ecr_authorization_token.token",
            "docker_image.app_image",
            "docker_registry_image.app_registry_image"
          ]
        }
      ]
    },
    {
      "mode": "managed",
      "type": "aws_cloudwatch_log_group",
      "name": "ecs_logs",
      "provider": "provider[\"registry.terraform.io/hashicorp/aws\"]",
      "instances": [
        {
          "schema_version": 0,
          "attributes": {
            "arn": "arn:aws:logs:us-east-1:931174280450:log-group:/ecs/my-app",
            "id": "/ecs/my-app",
            "kms_key_id": "",
            "log_group_class": "STANDARD",
            "name": "/ecs/my-app",
            "name_prefix": "",
            "retention_in_days": 14,
            "skip_destroy": false,
            "tags": {
              "Environment": "production",
              "Name": "ecs-logs"
            },
            "tags_all": {
              "Environment": "production",
              "Name": "ecs-logs"
            }
          },
          "sensitive_attributes": [],
          "identity_schema_version": 0,
          "private": "bnVsbA=="
        }
      ]
    },
    {
      "mode": "managed",
      "type": "aws_db_instance",
      "name": "main",
      "provider": "provider[\"registry.terraform.io/hashicorp/aws\"]",
      "instances": [
        {
          "schema_version": 2,
          "attributes": {
            "address": "my-app-database.cif4ogai21kj.us-east-1.rds.amazonaws.com",
            "allocated_storage": 20,
            "allow_major_version_upgrade": null,
            "apply_immediately": false,
            "arn": "arn:aws:rds:us-east-1:931174280450:db:my-app-database",
            "auto_minor_version_upgrade": true,
            "availability_zone": "us-east-1b",
            "backup_retention_period": 7,
            "backup_target": "region",
            "backup_window": "03:00-04:00",
            "blue_green_update": [],
            "ca_cert_identifier": "rds-ca-rsa2048-g1",
            "character_set_name": "",
            "copy_tags_to_snapshot": false,
            "custom_iam_instance_profile": "",
            "customer_owned_ip_enabled": false,
            "database_insights_mode": "standard",
            "db_name": "myapp",
            "db_subnet_group_name": "main-db-subnet-group",
            "dedicated_log_volume": false,
            "delete_automated_backups": true,
            "deletion_protection": false,
            "domain": "",
            "domain_auth_secret_arn": "",
            "domain_dns_ips": [],
            "domain_fqdn": "",
            "domain_iam_role_name": "",
            "domain_ou": "",
            "enabled_cloudwatch_logs_exports": [],
            "endpoint": "my-app-database.cif4ogai21kj.us-east-1.rds.amazonaws.com:3306",
            "engine": "mysql",
            "engine_lifecycle_support": "open-source-rds-extended-support",
            "engine_version": "8.0",
            "engine_version_actual": "8.0.41",
            "final_snapshot_identifier": null,
            "hosted_zone_id": "Z2R2ITUGPM61AM",
            "iam_database_authentication_enabled": false,
            "id": "db-USBZITZWT2OAEJXD4SSABBIZBY",
            "identifier": "my-app-database",
            "identifier_prefix": "",
            "instance_class": "db.t3.micro",
            "iops": 0,
            "kms_key_id": "arn:aws:kms:us-east-1:931174280450:key/49245d6a-9a32-4ba8-b14a-fa647a928660",
            "latest_restorable_time": "2025-07-01T09:45:00Z",
            "license_model": "general-public-license",
            "listener_endpoint": [],
            "maintenance_window": "sun:04:00-sun:05:00",
            "manage_master_user_password": null,
            "master_user_secret": [],
            "master_user_secret_kms_key_id": null,
            "max_allocated_storage": 20,
            "monitoring_interval": 0,
            "monitoring_role_arn": "",
            "multi_az": false,
            "nchar_character_set_name": "",
            "network_type": "IPV4",
            "option_group_name": "default:mysql-8-0",
            "parameter_group_name": "default.mysql8.0",
            "password": "myapp123",
            "password_wo": null,
            "password_wo_version": null,
            "performance_insights_enabled": false,
            "performance_insights_kms_key_id": "",
            "performance_insights_retention_period": 0,
            "port": 3306,
            "publicly_accessible": false,
            "replica_mode": "",
            "replicas": [],
            "replicate_source_db": "",
            "resource_id": "db-USBZITZWT2OAEJXD4SSABBIZBY",
            "restore_to_point_in_time": [],
            "s3_import": [],
            "skip_final_snapshot": true,
            "snapshot_identifier": null,
            "status": "available",
            "storage_encrypted": true,
            "storage_throughput": 0,
            "storage_type": "gp2",
            "tags": {
              "Environment": "production",
              "Name": "my-app-database"
            },
            "tags_all": {
              "Environment": "production",
              "Name": "my-app-database"
            },
            "timeouts": null,
            "timezone": "",
            "upgrade_storage_config": null,
            "username": "admin",
            "vpc_security_group_ids": [
              "sg-0b953fb571c51a917"
            ]
          },
          "sensitive_attributes": [
            [
              {
                "type": "get_attr",
                "value": "password"
              }
            ],
            [
              {
                "type": "get_attr",
                "value": "password_wo"
              }
            ]
          ],
          "identity_schema_version": 0,
          "private": "eyJlMmJmYjczMC1lY2FhLTExZTYtOGY4OC0zNDM2M2JjN2M0YzAiOnsiY3JlYXRlIjozMDAwMDAwMDAwMDAwLCJkZWxldGUiOjM2MDAwMDAwMDAwMDAsInVwZGF0ZSI6NDgwMDAwMDAwMDAwMH0sInNjaGVtYV92ZXJzaW9uIjoiMiJ9",
          "dependencies": [
            "aws_db_subnet_group.main",
            "aws_security_group.alb_sg",
            "aws_security_group.db_admin_sg",
            "aws_security_group.ecs_fargate_sg",
            "aws_security_group.rds_sg",
            "aws_subnet.private_db_az1",
            "aws_vpc.main"
          ]
        }
      ]
    },
    {
      "mode": "managed",
      "type": "aws_db_subnet_group",
      "name": "main",
      "provider": "provider[\"registry.terraform.io/hashicorp/aws\"]",
      "instances": [
        {
          "schema_version": 0,
          "attributes": {
            "arn": "arn:aws:rds:us-east-1:931174280450:subgrp:main-db-subnet-group",
            "description": "Managed by Terraform",
            "id": "main-db-subnet-group",
            "name": "main-db-subnet-group",
            "name_prefix": "",
            "subnet_ids": [
              "subnet-00d0287ad6ec88884",
              "subnet-0bc38ed7818c9613a"
            ],
            "supported_network_types": [
              "IPV4"
            ],
            "tags": {
              "Name": "main-db-subnet-group"
            },
            "tags_all": {
              "Name": "main-db-subnet-group"
            },
            "vpc_id": "vpc-00c3bc5d23cd27ed8"
          },
          "sensitive_attributes": [],
          "identity_schema_version": 0,
          "private": "bnVsbA==",
          "dependencies": [
            "aws_subnet.private_db_az1",
            "aws_subnet.private_db_az2",
            "aws_vpc.main"
          ]
        }
      ]
    },
    {
      "mode": "managed",
      "type": "aws_ecr_repository",
      "name": "app_repo",
      "provider": "provider[\"registry.terraform.io/hashicorp/aws\"]",
      "instances": [
        {
          "schema_version": 0,
          "attributes": {
            "arn": "arn:aws:ecr:us-east-1:931174280450:repository/my-app",
            "encryption_configuration": [
              {
                "encryption_type": "AES256",
                "kms_key": ""
              }
            ],
            "force_delete": null,
            "id": "my-app",
            "image_scanning_configuration": [
              {
                "scan_on_push": true
              }
            ],
            "image_tag_mutability": "MUTABLE",
            "name": "my-app",
            "registry_id": "931174280450",
            "repository_url": "931174280450.dkr.ecr.us-east-1.amazonaws.com/my-app",
            "tags": {
              "Environment": "production",
              "Name": "my-app-repository"
            },
            "tags_all": {
              "Environment": "production",
              "Name": "my-app-repository"
            },
            "timeouts": null
          },
          "sensitive_attributes": [],
          "identity_schema_version": 0,
          "private": "eyJlMmJmYjczMC1lY2FhLTExZTYtOGY4OC0zNDM2M2JjN2M0YzAiOnsiZGVsZXRlIjoxMjAwMDAwMDAwMDAwfX0="
        }
      ]
    },
    {
      "mode": "managed",
      "type": "aws_ecs_cluster",
      "name": "main",
      "provider": "provider[\"registry.terraform.io/hashicorp/aws\"]",
      "instances": [
        {
          "schema_version": 0,
          "attributes": {
            "arn": "arn:aws:ecs:us-east-1:931174280450:cluster/main-cluster",
            "configuration": [],
            "id": "arn:aws:ecs:us-east-1:931174280450:cluster/main-cluster",
            "name": "main-cluster",
            "service_connect_defaults": [],
            "setting": [
              {
                "name": "containerInsights",
                "value": "enabled"
              }
            ],
            "tags": {
              "Name": "main-ecs-cluster"
            },
            "tags_all": {
              "Name": "main-ecs-cluster"
            }
          },
          "sensitive_attributes": [],
          "identity_schema_version": 0,
          "private": "bnVsbA=="
        }
      ]
    },
    {
      "mode": "managed",
      "type": "aws_ecs_service",
      "name": "main",
      "provider": "provider[\"registry.terraform.io/hashicorp/aws\"]",
      "instances": [
        {
          "schema_version": 1,
          "attributes": {
            "alarms": [],
            "availability_zone_rebalancing": "DISABLED",
            "capacity_provider_strategy": [],
            "cluster": "arn:aws:ecs:us-east-1:931174280450:cluster/main-cluster",
            "deployment_circuit_breaker": [
              {
                "enable": false,
                "rollback": false
              }
            ],
            "deployment_controller": [
              {
                "type": "ECS"
              }
            ],
            "deployment_maximum_percent": 200,
            "deployment_minimum_healthy_percent": 100,
            "desired_count": 2,
            "enable_ecs_managed_tags": false,
            "enable_execute_command": true,
            "force_delete": null,
            "force_new_deployment": null,
            "health_check_grace_period_seconds": 0,
            "iam_role": "/aws-service-role/ecs.amazonaws.com/AWSServiceRoleForECS",
            "id": "arn:aws:ecs:us-east-1:931174280450:service/main-cluster/my-app-service",
            "launch_type": "FARGATE",
            "load_balancer": [
              {
                "container_name": "my-app",
                "container_port": 5000,
                "elb_name": "",
                "target_group_arn": "arn:aws:elasticloadbalancing:us-east-1:931174280450:targetgroup/ecs-target-group/872438194ef12b38"
              }
            ],
            "name": "my-app-service",
            "network_configuration": [
              {
                "assign_public_ip": true,
                "security_groups": [
                  "sg-014ca06eb983c71a6"
                ],
                "subnets": [
                  "subnet-0988d43e7ebbab689",
                  "subnet-0e5cc4f5fddabedbd"
                ]
              }
            ],
            "ordered_placement_strategy": [],
            "placement_constraints": [],
            "platform_version": "LATEST",
            "propagate_tags": "NONE",
            "scheduling_strategy": "REPLICA",
            "service_connect_configuration": [],
            "service_registries": [],
            "tags": {
              "Environment": "production",
              "Name": "my-app-ecs-service"
            },
            "tags_all": {
              "Environment": "production",
              "Name": "my-app-ecs-service"
            },
            "task_definition": "arn:aws:ecs:us-east-1:931174280450:task-definition/my-app:20",
            "timeouts": null,
            "triggers": {},
            "volume_configuration": [],
            "vpc_lattice_configurations": [],
            "wait_for_steady_state": false
          },
          "sensitive_attributes": [],
          "identity_schema_version": 0,
          "private": "eyJlMmJmYjczMC1lY2FhLTExZTYtOGY4OC0zNDM2M2JjN2M0YzAiOnsiY3JlYXRlIjoxMjAwMDAwMDAwMDAwLCJkZWxldGUiOjEyMDAwMDAwMDAwMDAsInVwZGF0ZSI6MTIwMDAwMDAwMDAwMH0sInNjaGVtYV92ZXJzaW9uIjoiMSJ9",
          "dependencies": [
            "aws_cloudwatch_log_group.ecs_logs",
            "aws_db_instance.main",
            "aws_db_subnet_group.main",
            "aws_ecr_repository.app_repo",
            "aws_ecs_cluster.main",
            "aws_ecs_task_definition.app",
            "aws_iam_role.ecs_task_execution_role",
            "aws_iam_role.ecs_task_role",
            "aws_internet_gateway.igw",
            "aws_lb.main_alb",
            "aws_lb_listener.main_listener",
            "aws_lb_target_group.ecs_tg",
            "aws_s3_bucket.app_bucket",
            "aws_security_group.alb_sg",
            "aws_security_group.db_admin_sg",
            "aws_security_group.ecs_fargate_sg",
            "aws_security_group.rds_sg",
            "aws_subnet.private_db_az1",
            "aws_subnet.public_web_az1",
            "aws_subnet.public_web_az2",
            "aws_vpc.main",
            "data.aws_caller_identity.current",
            "data.aws_ecr_authorization_token.token",
            "docker_image.app_image",
            "docker_registry_image.app_registry_image"
          ]
        }
      ]
    },
    {
      "mode": "managed",
      "type": "aws_ecs_task_definition",
      "name": "app",
      "provider": "provider[\"registry.terraform.io/hashicorp/aws\"]",
      "instances": [
        {
          "schema_version": 1,
          "attributes": {
            "arn": "arn:aws:ecs:us-east-1:931174280450:task-definition/my-app:20",
            "arn_without_revision": "arn:aws:ecs:us-east-1:931174280450:task-definition/my-app",
            "container_definitions": "[{\"environment\":[{\"name\":\"AWS_DEFAULT_REGION\",\"value\":\"us-east-1\"},{\"name\":\"DB_HOST\",\"value\":\"my-app-database.cif4ogai21kj.us-east-1.rds.amazonaws.com:3306\"},{\"name\":\"DB_NAME\",\"value\":\"myapp\"},{\"name\":\"DB_PASSWORD\",\"value\":\"myapp123\"},{\"name\":\"DB_USERNAME\",\"value\":\"admin\"},{\"name\":\"FLASK_ENV\",\"value\":\"production\"},{\"name\":\"S3_BUCKET_NAME\",\"value\":\"my-app-bucket-kjshjh\"},{\"name\":\"S3_REGION\",\"value\":\"us-east-1\"}],\"essential\":true,\"healthCheck\":{\"command\":[\"CMD-SHELL\",\"curl -f http://localhost:5000/health || exit 1\"],\"interval\":30,\"retries\":3,\"startPeriod\":60,\"timeout\":5},\"image\":\"931174280450.dkr.ecr.us-east-1.amazonaws.com/my-app:latest\",\"linuxParameters\":{\"initProcessEnabled\":true},\"logConfiguration\":{\"logDriver\":\"awslogs\",\"options\":{\"awslogs-stream-prefix\":\"ecs\",\"awslogs-group\":\"/ecs/my-app\",\"awslogs-region\":\"us-east-1\"}},\"mountPoints\":[],\"name\":\"my-app\",\"portMappings\":[{\"containerPort\":5000,\"hostPort\":5000,\"protocol\":\"tcp\"}],\"systemControls\":[],\"volumesFrom\":[]}]",
            "cpu": "256",
            "enable_fault_injection": false,
            "ephemeral_storage": [],
            "execution_role_arn": "arn:aws:iam::931174280450:role/ecsTaskExecutionRole",
            "family": "my-app",
            "id": "my-app",
            "inference_accelerator": [],
            "ipc_mode": "",
            "memory": "512",
            "network_mode": "awsvpc",
            "pid_mode": "",
            "placement_constraints": [],
            "proxy_configuration": [],
            "requires_compatibilities": [
              "FARGATE"
            ],
            "revision": 20,
            "runtime_platform": [],
            "skip_destroy": false,
            "tags": {
              "Environment": "production",
              "Name": "my-app-task-definition"
            },
            "tags_all": {
              "Environment": "production",
              "Name": "my-app-task-definition"
            },
            "task_role_arn": "arn:aws:iam::931174280450:role/ecsTaskRole",
            "track_latest": false,
            "volume": []
          },
          "sensitive_attributes": [
            [
              {
                "type": "get_attr",
                "value": "container_definitions"
              }
            ]
          ],
          "identity_schema_version": 0,
          "private": "eyJzY2hlbWFfdmVyc2lvbiI6IjEifQ==",
          "dependencies": [
            "aws_cloudwatch_log_group.ecs_logs",
            "aws_db_instance.main",
            "aws_db_subnet_group.main",
            "aws_ecr_repository.app_repo",
            "aws_iam_role.ecs_task_execution_role",
            "aws_iam_role.ecs_task_role",
            "aws_s3_bucket.app_bucket",
            "aws_security_group.alb_sg",
            "aws_security_group.db_admin_sg",
            "aws_security_group.ecs_fargate_sg",
            "aws_security_group.rds_sg",
            "aws_subnet.private_db_az1",
            "aws_vpc.main",
            "data.aws_caller_identity.current",
            "data.aws_ecr_authorization_token.token",
            "docker_image.app_image",
            "docker_registry_image.app_registry_image"
          ]
        }
      ]
    },
    {
      "mode": "managed",
      "type": "aws_iam_instance_profile",
      "name": "db_admin_profile",
      "provider": "provider[\"registry.terraform.io/hashicorp/aws\"]",
      "instances": [
        {
          "schema_version": 0,
          "attributes": {
            "arn": "arn:aws:iam::931174280450:instance-profile/db-admin-profile",
            "create_date": "2025-07-01T08:11:08Z",
            "id": "db-admin-profile",
            "name": "db-admin-profile",
            "name_prefix": "",
            "path": "/",
            "role": "db-admin-role",
            "tags": {},
            "tags_all": {},
            "unique_id": "AIPA5RTSP5UBMLNLDXES2"
          },
          "sensitive_attributes": [],
          "identity_schema_version": 0,
          "private": "bnVsbA==",
          "dependencies": [
            "aws_iam_role.db_admin_role"
          ],
          "create_before_destroy": true
        }
      ]
    },
    {
      "mode": "managed",
      "type": "aws_iam_role",
      "name": "db_admin_role",
      "provider": "provider[\"registry.terraform.io/hashicorp/aws\"]",
      "instances": [
        {
          "schema_version": 0,
          "attributes": {
            "arn": "arn:aws:iam::931174280450:role/db-admin-role",
            "assume_role_policy": "{\"Statement\":[{\"Action\":\"sts:AssumeRole\",\"Effect\":\"Allow\",\"Principal\":{\"Service\":\"ec2.amazonaws.com\"}}],\"Version\":\"2012-10-17\"}",
            "create_date": "2025-07-01T08:11:06Z",
            "description": "",
            "force_detach_policies": false,
            "id": "db-admin-role",
            "inline_policy": [],
            "managed_policy_arns": [
              "arn:aws:iam::aws:policy/AmazonSSMManagedInstanceCore"
            ],
            "max_session_duration": 3600,
            "name": "db-admin-role",
            "name_prefix": "",
            "path": "/",
            "permissions_boundary": "",
            "tags": {
              "Name": "db-admin-role"
            },
            "tags_all": {
              "Name": "db-admin-role"
            },
            "unique_id": "AROA5RTSP5UBB4CG6TA7N"
          },
          "sensitive_attributes": [],
          "identity_schema_version": 0,
          "private": "bnVsbA==",
          "create_before_destroy": true
        }
      ]
    },
    {
      "mode": "managed",
      "type": "aws_iam_role",
      "name": "ecs_task_execution_role",
      "provider": "provider[\"registry.terraform.io/hashicorp/aws\"]",
      "instances": [
        {
          "schema_version": 0,
          "attributes": {
            "arn": "arn:aws:iam::931174280450:role/ecsTaskExecutionRole",
            "assume_role_policy": "{\"Statement\":[{\"Action\":\"sts:AssumeRole\",\"Effect\":\"Allow\",\"Principal\":{\"Service\":\"ecs-tasks.amazonaws.com\"}}],\"Version\":\"2012-10-17\"}",
            "create_date": "2025-07-01T08:11:06Z",
            "description": "",
            "force_detach_policies": false,
            "id": "ecsTaskExecutionRole",
            "inline_policy": [],
            "managed_policy_arns": [
              "arn:aws:iam::aws:policy/service-role/AmazonECSTaskExecutionRolePolicy"
            ],
            "max_session_duration": 3600,
            "name": "ecsTaskExecutionRole",
            "name_prefix": "",
            "path": "/",
            "permissions_boundary": "",
            "tags": {},
            "tags_all": {},
            "unique_id": "AROA5RTSP5UBM6FVXFAWT"
          },
          "sensitive_attributes": [],
          "identity_schema_version": 0,
          "private": "bnVsbA=="
        }
      ]
    },
    {
      "mode": "managed",
      "type": "aws_iam_role",
      "name": "ecs_task_role",
      "provider": "provider[\"registry.terraform.io/hashicorp/aws\"]",
      "instances": [
        {
          "schema_version": 0,
          "attributes": {
            "arn": "arn:aws:iam::931174280450:role/ecsTaskRole",
            "assume_role_policy": "{\"Statement\":[{\"Action\":\"sts:AssumeRole\",\"Effect\":\"Allow\",\"Principal\":{\"Service\":\"ecs-tasks.amazonaws.com\"}}],\"Version\":\"2012-10-17\"}",
            "create_date": "2025-07-01T08:11:06Z",
            "description": "",
            "force_detach_policies": false,
            "id": "ecsTaskRole",
            "inline_policy": [
              {
                "name": "ecs-s3-access",
                "policy": "{\"Version\":\"2012-10-17\",\"Statement\":[{\"Action\":[\"s3:GetObject\",\"s3:PutObject\",\"s3:DeleteObject\",\"s3:ListBucket\"],\"Effect\":\"Allow\",\"Resource\":[\"arn:aws:s3:::my-app-bucket-kjshjh\",\"arn:aws:s3:::my-app-bucket-kjshjh/*\"]}]}"
              }
            ],
            "managed_policy_arns": [
              "arn:aws:iam::aws:policy/AmazonSSMManagedInstanceCore"
            ],
            "max_session_duration": 3600,
            "name": "ecsTaskRole",
            "name_prefix": "",
            "path": "/",
            "permissions_boundary": "",
            "tags": {},
            "tags_all": {},
            "unique_id": "AROA5RTSP5UBGUQA5WHHG"
          },
          "sensitive_attributes": [],
          "identity_schema_version": 0,
          "private": "bnVsbA=="
        }
      ]
    },
    {
      "mode": "managed",
      "type": "aws_iam_role_policy",
      "name": "ecs_s3_policy",
      "provider": "provider[\"registry.terraform.io/hashicorp/aws\"]",
      "instances": [
        {
          "schema_version": 0,
          "attributes": {
            "id": "ecsTaskRole:ecs-s3-access",
            "name": "ecs-s3-access",
            "name_prefix": "",
            "policy": "{\"Version\":\"2012-10-17\",\"Statement\":[{\"Action\":[\"s3:GetObject\",\"s3:PutObject\",\"s3:DeleteObject\",\"s3:ListBucket\"],\"Effect\":\"Allow\",\"Resource\":[\"arn:aws:s3:::my-app-bucket-kjshjh\",\"arn:aws:s3:::my-app-bucket-kjshjh/*\"]}]}",
            "role": "ecsTaskRole"
          },
          "sensitive_attributes": [],
          "identity_schema_version": 0,
          "private": "bnVsbA==",
          "dependencies": [
            "aws_iam_role.ecs_task_role",
            "aws_s3_bucket.app_bucket"
          ]
        }
      ]
    },
    {
      "mode": "managed",
      "type": "aws_iam_role_policy_attachment",
      "name": "db_admin_ssm_policy",
      "provider": "provider[\"registry.terraform.io/hashicorp/aws\"]",
      "instances": [
        {
          "schema_version": 0,
          "attributes": {
            "id": "db-admin-role-20250701081105247700000002",
            "policy_arn": "arn:aws:iam::aws:policy/AmazonSSMManagedInstanceCore",
            "role": "db-admin-role"
          },
          "sensitive_attributes": [],
          "identity_schema_version": 0,
          "private": "bnVsbA==",
          "dependencies": [
            "aws_iam_role.db_admin_role"
          ]
        }
      ]
    },
    {
      "mode": "managed",
      "type": "aws_iam_role_policy_attachment",
      "name": "ecs_task_execution_role_policy",
      "provider": "provider[\"registry.terraform.io/hashicorp/aws\"]",
      "instances": [
        {
          "schema_version": 0,
          "attributes": {
            "id": "ecsTaskExecutionRole-20250701081105273300000003",
            "policy_arn": "arn:aws:iam::aws:policy/service-role/AmazonECSTaskExecutionRolePolicy",
            "role": "ecsTaskExecutionRole"
          },
          "sensitive_attributes": [],
          "identity_schema_version": 0,
          "private": "bnVsbA==",
          "dependencies": [
            "aws_iam_role.ecs_task_execution_role"
          ]
        }
      ]
    },
    {
      "mode": "managed",
      "type": "aws_iam_role_policy_attachment",
      "name": "ecs_task_ssm_policy",
      "provider": "provider[\"registry.terraform.io/hashicorp/aws\"]",
      "instances": [
        {
          "schema_version": 0,
          "attributes": {
            "id": "ecsTaskRole-20250701081105231400000001",
            "policy_arn": "arn:aws:iam::aws:policy/AmazonSSMManagedInstanceCore",
            "role": "ecsTaskRole"
          },
          "sensitive_attributes": [],
          "identity_schema_version": 0,
          "private": "bnVsbA==",
          "dependencies": [
            "aws_iam_role.ecs_task_role"
          ]
        }
      ]
    },
    {
      "mode": "managed",
      "type": "aws_instance",
      "name": "db_admin",
      "provider": "provider[\"registry.terraform.io/hashicorp/aws\"]",
      "instances": [
        {
          "schema_version": 1,
          "attributes": {
            "ami": "ami-0c6ebb5b9bce4ba15",
            "arn": "arn:aws:ec2:us-east-1:931174280450:instance/i-05507a68785508f4e",
            "associate_public_ip_address": true,
            "availability_zone": "us-east-1a",
            "capacity_reservation_specification": [
              {
                "capacity_reservation_preference": "open",
                "capacity_reservation_target": []
              }
            ],
            "cpu_core_count": 1,
            "cpu_options": [
              {
                "amd_sev_snp": "",
                "core_count": 1,
                "threads_per_core": 2
              }
            ],
            "cpu_threads_per_core": 2,
            "credit_specification": [
              {
                "cpu_credits": "unlimited"
              }
            ],
            "disable_api_stop": false,
            "disable_api_termination": false,
            "ebs_block_device": [],
            "ebs_optimized": false,
            "enable_primary_ipv6": null,
            "enclave_options": [
              {
                "enabled": false
              }
            ],
            "ephemeral_block_device": [],
            "get_password_data": false,
            "hibernation": false,
            "host_id": "",
            "host_resource_group_arn": null,
            "iam_instance_profile": "db-admin-profile",
            "id": "i-05507a68785508f4e",
            "instance_initiated_shutdown_behavior": "stop",
            "instance_lifecycle": "",
            "instance_market_options": [],
            "instance_state": "running",
            "instance_type": "t3.micro",
            "ipv6_address_count": 0,
            "ipv6_addresses": [],
            "key_name": "",
            "launch_template": [],
            "maintenance_options": [
              {
                "auto_recovery": "default"
              }
            ],
            "metadata_options": [
              {
                "http_endpoint": "enabled",
                "http_protocol_ipv6": "disabled",
                "http_put_response_hop_limit": 1,
                "http_tokens": "optional",
                "instance_metadata_tags": "disabled"
              }
            ],
            "monitoring": false,
            "network_interface": [],
            "outpost_arn": "",
            "password_data": "",
            "placement_group": "",
            "placement_partition_number": 0,
            "primary_network_interface_id": "eni-0c48c857bb8544d63",
            "private_dns": "ip-10-0-1-156.ec2.internal",
            "private_dns_name_options": [
              {
                "enable_resource_name_dns_a_record": false,
                "enable_resource_name_dns_aaaa_record": false,
                "hostname_type": "ip-name"
              }
            ],
            "private_ip": "10.0.1.156",
            "public_dns": "ec2-3-239-198-193.compute-1.amazonaws.com",
            "public_ip": "3.239.198.193",
            "root_block_device": [
              {
                "delete_on_termination": true,
                "device_name": "/dev/xvda",
                "encrypted": false,
                "iops": 100,
                "kms_key_id": "",
                "tags": {},
                "tags_all": {},
                "throughput": 0,
                "volume_id": "vol-03280b94bf64d34ee",
                "volume_size": 8,
                "volume_type": "gp2"
              }
            ],
            "secondary_private_ips": [],
            "security_groups": [],
            "source_dest_check": true,
            "spot_instance_request_id": "",
            "subnet_id": "subnet-0e5cc4f5fddabedbd",
            "tags": {
              "Environment": "production",
              "Name": "db-admin-instance",
              "Purpose": "RDS-access-via-SSM"
            },
            "tags_all": {
              "Environment": "production",
              "Name": "db-admin-instance",
              "Purpose": "RDS-access-via-SSM"
            },
            "tenancy": "default",
            "timeouts": null,
            "user_data": null,
            "user_data_base64": null,
            "user_data_replace_on_change": false,
            "volume_tags": null,
            "vpc_security_group_ids": [
              "sg-0fc898fe09b2c68c6"
            ]
          },
          "sensitive_attributes": [],
          "identity_schema_version": 0,
          "private": "eyJlMmJmYjczMC1lY2FhLTExZTYtOGY4OC0zNDM2M2JjN2M0YzAiOnsiY3JlYXRlIjo2MDAwMDAwMDAwMDAsImRlbGV0ZSI6MTIwMDAwMDAwMDAwMCwicmVhZCI6OTAwMDAwMDAwMDAwLCJ1cGRhdGUiOjYwMDAwMDAwMDAwMH0sInNjaGVtYV92ZXJzaW9uIjoiMSJ9",
          "dependencies": [
            "aws_iam_instance_profile.db_admin_profile",
            "aws_iam_role.db_admin_role",
            "aws_security_group.db_admin_sg",
            "aws_subnet.public_web_az1",
            "aws_vpc.main",
            "data.aws_ami.amazon_linux"
          ],
          "create_before_destroy": true
        }
      ]
    },
    {
      "mode": "managed",
      "type": "aws_internet_gateway",
      "name": "igw",
      "provider": "provider[\"registry.terraform.io/hashicorp/aws\"]",
      "instances": [
        {
          "schema_version": 0,
          "attributes": {
            "arn": "arn:aws:ec2:us-east-1:931174280450:internet-gateway/igw-0c96b342b8247e1d6",
            "id": "igw-0c96b342b8247e1d6",
            "owner_id": "931174280450",
            "tags": {
              "Name": "main-igw"
            },
            "tags_all": {
              "Name": "main-igw"
            },
            "timeouts": null,
            "vpc_id": "vpc-00c3bc5d23cd27ed8"
          },
          "sensitive_attributes": [],
          "identity_schema_version": 0,
          "private": "eyJlMmJmYjczMC1lY2FhLTExZTYtOGY4OC0zNDM2M2JjN2M0YzAiOnsiY3JlYXRlIjoxMjAwMDAwMDAwMDAwLCJkZWxldGUiOjEyMDAwMDAwMDAwMDAsInVwZGF0ZSI6MTIwMDAwMDAwMDAwMH19",
          "dependencies": [
            "aws_vpc.main"
          ]
        }
      ]
    },
    {
      "mode": "managed",
      "type": "aws_lb",
      "name": "main_alb",
      "provider": "provider[\"registry.terraform.io/hashicorp/aws\"]",
      "instances": [
        {
          "schema_version": 0,
          "attributes": {
            "access_logs": [
              {
                "bucket": "",
                "enabled": false,
                "prefix": ""
              }
            ],
            "arn": "arn:aws:elasticloadbalancing:us-east-1:931174280450:loadbalancer/app/main-alb/db70501449c5a3ad",
            "arn_suffix": "app/main-alb/db70501449c5a3ad",
            "client_keep_alive": 3600,
            "connection_logs": [
              {
                "bucket": "",
                "enabled": false,
                "prefix": ""
              }
            ],
            "customer_owned_ipv4_pool": "",
            "desync_mitigation_mode": "defensive",
            "dns_name": "main-alb-603642862.us-east-1.elb.amazonaws.com",
            "dns_record_client_routing_policy": null,
            "drop_invalid_header_fields": false,
            "enable_cross_zone_load_balancing": true,
            "enable_deletion_protection": false,
            "enable_http2": true,
            "enable_tls_version_and_cipher_suite_headers": false,
            "enable_waf_fail_open": false,
            "enable_xff_client_port": false,
            "enable_zonal_shift": false,
            "enforce_security_group_inbound_rules_on_private_link_traffic": "",
            "id": "arn:aws:elasticloadbalancing:us-east-1:931174280450:loadbalancer/app/main-alb/db70501449c5a3ad",
            "idle_timeout": 60,
            "internal": false,
            "ip_address_type": "ipv4",
            "ipam_pools": [],
            "load_balancer_type": "application",
            "minimum_load_balancer_capacity": [],
            "name": "main-alb",
            "name_prefix": "",
            "preserve_host_header": false,
            "security_groups": [
              "sg-0f69e4c769c43dbf4"
            ],
            "subnet_mapping": [
              {
                "allocation_id": "",
                "ipv6_address": "",
                "outpost_id": "",
                "private_ipv4_address": "",
                "subnet_id": "subnet-0988d43e7ebbab689"
              },
              {
                "allocation_id": "",
                "ipv6_address": "",
                "outpost_id": "",
                "private_ipv4_address": "",
                "subnet_id": "subnet-0e5cc4f5fddabedbd"
              }
            ],
            "subnets": [
              "subnet-0988d43e7ebbab689",
              "subnet-0e5cc4f5fddabedbd"
            ],
            "tags": {
              "Name": "main-alb"
            },
            "tags_all": {
              "Name": "main-alb"
            },
            "timeouts": null,
            "vpc_id": "vpc-00c3bc5d23cd27ed8",
            "xff_header_processing_mode": "append",
            "zone_id": "Z35SXDOTRQ7X7K"
          },
          "sensitive_attributes": [],
          "identity_schema_version": 0,
          "private": "eyJlMmJmYjczMC1lY2FhLTExZTYtOGY4OC0zNDM2M2JjN2M0YzAiOnsiY3JlYXRlIjo2MDAwMDAwMDAwMDAsImRlbGV0ZSI6NjAwMDAwMDAwMDAwLCJ1cGRhdGUiOjYwMDAwMDAwMDAwMH19",
          "dependencies": [
            "aws_internet_gateway.igw",
            "aws_security_group.alb_sg",
            "aws_subnet.public_web_az1",
            "aws_subnet.public_web_az2",
            "aws_vpc.main"
          ]
        }
      ]
    },
    {
      "mode": "managed",
      "type": "aws_lb_listener",
      "name": "main_listener",
      "provider": "provider[\"registry.terraform.io/hashicorp/aws\"]",
      "instances": [
        {
          "schema_version": 0,
          "attributes": {
            "alpn_policy": null,
            "arn": "arn:aws:elasticloadbalancing:us-east-1:931174280450:listener/app/main-alb/db70501449c5a3ad/71026fef5b2c7096",
            "certificate_arn": null,
            "default_action": [
              {
                "authenticate_cognito": [],
                "authenticate_oidc": [],
                "fixed_response": [],
                "forward": [],
                "order": 1,
                "redirect": [],
                "target_group_arn": "arn:aws:elasticloadbalancing:us-east-1:931174280450:targetgroup/ecs-target-group/872438194ef12b38",
                "type": "forward"
              }
            ],
            "id": "arn:aws:elasticloadbalancing:us-east-1:931174280450:listener/app/main-alb/db70501449c5a3ad/71026fef5b2c7096",
            "load_balancer_arn": "arn:aws:elasticloadbalancing:us-east-1:931174280450:loadbalancer/app/main-alb/db70501449c5a3ad",
            "mutual_authentication": [],
            "port": 80,
            "protocol": "HTTP",
            "routing_http_request_x_amzn_mtls_clientcert_header_name": null,
            "routing_http_request_x_amzn_mtls_clientcert_issuer_header_name": null,
            "routing_http_request_x_amzn_mtls_clientcert_leaf_header_name": null,
            "routing_http_request_x_amzn_mtls_clientcert_serial_number_header_name": null,
            "routing_http_request_x_amzn_mtls_clientcert_subject_header_name": null,
            "routing_http_request_x_amzn_mtls_clientcert_validity_header_name": null,
            "routing_http_request_x_amzn_tls_cipher_suite_header_name": null,
            "routing_http_request_x_amzn_tls_version_header_name": null,
            "routing_http_response_access_control_allow_credentials_header_value": "",
            "routing_http_response_access_control_allow_headers_header_value": "",
            "routing_http_response_access_control_allow_methods_header_value": "",
            "routing_http_response_access_control_allow_origin_header_value": "",
            "routing_http_response_access_control_expose_headers_header_value": "",
            "routing_http_response_access_control_max_age_header_value": "",
            "routing_http_response_content_security_policy_header_value": "",
            "routing_http_response_server_enabled": true,
            "routing_http_response_strict_transport_security_header_value": "",
            "routing_http_response_x_content_type_options_header_value": "",
            "routing_http_response_x_frame_options_header_value": "",
            "ssl_policy": "",
            "tags": {},
            "tags_all": {},
            "tcp_idle_timeout_seconds": null,
            "timeouts": null
          },
          "sensitive_attributes": [],
          "identity_schema_version": 0,
          "private": "eyJlMmJmYjczMC1lY2FhLTExZTYtOGY4OC0zNDM2M2JjN2M0YzAiOnsiY3JlYXRlIjozMDAwMDAwMDAwMDAsInVwZGF0ZSI6MzAwMDAwMDAwMDAwfX0=",
          "dependencies": [
            "aws_internet_gateway.igw",
            "aws_lb.main_alb",
            "aws_lb_target_group.ecs_tg",
            "aws_security_group.alb_sg",
            "aws_subnet.public_web_az1",
            "aws_subnet.public_web_az2",
            "aws_vpc.main"
          ]
        }
      ]
    },
    {
      "mode": "managed",
      "type": "aws_lb_target_group",
      "name": "ecs_tg",
      "provider": "provider[\"registry.terraform.io/hashicorp/aws\"]",
      "instances": [
        {
          "schema_version": 0,
          "attributes": {
            "arn": "arn:aws:elasticloadbalancing:us-east-1:931174280450:targetgroup/ecs-target-group/872438194ef12b38",
            "arn_suffix": "targetgroup/ecs-target-group/872438194ef12b38",
            "connection_termination": null,
            "deregistration_delay": "300",
            "health_check": [
              {
                "enabled": true,
                "healthy_threshold": 2,
                "interval": 30,
                "matcher": "200",
                "path": "/health",
                "port": "traffic-port",
                "protocol": "HTTP",
                "timeout": 5,
                "unhealthy_threshold": 2
              }
            ],
            "id": "arn:aws:elasticloadbalancing:us-east-1:931174280450:targetgroup/ecs-target-group/872438194ef12b38",
            "ip_address_type": "ipv4",
            "lambda_multi_value_headers_enabled": false,
            "load_balancer_arns": [
              "arn:aws:elasticloadbalancing:us-east-1:931174280450:loadbalancer/app/main-alb/db70501449c5a3ad"
            ],
            "load_balancing_algorithm_type": "round_robin",
            "load_balancing_anomaly_mitigation": "off",
            "load_balancing_cross_zone_enabled": "use_load_balancer_configuration",
            "name": "ecs-target-group",
            "name_prefix": "",
            "port": 5000,
            "preserve_client_ip": null,
            "protocol": "HTTP",
            "protocol_version": "HTTP1",
            "proxy_protocol_v2": false,
            "slow_start": 0,
            "stickiness": [
              {
                "cookie_duration": 86400,
                "cookie_name": "",
                "enabled": false,
                "type": "lb_cookie"
              }
            ],
            "tags": {
              "Name": "ecs-target-group"
            },
            "tags_all": {
              "Name": "ecs-target-group"
            },
            "target_failover": [
              {
                "on_deregistration": null,
                "on_unhealthy": null
              }
            ],
            "target_group_health": [
              {
                "dns_failover": [
                  {
                    "minimum_healthy_targets_count": "1",
                    "minimum_healthy_targets_percentage": "off"
                  }
                ],
                "unhealthy_state_routing": [
                  {
                    "minimum_healthy_targets_count": 1,
                    "minimum_healthy_targets_percentage": "off"
                  }
                ]
              }
            ],
            "target_health_state": [
              {
                "enable_unhealthy_connection_termination": null,
                "unhealthy_draining_interval": null
              }
            ],
            "target_type": "ip",
            "vpc_id": "vpc-00c3bc5d23cd27ed8"
          },
          "sensitive_attributes": [],
          "identity_schema_version": 0,
          "private": "bnVsbA==",
          "dependencies": [
            "aws_vpc.main"
          ]
        }
      ]
    },
    {
      "mode": "managed",
      "type": "aws_route_table",
      "name": "private_rt",
      "provider": "provider[\"registry.terraform.io/hashicorp/aws\"]",
      "instances": [
        {
          "schema_version": 0,
          "attributes": {
            "arn": "arn:aws:ec2:us-east-1:931174280450:route-table/rtb-0f71d7856a2640298",
            "id": "rtb-0f71d7856a2640298",
            "owner_id": "931174280450",
            "propagating_vgws": [],
            "route": [],
            "tags": {
              "Name": "private-route-table"
            },
            "tags_all": {
              "Name": "private-route-table"
            },
            "timeouts": null,
            "vpc_id": "vpc-00c3bc5d23cd27ed8"
          },
          "sensitive_attributes": [],
          "identity_schema_version": 0,
          "private": "eyJlMmJmYjczMC1lY2FhLTExZTYtOGY4OC0zNDM2M2JjN2M0YzAiOnsiY3JlYXRlIjozMDAwMDAwMDAwMDAsImRlbGV0ZSI6MzAwMDAwMDAwMDAwLCJ1cGRhdGUiOjEyMDAwMDAwMDAwMH19",
          "dependencies": [
            "aws_vpc.main"
          ]
        }
      ]
    },
    {
      "mode": "managed",
      "type": "aws_route_table",
      "name": "public_rt",
      "provider": "provider[\"registry.terraform.io/hashicorp/aws\"]",
      "instances": [
        {
          "schema_version": 0,
          "attributes": {
            "arn": "arn:aws:ec2:us-east-1:931174280450:route-table/rtb-0b17a2e825935a792",
            "id": "rtb-0b17a2e825935a792",
            "owner_id": "931174280450",
            "propagating_vgws": [],
            "route": [
              {
                "carrier_gateway_id": "",
                "cidr_block": "0.0.0.0/0",
                "core_network_arn": "",
                "destination_prefix_list_id": "",
                "egress_only_gateway_id": "",
                "gateway_id": "igw-0c96b342b8247e1d6",
                "ipv6_cidr_block": "",
                "local_gateway_id": "",
                "nat_gateway_id": "",
                "network_interface_id": "",
                "transit_gateway_id": "",
                "vpc_endpoint_id": "",
                "vpc_peering_connection_id": ""
              }
            ],
            "tags": {
              "Name": "public-route-table"
            },
            "tags_all": {
              "Name": "public-route-table"
            },
            "timeouts": null,
            "vpc_id": "vpc-00c3bc5d23cd27ed8"
          },
          "sensitive_attributes": [],
          "identity_schema_version": 0,
          "private": "eyJlMmJmYjczMC1lY2FhLTExZTYtOGY4OC0zNDM2M2JjN2M0YzAiOnsiY3JlYXRlIjozMDAwMDAwMDAwMDAsImRlbGV0ZSI6MzAwMDAwMDAwMDAwLCJ1cGRhdGUiOjEyMDAwMDAwMDAwMH19",
          "dependencies": [
            "aws_internet_gateway.igw",
            "aws_vpc.main"
          ]
        }
      ]
    },
    {
      "mode": "managed",
      "type": "aws_route_table_association",
      "name": "private_db_az1_assoc",
      "provider": "provider[\"registry.terraform.io/hashicorp/aws\"]",
      "instances": [
        {
          "schema_version": 0,
          "attributes": {
            "gateway_id": "",
            "id": "rtbassoc-07322f9cfc6879fe4",
            "route_table_id": "rtb-0f71d7856a2640298",
            "subnet_id": "subnet-00d0287ad6ec88884",
            "timeouts": null
          },
          "sensitive_attributes": [],
          "identity_schema_version": 0,
          "private": "eyJlMmJmYjczMC1lY2FhLTExZTYtOGY4OC0zNDM2M2JjN2M0YzAiOnsiY3JlYXRlIjozMDAwMDAwMDAwMDAsImRlbGV0ZSI6MzAwMDAwMDAwMDAwLCJ1cGRhdGUiOjEyMDAwMDAwMDAwMH19",
          "dependencies": [
            "aws_route_table.private_rt",
            "aws_subnet.private_db_az1",
            "aws_vpc.main"
          ]
        }
      ]
    },
    {
      "mode": "managed",
      "type": "aws_route_table_association",
      "name": "public_web_az1_assoc",
      "provider": "provider[\"registry.terraform.io/hashicorp/aws\"]",
      "instances": [
        {
          "schema_version": 0,
          "attributes": {
            "gateway_id": "",
            "id": "rtbassoc-0b19f5f2e2f023033",
            "route_table_id": "rtb-0b17a2e825935a792",
            "subnet_id": "subnet-0e5cc4f5fddabedbd",
            "timeouts": null
          },
          "sensitive_attributes": [],
          "identity_schema_version": 0,
          "private": "eyJlMmJmYjczMC1lY2FhLTExZTYtOGY4OC0zNDM2M2JjN2M0YzAiOnsiY3JlYXRlIjozMDAwMDAwMDAwMDAsImRlbGV0ZSI6MzAwMDAwMDAwMDAwLCJ1cGRhdGUiOjEyMDAwMDAwMDAwMH19",
          "dependencies": [
            "aws_internet_gateway.igw",
            "aws_route_table.public_rt",
            "aws_subnet.public_web_az1",
            "aws_vpc.main"
          ]
        }
      ]
    },
    {
      "mode": "managed",
      "type": "aws_route_table_association",
      "name": "public_web_az2_assoc",
      "provider": "provider[\"registry.terraform.io/hashicorp/aws\"]",
      "instances": [
        {
          "schema_version": 0,
          "attributes": {
            "gateway_id": "",
            "id": "rtbassoc-06ee4086656eec272",
            "route_table_id": "rtb-0b17a2e825935a792",
            "subnet_id": "subnet-0988d43e7ebbab689",
            "timeouts": null
          },
          "sensitive_attributes": [],
          "identity_schema_version": 0,
          "private": "eyJlMmJmYjczMC1lY2FhLTExZTYtOGY4OC0zNDM2M2JjN2M0YzAiOnsiY3JlYXRlIjozMDAwMDAwMDAwMDAsImRlbGV0ZSI6MzAwMDAwMDAwMDAwLCJ1cGRhdGUiOjEyMDAwMDAwMDAwMH19",
          "dependencies": [
            "aws_internet_gateway.igw",
            "aws_route_table.public_rt",
            "aws_subnet.public_web_az2",
            "aws_vpc.main"
          ]
        }
      ]
    },
    {
      "mode": "managed",
      "type": "aws_s3_bucket",
      "name": "app_bucket",
      "provider": "provider[\"registry.terraform.io/hashicorp/aws\"]",
      "instances": [
        {
          "schema_version": 0,
          "attributes": {
            "acceleration_status": "",
            "acl": null,
            "arn": "arn:aws:s3:::my-app-bucket-kjshjh",
            "bucket": "my-app-bucket-kjshjh",
            "bucket_domain_name": "my-app-bucket-kjshjh.s3.amazonaws.com",
            "bucket_prefix": "",
            "bucket_regional_domain_name": "my-app-bucket-kjshjh.s3.us-east-1.amazonaws.com",
            "cors_rule": [
              {
                "allowed_headers": [
                  "*"
                ],
                "allowed_methods": [
                  "POST",
                  "GET",
                  "HEAD",
                  "DELETE",
                  "PUT"
                ],
                "allowed_origins": [
                  "*"
                ],
                "expose_headers": [
                  "ETag"
                ],
                "max_age_seconds": 3000
              }
            ],
            "force_destroy": false,
            "grant": [
              {
                "id": "",
                "permissions": [
                  "READ"
                ],
                "type": "Group",
                "uri": "http://acs.amazonaws.com/groups/global/AllUsers"
              },
              {
                "id": "81159ba19d7343dd8dc9523d652dad7f6728672f49a0204fb7ecef4aad87a4b5",
                "permissions": [
                  "FULL_CONTROL"
                ],
                "type": "CanonicalUser",
                "uri": ""
              }
            ],
            "hosted_zone_id": "Z3AQBSTGFYJSTF",
            "id": "my-app-bucket-kjshjh",
            "lifecycle_rule": [],
            "logging": [],
            "object_lock_configuration": [],
            "object_lock_enabled": false,
            "policy": "{\"Statement\":[{\"Action\":\"s3:GetObject\",\"Effect\":\"Allow\",\"Principal\":\"*\",\"Resource\":\"arn:aws:s3:::my-app-bucket-kjshjh/*\",\"Sid\":\"PublicReadGetObject\"}],\"Version\":\"2012-10-17\"}",
            "region": "us-east-1",
            "replication_configuration": [],
            "request_payer": "BucketOwner",
            "server_side_encryption_configuration": [
              {
                "rule": [
                  {
                    "apply_server_side_encryption_by_default": [
                      {
                        "kms_master_key_id": "",
                        "sse_algorithm": "AES256"
                      }
                    ],
                    "bucket_key_enabled": false
                  }
                ]
              }
            ],
            "tags": {
              "Name": "my-app-bucket"
            },
            "tags_all": {
              "Name": "my-app-bucket"
            },
            "timeouts": null,
            "versioning": [
              {
                "enabled": true,
                "mfa_delete": false
              }
            ],
            "website": [
              {
                "error_document": "error.html",
                "index_document": "index.html",
                "redirect_all_requests_to": "",
                "routing_rules": ""
              }
            ],
            "website_domain": "s3-website-us-east-1.amazonaws.com",
            "website_endpoint": "my-app-bucket-kjshjh.s3-website-us-east-1.amazonaws.com"
          },
          "sensitive_attributes": [],
          "identity_schema_version": 0,
          "private": "eyJlMmJmYjczMC1lY2FhLTExZTYtOGY4OC0zNDM2M2JjN2M0YzAiOnsiY3JlYXRlIjoxMjAwMDAwMDAwMDAwLCJkZWxldGUiOjM2MDAwMDAwMDAwMDAsInJlYWQiOjEyMDAwMDAwMDAwMDAsInVwZGF0ZSI6MTIwMDAwMDAwMDAwMH19"
        }
      ]
    },
    {
      "mode": "managed",
      "type": "aws_s3_bucket_acl",
      "name": "app_bucket_acl",
      "provider": "provider[\"registry.terraform.io/hashicorp/aws\"]",
      "instances": [
        {
          "schema_version": 0,
          "attributes": {
            "access_control_policy": [
              {
                "grant": [
                  {
                    "grantee": [
                      {
                        "display_name": "",
                        "email_address": "",
                        "id": "",
                        "type": "Group",
                        "uri": "http://acs.amazonaws.com/groups/global/AllUsers"
                      }
                    ],
                    "permission": "READ"
                  },
                  {
                    "grantee": [
                      {
                        "display_name": "shunhong0504",
                        "email_address": "",
                        "id": "81159ba19d7343dd8dc9523d652dad7f6728672f49a0204fb7ecef4aad87a4b5",
                        "type": "CanonicalUser",
                        "uri": ""
                      }
                    ],
                    "permission": "FULL_CONTROL"
                  }
                ],
                "owner": [
                  {
                    "display_name": "shunhong0504",
                    "id": "81159ba19d7343dd8dc9523d652dad7f6728672f49a0204fb7ecef4aad87a4b5"
                  }
                ]
              }
            ],
            "acl": "public-read",
            "bucket": "my-app-bucket-kjshjh",
            "expected_bucket_owner": "",
            "id": "my-app-bucket-kjshjh,public-read"
          },
          "sensitive_attributes": [],
          "identity_schema_version": 0,
          "private": "bnVsbA==",
          "dependencies": [
            "aws_s3_bucket.app_bucket",
            "aws_s3_bucket_ownership_controls.app_bucket_ownership",
            "aws_s3_bucket_public_access_block.app_bucket_pab"
          ]
        }
      ]
    },
    {
      "mode": "managed",
      "type": "aws_s3_bucket_cors_configuration",
      "name": "app_bucket_cors",
      "provider": "provider[\"registry.terraform.io/hashicorp/aws\"]",
      "instances": [
        {
          "schema_version": 0,
          "attributes": {
            "bucket": "my-app-bucket-kjshjh",
            "cors_rule": [
              {
                "allowed_headers": [
                  "*"
                ],
                "allowed_methods": [
                  "DELETE",
                  "GET",
                  "HEAD",
                  "POST",
                  "PUT"
                ],
                "allowed_origins": [
                  "*"
                ],
                "expose_headers": [
                  "ETag"
                ],
                "id": "",
                "max_age_seconds": 3000
              }
            ],
            "expected_bucket_owner": "",
            "id": "my-app-bucket-kjshjh"
          },
          "sensitive_attributes": [],
          "identity_schema_version": 0,
          "private": "bnVsbA==",
          "dependencies": [
            "aws_s3_bucket.app_bucket"
          ]
        }
      ]
    },
    {
      "mode": "managed",
      "type": "aws_s3_bucket_ownership_controls",
      "name": "app_bucket_ownership",
      "provider": "provider[\"registry.terraform.io/hashicorp/aws\"]",
      "instances": [
        {
          "schema_version": 0,
          "attributes": {
            "bucket": "my-app-bucket-kjshjh",
            "id": "my-app-bucket-kjshjh",
            "rule": [
              {
                "object_ownership": "BucketOwnerPreferred"
              }
            ]
          },
          "sensitive_attributes": [],
          "identity_schema_version": 0,
          "private": "bnVsbA==",
          "dependencies": [
            "aws_s3_bucket.app_bucket"
          ]
        }
      ]
    },
    {
      "mode": "managed",
      "type": "aws_s3_bucket_policy",
      "name": "app_bucket_policy",
      "provider": "provider[\"registry.terraform.io/hashicorp/aws\"]",
      "instances": [
        {
          "schema_version": 0,
          "attributes": {
            "bucket": "my-app-bucket-kjshjh",
            "id": "my-app-bucket-kjshjh",
            "policy": "{\"Statement\":[{\"Action\":\"s3:GetObject\",\"Effect\":\"Allow\",\"Principal\":\"*\",\"Resource\":\"arn:aws:s3:::my-app-bucket-kjshjh/*\",\"Sid\":\"PublicReadGetObject\"}],\"Version\":\"2012-10-17\"}"
          },
          "sensitive_attributes": [],
          "identity_schema_version": 0,
          "private": "bnVsbA==",
          "dependencies": [
            "aws_s3_bucket.app_bucket",
            "aws_s3_bucket_ownership_controls.app_bucket_ownership",
            "aws_s3_bucket_public_access_block.app_bucket_pab"
          ]
        }
      ]
    },
    {
      "mode": "managed",
      "type": "aws_s3_bucket_public_access_block",
      "name": "app_bucket_pab",
      "provider": "provider[\"registry.terraform.io/hashicorp/aws\"]",
      "instances": [
        {
          "schema_version": 0,
          "attributes": {
            "block_public_acls": false,
            "block_public_policy": false,
            "bucket": "my-app-bucket-kjshjh",
            "id": "my-app-bucket-kjshjh",
            "ignore_public_acls": false,
            "restrict_public_buckets": false
          },
          "sensitive_attributes": [],
          "identity_schema_version": 0,
          "private": "bnVsbA==",
          "dependencies": [
            "aws_s3_bucket.app_bucket",
            "aws_s3_bucket_ownership_controls.app_bucket_ownership"
          ]
        }
      ]
    },
    {
      "mode": "managed",
      "type": "aws_s3_bucket_server_side_encryption_configuration",
      "name": "app_bucket_encryption",
      "provider": "provider[\"registry.terraform.io/hashicorp/aws\"]",
      "instances": [
        {
          "schema_version": 0,
          "attributes": {
            "bucket": "my-app-bucket-kjshjh",
            "expected_bucket_owner": "",
            "id": "my-app-bucket-kjshjh",
            "rule": [
              {
                "apply_server_side_encryption_by_default": [
                  {
                    "kms_master_key_id": "",
                    "sse_algorithm": "AES256"
                  }
                ],
                "bucket_key_enabled": false
              }
            ]
          },
          "sensitive_attributes": [],
          "identity_schema_version": 0,
          "private": "bnVsbA==",
          "dependencies": [
            "aws_s3_bucket.app_bucket"
          ]
        }
      ]
    },
    {
      "mode": "managed",
      "type": "aws_s3_bucket_versioning",
      "name": "app_bucket_versioning",
      "provider": "provider[\"registry.terraform.io/hashicorp/aws\"]",
      "instances": [
        {
          "schema_version": 0,
          "attributes": {
            "bucket": "my-app-bucket-kjshjh",
            "expected_bucket_owner": "",
            "id": "my-app-bucket-kjshjh",
            "mfa": null,
            "versioning_configuration": [
              {
                "mfa_delete": "",
                "status": "Enabled"
              }
            ]
          },
          "sensitive_attributes": [],
          "identity_schema_version": 0,
          "private": "bnVsbA==",
          "dependencies": [
            "aws_s3_bucket.app_bucket"
          ]
        }
      ]
    },
    {
      "mode": "managed",
      "type": "aws_s3_bucket_website_configuration",
      "name": "app_bucket_website",
      "provider": "provider[\"registry.terraform.io/hashicorp/aws\"]",
      "instances": [
        {
          "schema_version": 0,
          "attributes": {
            "bucket": "my-app-bucket-kjshjh",
            "error_document": [
              {
                "key": "error.html"
              }
            ],
            "expected_bucket_owner": "",
            "id": "my-app-bucket-kjshjh",
            "index_document": [
              {
                "suffix": "index.html"
              }
            ],
            "redirect_all_requests_to": [],
            "routing_rule": [],
            "routing_rules": "",
            "website_domain": "s3-website-us-east-1.amazonaws.com",
            "website_endpoint": "my-app-bucket-kjshjh.s3-website-us-east-1.amazonaws.com"
          },
          "sensitive_attributes": [],
          "identity_schema_version": 0,
          "private": "bnVsbA==",
          "dependencies": [
            "aws_s3_bucket.app_bucket"
          ]
        }
      ]
    },
    {
      "mode": "managed",
      "type": "aws_security_group",
      "name": "alb_sg",
      "provider": "provider[\"registry.terraform.io/hashicorp/aws\"]",
      "instances": [
        {
          "schema_version": 1,
          "attributes": {
            "arn": "arn:aws:ec2:us-east-1:931174280450:security-group/sg-0f69e4c769c43dbf4",
            "description": "Security group for Application Load Balancer",
            "egress": [
              {
                "cidr_blocks": [
                  "0.0.0.0/0"
                ],
                "description": "",
                "from_port": 0,
                "ipv6_cidr_blocks": [],
                "prefix_list_ids": [],
                "protocol": "-1",
                "security_groups": [],
                "self": false,
                "to_port": 0
              }
            ],
            "id": "sg-0f69e4c769c43dbf4",
            "ingress": [
              {
                "cidr_blocks": [
                  "0.0.0.0/0"
                ],
                "description": "HTTP",
                "from_port": 80,
                "ipv6_cidr_blocks": [],
                "prefix_list_ids": [],
                "protocol": "tcp",
                "security_groups": [],
                "self": false,
                "to_port": 80
              },
              {
                "cidr_blocks": [
                  "0.0.0.0/0"
                ],
                "description": "HTTPS",
                "from_port": 443,
                "ipv6_cidr_blocks": [],
                "prefix_list_ids": [],
                "protocol": "tcp",
                "security_groups": [],
                "self": false,
                "to_port": 443
              }
            ],
            "name": "alb-security-group",
            "name_prefix": "",
            "owner_id": "931174280450",
            "revoke_rules_on_delete": false,
            "tags": {
              "Name": "alb-security-group"
            },
            "tags_all": {
              "Name": "alb-security-group"
            },
            "timeouts": null,
            "vpc_id": "vpc-00c3bc5d23cd27ed8"
          },
          "sensitive_attributes": [],
          "identity_schema_version": 0,
          "private": "eyJlMmJmYjczMC1lY2FhLTExZTYtOGY4OC0zNDM2M2JjN2M0YzAiOnsiY3JlYXRlIjo2MDAwMDAwMDAwMDAsImRlbGV0ZSI6OTAwMDAwMDAwMDAwfSwic2NoZW1hX3ZlcnNpb24iOiIxIn0=",
          "dependencies": [
            "aws_vpc.main"
          ]
        }
      ]
    },
    {
      "mode": "managed",
      "type": "aws_security_group",
      "name": "db_admin_sg",
      "provider": "provider[\"registry.terraform.io/hashicorp/aws\"]",
      "instances": [
        {
          "schema_version": 1,
          "attributes": {
            "arn": "arn:aws:ec2:us-east-1:931174280450:security-group/sg-0fc898fe09b2c68c6",
            "description": "Security group for database admin instance (SSM access only)",
            "egress": [
              {
                "cidr_blocks": [
                  "0.0.0.0/0"
                ],
                "description": "",
                "from_port": 0,
                "ipv6_cidr_blocks": [],
                "prefix_list_ids": [],
                "protocol": "-1",
                "security_groups": [],
                "self": false,
                "to_port": 0
              }
            ],
            "id": "sg-0fc898fe09b2c68c6",
            "ingress": [],
            "name": "db-admin-security-group",
            "name_prefix": "",
            "owner_id": "931174280450",
            "revoke_rules_on_delete": false,
            "tags": {
              "Name": "db-admin-security-group"
            },
            "tags_all": {
              "Name": "db-admin-security-group"
            },
            "timeouts": null,
            "vpc_id": "vpc-00c3bc5d23cd27ed8"
          },
          "sensitive_attributes": [],
          "identity_schema_version": 0,
          "private": "eyJlMmJmYjczMC1lY2FhLTExZTYtOGY4OC0zNDM2M2JjN2M0YzAiOnsiY3JlYXRlIjo2MDAwMDAwMDAwMDAsImRlbGV0ZSI6OTAwMDAwMDAwMDAwfSwic2NoZW1hX3ZlcnNpb24iOiIxIn0=",
          "dependencies": [
            "aws_vpc.main"
          ],
          "create_before_destroy": true
        }
      ]
    },
    {
      "mode": "managed",
      "type": "aws_security_group",
      "name": "ecs_fargate_sg",
      "provider": "provider[\"registry.terraform.io/hashicorp/aws\"]",
      "instances": [
        {
          "schema_version": 1,
          "attributes": {
            "arn": "arn:aws:ec2:us-east-1:931174280450:security-group/sg-014ca06eb983c71a6",
            "description": "Security group for ECS Fargate tasks",
            "egress": [
              {
                "cidr_blocks": [
                  "0.0.0.0/0"
                ],
                "description": "",
                "from_port": 0,
                "ipv6_cidr_blocks": [],
                "prefix_list_ids": [],
                "protocol": "-1",
                "security_groups": [],
                "self": false,
                "to_port": 0
              }
            ],
            "id": "sg-014ca06eb983c71a6",
            "ingress": [
              {
                "cidr_blocks": [],
                "description": "Flask app from ALB",
                "from_port": 5000,
                "ipv6_cidr_blocks": [],
                "prefix_list_ids": [],
                "protocol": "tcp",
                "security_groups": [
                  "sg-0f69e4c769c43dbf4"
                ],
                "self": false,
                "to_port": 5000
              }
            ],
            "name": "ecs-fargate-security-group",
            "name_prefix": "",
            "owner_id": "931174280450",
            "revoke_rules_on_delete": false,
            "tags": {
              "Name": "ecs-fargate-security-group"
            },
            "tags_all": {
              "Name": "ecs-fargate-security-group"
            },
            "timeouts": null,
            "vpc_id": "vpc-00c3bc5d23cd27ed8"
          },
          "sensitive_attributes": [],
          "identity_schema_version": 0,
          "private": "eyJlMmJmYjczMC1lY2FhLTExZTYtOGY4OC0zNDM2M2JjN2M0YzAiOnsiY3JlYXRlIjo2MDAwMDAwMDAwMDAsImRlbGV0ZSI6OTAwMDAwMDAwMDAwfSwic2NoZW1hX3ZlcnNpb24iOiIxIn0=",
          "dependencies": [
            "aws_security_group.alb_sg",
            "aws_vpc.main"
          ]
        }
      ]
    },
    {
      "mode": "managed",
      "type": "aws_security_group",
      "name": "rds_sg",
      "provider": "provider[\"registry.terraform.io/hashicorp/aws\"]",
      "instances": [
        {
          "schema_version": 1,
          "attributes": {
            "arn": "arn:aws:ec2:us-east-1:931174280450:security-group/sg-0b953fb571c51a917",
            "description": "Security group for RDS database",
            "egress": [],
            "id": "sg-0b953fb571c51a917",
            "ingress": [
              {
                "cidr_blocks": [],
                "description": "MySQL from ECS Fargate",
                "from_port": 3306,
                "ipv6_cidr_blocks": [],
                "prefix_list_ids": [],
                "protocol": "tcp",
                "security_groups": [
                  "sg-014ca06eb983c71a6"
                ],
                "self": false,
                "to_port": 3306
              },
              {
                "cidr_blocks": [],
                "description": "MySQL from database admin instance",
                "from_port": 3306,
                "ipv6_cidr_blocks": [],
                "prefix_list_ids": [],
                "protocol": "tcp",
                "security_groups": [
                  "sg-0fc898fe09b2c68c6"
                ],
                "self": false,
                "to_port": 3306
              }
            ],
            "name": "rds-security-group",
            "name_prefix": "",
            "owner_id": "931174280450",
            "revoke_rules_on_delete": false,
            "tags": {
              "Name": "rds-security-group"
            },
            "tags_all": {
              "Name": "rds-security-group"
            },
            "timeouts": null,
            "vpc_id": "vpc-00c3bc5d23cd27ed8"
          },
          "sensitive_attributes": [],
          "identity_schema_version": 0,
          "private": "eyJlMmJmYjczMC1lY2FhLTExZTYtOGY4OC0zNDM2M2JjN2M0YzAiOnsiY3JlYXRlIjo2MDAwMDAwMDAwMDAsImRlbGV0ZSI6OTAwMDAwMDAwMDAwfSwic2NoZW1hX3ZlcnNpb24iOiIxIn0=",
          "dependencies": [
            "aws_security_group.alb_sg",
            "aws_security_group.db_admin_sg",
            "aws_security_group.ecs_fargate_sg",
            "aws_vpc.main"
          ]
        }
      ]
    },
    {
      "mode": "managed",
      "type": "aws_security_group",
      "name": "vpc_endpoint_sg",
      "provider": "provider[\"registry.terraform.io/hashicorp/aws\"]",
      "instances": [
        {
          "schema_version": 1,
          "attributes": {
            "arn": "arn:aws:ec2:us-east-1:931174280450:security-group/sg-0e2393153a400240a",
            "description": "Security group for VPC endpoints",
            "egress": [
              {
                "cidr_blocks": [
                  "0.0.0.0/0"
                ],
                "description": "",
                "from_port": 0,
                "ipv6_cidr_blocks": [],
                "prefix_list_ids": [],
                "protocol": "-1",
                "security_groups": [],
                "self": false,
                "to_port": 0
              }
            ],
            "id": "sg-0e2393153a400240a",
            "ingress": [
              {
                "cidr_blocks": [
                  "10.0.0.0/16"
                ],
                "description": "",
                "from_port": 443,
                "ipv6_cidr_blocks": [],
                "prefix_list_ids": [],
                "protocol": "tcp",
                "security_groups": [],
                "self": false,
                "to_port": 443
              }
            ],
            "name": "vpc-endpoint-sg",
            "name_prefix": "",
            "owner_id": "931174280450",
            "revoke_rules_on_delete": false,
            "tags": {
              "Name": "vpc-endpoint-security-group"
            },
            "tags_all": {
              "Name": "vpc-endpoint-security-group"
            },
            "timeouts": null,
            "vpc_id": "vpc-00c3bc5d23cd27ed8"
          },
          "sensitive_attributes": [],
          "identity_schema_version": 0,
          "private": "eyJlMmJmYjczMC1lY2FhLTExZTYtOGY4OC0zNDM2M2JjN2M0YzAiOnsiY3JlYXRlIjo2MDAwMDAwMDAwMDAsImRlbGV0ZSI6OTAwMDAwMDAwMDAwfSwic2NoZW1hX3ZlcnNpb24iOiIxIn0=",
          "dependencies": [
            "aws_vpc.main"
          ]
        }
      ]
    },
    {
      "mode": "managed",
      "type": "aws_subnet",
      "name": "private_db_az1",
      "provider": "provider[\"registry.terraform.io/hashicorp/aws\"]",
      "instances": [
        {
          "schema_version": 1,
          "attributes": {
            "arn": "arn:aws:ec2:us-east-1:931174280450:subnet/subnet-00d0287ad6ec88884",
            "assign_ipv6_address_on_creation": false,
            "availability_zone": "us-east-1a",
            "availability_zone_id": "use1-az1",
            "cidr_block": "10.0.3.0/24",
            "customer_owned_ipv4_pool": "",
            "enable_dns64": false,
            "enable_lni_at_device_index": 0,
            "enable_resource_name_dns_a_record_on_launch": false,
            "enable_resource_name_dns_aaaa_record_on_launch": false,
            "id": "subnet-00d0287ad6ec88884",
            "ipv6_cidr_block": "",
            "ipv6_cidr_block_association_id": "",
            "ipv6_native": false,
            "map_customer_owned_ip_on_launch": false,
            "map_public_ip_on_launch": false,
            "outpost_arn": "",
            "owner_id": "931174280450",
            "private_dns_hostname_type_on_launch": "ip-name",
            "tags": {
              "Name": "private-db-az1"
            },
            "tags_all": {
              "Name": "private-db-az1"
            },
            "timeouts": null,
            "vpc_id": "vpc-00c3bc5d23cd27ed8"
          },
          "sensitive_attributes": [],
          "identity_schema_version": 0,
          "private": "eyJlMmJmYjczMC1lY2FhLTExZTYtOGY4OC0zNDM2M2JjN2M0YzAiOnsiY3JlYXRlIjo2MDAwMDAwMDAwMDAsImRlbGV0ZSI6MTIwMDAwMDAwMDAwMH0sInNjaGVtYV92ZXJzaW9uIjoiMSJ9",
          "dependencies": [
            "aws_vpc.main"
          ]
        }
      ]
    },
    {
      "mode": "managed",
      "type": "aws_subnet",
      "name": "private_db_az2",
      "provider": "provider[\"registry.terraform.io/hashicorp/aws\"]",
      "instances": [
        {
          "schema_version": 1,
          "attributes": {
            "arn": "arn:aws:ec2:us-east-1:931174280450:subnet/subnet-0bc38ed7818c9613a",
            "assign_ipv6_address_on_creation": false,
            "availability_zone": "us-east-1b",
            "availability_zone_id": "use1-az2",
            "cidr_block": "10.0.4.0/24",
            "customer_owned_ipv4_pool": "",
            "enable_dns64": false,
            "enable_lni_at_device_index": 0,
            "enable_resource_name_dns_a_record_on_launch": false,
            "enable_resource_name_dns_aaaa_record_on_launch": false,
            "id": "subnet-0bc38ed7818c9613a",
            "ipv6_cidr_block": "",
            "ipv6_cidr_block_association_id": "",
            "ipv6_native": false,
            "map_customer_owned_ip_on_launch": false,
            "map_public_ip_on_launch": false,
            "outpost_arn": "",
            "owner_id": "931174280450",
            "private_dns_hostname_type_on_launch": "ip-name",
            "tags": {
              "Name": "private-db-az2"
            },
            "tags_all": {
              "Name": "private-db-az2"
            },
            "timeouts": null,
            "vpc_id": "vpc-00c3bc5d23cd27ed8"
          },
          "sensitive_attributes": [],
          "identity_schema_version": 0,
          "private": "eyJlMmJmYjczMC1lY2FhLTExZTYtOGY4OC0zNDM2M2JjN2M0YzAiOnsiY3JlYXRlIjo2MDAwMDAwMDAwMDAsImRlbGV0ZSI6MTIwMDAwMDAwMDAwMH0sInNjaGVtYV92ZXJzaW9uIjoiMSJ9",
          "dependencies": [
            "aws_vpc.main"
          ]
        }
      ]
    },
    {
      "mode": "managed",
      "type": "aws_subnet",
      "name": "public_web_az1",
      "provider": "provider[\"registry.terraform.io/hashicorp/aws\"]",
      "instances": [
        {
          "schema_version": 1,
          "attributes": {
            "arn": "arn:aws:ec2:us-east-1:931174280450:subnet/subnet-0e5cc4f5fddabedbd",
            "assign_ipv6_address_on_creation": false,
            "availability_zone": "us-east-1a",
            "availability_zone_id": "use1-az1",
            "cidr_block": "10.0.1.0/24",
            "customer_owned_ipv4_pool": "",
            "enable_dns64": false,
            "enable_lni_at_device_index": 0,
            "enable_resource_name_dns_a_record_on_launch": false,
            "enable_resource_name_dns_aaaa_record_on_launch": false,
            "id": "subnet-0e5cc4f5fddabedbd",
            "ipv6_cidr_block": "",
            "ipv6_cidr_block_association_id": "",
            "ipv6_native": false,
            "map_customer_owned_ip_on_launch": false,
            "map_public_ip_on_launch": true,
            "outpost_arn": "",
            "owner_id": "931174280450",
            "private_dns_hostname_type_on_launch": "ip-name",
            "tags": {
              "Name": "public-web-az1"
            },
            "tags_all": {
              "Name": "public-web-az1"
            },
            "timeouts": null,
            "vpc_id": "vpc-00c3bc5d23cd27ed8"
          },
          "sensitive_attributes": [],
          "identity_schema_version": 0,
          "private": "eyJlMmJmYjczMC1lY2FhLTExZTYtOGY4OC0zNDM2M2JjN2M0YzAiOnsiY3JlYXRlIjo2MDAwMDAwMDAwMDAsImRlbGV0ZSI6MTIwMDAwMDAwMDAwMH0sInNjaGVtYV92ZXJzaW9uIjoiMSJ9",
          "dependencies": [
            "aws_vpc.main"
          ],
          "create_before_destroy": true
        }
      ]
    },
    {
      "mode": "managed",
      "type": "aws_subnet",
      "name": "public_web_az2",
      "provider": "provider[\"registry.terraform.io/hashicorp/aws\"]",
      "instances": [
        {
          "schema_version": 1,
          "attributes": {
            "arn": "arn:aws:ec2:us-east-1:931174280450:subnet/subnet-0988d43e7ebbab689",
            "assign_ipv6_address_on_creation": false,
            "availability_zone": "us-east-1b",
            "availability_zone_id": "use1-az2",
            "cidr_block": "10.0.2.0/24",
            "customer_owned_ipv4_pool": "",
            "enable_dns64": false,
            "enable_lni_at_device_index": 0,
            "enable_resource_name_dns_a_record_on_launch": false,
            "enable_resource_name_dns_aaaa_record_on_launch": false,
            "id": "subnet-0988d43e7ebbab689",
            "ipv6_cidr_block": "",
            "ipv6_cidr_block_association_id": "",
            "ipv6_native": false,
            "map_customer_owned_ip_on_launch": false,
            "map_public_ip_on_launch": true,
            "outpost_arn": "",
            "owner_id": "931174280450",
            "private_dns_hostname_type_on_launch": "ip-name",
            "tags": {
              "Name": "public-web-az2"
            },
            "tags_all": {
              "Name": "public-web-az2"
            },
            "timeouts": null,
            "vpc_id": "vpc-00c3bc5d23cd27ed8"
          },
          "sensitive_attributes": [],
          "identity_schema_version": 0,
          "private": "eyJlMmJmYjczMC1lY2FhLTExZTYtOGY4OC0zNDM2M2JjN2M0YzAiOnsiY3JlYXRlIjo2MDAwMDAwMDAwMDAsImRlbGV0ZSI6MTIwMDAwMDAwMDAwMH0sInNjaGVtYV92ZXJzaW9uIjoiMSJ9",
          "dependencies": [
            "aws_vpc.main"
          ]
        }
      ]
    },
    {
      "mode": "managed",
      "type": "aws_vpc",
      "name": "main",
      "provider": "provider[\"registry.terraform.io/hashicorp/aws\"]",
      "instances": [
        {
          "schema_version": 1,
          "attributes": {
            "arn": "arn:aws:ec2:us-east-1:931174280450:vpc/vpc-00c3bc5d23cd27ed8",
            "assign_generated_ipv6_cidr_block": false,
            "cidr_block": "10.0.0.0/16",
            "default_network_acl_id": "acl-089b9ec776d1134ce",
            "default_route_table_id": "rtb-0de3223d4aa1f59b6",
            "default_security_group_id": "sg-09d3f7fe15f6fc3fe",
            "dhcp_options_id": "dopt-0ffaa0567eb20990d",
            "enable_dns_hostnames": true,
            "enable_dns_support": true,
            "enable_network_address_usage_metrics": false,
            "id": "vpc-00c3bc5d23cd27ed8",
            "instance_tenancy": "default",
            "ipv4_ipam_pool_id": null,
            "ipv4_netmask_length": null,
            "ipv6_association_id": "",
            "ipv6_cidr_block": "",
            "ipv6_cidr_block_network_border_group": "",
            "ipv6_ipam_pool_id": "",
            "ipv6_netmask_length": 0,
            "main_route_table_id": "rtb-0de3223d4aa1f59b6",
            "owner_id": "931174280450",
            "tags": {
              "Environment": "production",
              "Name": "my-app-vpc"
            },
            "tags_all": {
              "Environment": "production",
              "Name": "my-app-vpc"
            }
          },
          "sensitive_attributes": [],
          "identity_schema_version": 0,
          "private": "eyJzY2hlbWFfdmVyc2lvbiI6IjEifQ==",
          "create_before_destroy": true
        }
      ]
    },
    {
      "mode": "managed",
      "type": "aws_vpc_endpoint",
      "name": "ec2messages",
      "provider": "provider[\"registry.terraform.io/hashicorp/aws\"]",
      "instances": [
        {
          "schema_version": 0,
          "attributes": {
            "arn": "arn:aws:ec2:us-east-1:931174280450:vpc-endpoint/vpce-02cad9892ed068055",
            "auto_accept": null,
            "cidr_blocks": [],
            "dns_entry": [
              {
                "dns_name": "vpce-02cad9892ed068055-mgkmdujl.ec2messages.us-east-1.vpce.amazonaws.com",
                "hosted_zone_id": "Z7HUB22UULQXV"
              },
              {
                "dns_name": "vpce-02cad9892ed068055-mgkmdujl-us-east-1a.ec2messages.us-east-1.vpce.amazonaws.com",
                "hosted_zone_id": "Z7HUB22UULQXV"
              },
              {
                "dns_name": "vpce-02cad9892ed068055-mgkmdujl-us-east-1b.ec2messages.us-east-1.vpce.amazonaws.com",
                "hosted_zone_id": "Z7HUB22UULQXV"
              },
              {
                "dns_name": "ec2messages.us-east-1.amazonaws.com",
                "hosted_zone_id": "Z013979616AIULKGWHJ7K"
              }
            ],
            "dns_options": [
              {
                "dns_record_ip_type": "ipv4",
                "private_dns_only_for_inbound_resolver_endpoint": false
              }
            ],
            "id": "vpce-02cad9892ed068055",
            "ip_address_type": "ipv4",
            "network_interface_ids": [
              "eni-0758549b74ba8d497",
              "eni-0a0d09920d7fbc599"
            ],
            "owner_id": "931174280450",
            "policy": "{\"Statement\":[{\"Action\":\"*\",\"Effect\":\"Allow\",\"Principal\":\"*\",\"Resource\":\"*\"}]}",
            "prefix_list_id": null,
            "private_dns_enabled": true,
            "requester_managed": false,
            "resource_configuration_arn": "",
            "route_table_ids": [],
            "security_group_ids": [
              "sg-0e2393153a400240a"
            ],
            "service_name": "com.amazonaws.us-east-1.ec2messages",
            "service_network_arn": "",
            "service_region": "us-east-1",
            "state": "available",
            "subnet_configuration": [
              {
                "ipv4": "10.0.1.56",
                "ipv6": "",
                "subnet_id": "subnet-0e5cc4f5fddabedbd"
              },
              {
                "ipv4": "10.0.2.121",
                "ipv6": "",
                "subnet_id": "subnet-0988d43e7ebbab689"
              }
            ],
            "subnet_ids": [
              "subnet-0988d43e7ebbab689",
              "subnet-0e5cc4f5fddabedbd"
            ],
            "tags": {
              "Name": "ec2messages-vpc-endpoint"
            },
            "tags_all": {
              "Name": "ec2messages-vpc-endpoint"
            },
            "timeouts": null,
            "vpc_endpoint_type": "Interface",
            "vpc_id": "vpc-00c3bc5d23cd27ed8"
          },
          "sensitive_attributes": [],
          "identity_schema_version": 0,
          "private": "eyJlMmJmYjczMC1lY2FhLTExZTYtOGY4OC0zNDM2M2JjN2M0YzAiOnsiY3JlYXRlIjo2MDAwMDAwMDAwMDAsImRlbGV0ZSI6NjAwMDAwMDAwMDAwLCJ1cGRhdGUiOjYwMDAwMDAwMDAwMH19",
          "dependencies": [
            "aws_security_group.vpc_endpoint_sg",
            "aws_subnet.public_web_az1",
            "aws_subnet.public_web_az2",
            "aws_vpc.main"
          ]
        }
      ]
    },
    {
      "mode": "managed",
      "type": "aws_vpc_endpoint",
      "name": "ssm",
      "provider": "provider[\"registry.terraform.io/hashicorp/aws\"]",
      "instances": [
        {
          "schema_version": 0,
          "attributes": {
            "arn": "arn:aws:ec2:us-east-1:931174280450:vpc-endpoint/vpce-0be52bee92629315f",
            "auto_accept": null,
            "cidr_blocks": [],
            "dns_entry": [
              {
                "dns_name": "vpce-0be52bee92629315f-w6g3mc9y.ssm.us-east-1.vpce.amazonaws.com",
                "hosted_zone_id": "Z7HUB22UULQXV"
              },
              {
                "dns_name": "vpce-0be52bee92629315f-w6g3mc9y-us-east-1a.ssm.us-east-1.vpce.amazonaws.com",
                "hosted_zone_id": "Z7HUB22UULQXV"
              },
              {
                "dns_name": "vpce-0be52bee92629315f-w6g3mc9y-us-east-1b.ssm.us-east-1.vpce.amazonaws.com",
                "hosted_zone_id": "Z7HUB22UULQXV"
              },
              {
                "dns_name": "ssm.us-east-1.amazonaws.com",
                "hosted_zone_id": "Z013994610MKVC0I2L556"
              }
            ],
            "dns_options": [
              {
                "dns_record_ip_type": "ipv4",
                "private_dns_only_for_inbound_resolver_endpoint": false
              }
            ],
            "id": "vpce-0be52bee92629315f",
            "ip_address_type": "ipv4",
            "network_interface_ids": [
              "eni-05752c5a5748ebe54",
              "eni-095df5b27b3414a89"
            ],
            "owner_id": "931174280450",
            "policy": "{\"Statement\":[{\"Action\":\"*\",\"Effect\":\"Allow\",\"Principal\":\"*\",\"Resource\":\"*\"}]}",
            "prefix_list_id": null,
            "private_dns_enabled": true,
            "requester_managed": false,
            "resource_configuration_arn": "",
            "route_table_ids": [],
            "security_group_ids": [
              "sg-0e2393153a400240a"
            ],
            "service_name": "com.amazonaws.us-east-1.ssm",
            "service_network_arn": "",
            "service_region": "us-east-1",
            "state": "available",
            "subnet_configuration": [
              {
                "ipv4": "10.0.1.23",
                "ipv6": "",
                "subnet_id": "subnet-0e5cc4f5fddabedbd"
              },
              {
                "ipv4": "10.0.2.151",
                "ipv6": "",
                "subnet_id": "subnet-0988d43e7ebbab689"
              }
            ],
            "subnet_ids": [
              "subnet-0988d43e7ebbab689",
              "subnet-0e5cc4f5fddabedbd"
            ],
            "tags": {
              "Name": "ssm-vpc-endpoint"
            },
            "tags_all": {
              "Name": "ssm-vpc-endpoint"
            },
            "timeouts": null,
            "vpc_endpoint_type": "Interface",
            "vpc_id": "vpc-00c3bc5d23cd27ed8"
          },
          "sensitive_attributes": [],
          "identity_schema_version": 0,
          "private": "eyJlMmJmYjczMC1lY2FhLTExZTYtOGY4OC0zNDM2M2JjN2M0YzAiOnsiY3JlYXRlIjo2MDAwMDAwMDAwMDAsImRlbGV0ZSI6NjAwMDAwMDAwMDAwLCJ1cGRhdGUiOjYwMDAwMDAwMDAwMH19",
          "dependencies": [
            "aws_security_group.vpc_endpoint_sg",
            "aws_subnet.public_web_az1",
            "aws_subnet.public_web_az2",
            "aws_vpc.main"
          ]
        }
      ]
    },
    {
      "mode": "managed",
      "type": "aws_vpc_endpoint",
      "name": "ssmmessages",
      "provider": "provider[\"registry.terraform.io/hashicorp/aws\"]",
      "instances": [
        {
          "schema_version": 0,
          "attributes": {
            "arn": "arn:aws:ec2:us-east-1:931174280450:vpc-endpoint/vpce-049f33885c6864ca9",
            "auto_accept": null,
            "cidr_blocks": [],
            "dns_entry": [
              {
                "dns_name": "vpce-049f33885c6864ca9-js162vp6.ssmmessages.us-east-1.vpce.amazonaws.com",
                "hosted_zone_id": "Z7HUB22UULQXV"
              },
              {
                "dns_name": "vpce-049f33885c6864ca9-js162vp6-us-east-1a.ssmmessages.us-east-1.vpce.amazonaws.com",
                "hosted_zone_id": "Z7HUB22UULQXV"
              },
              {
                "dns_name": "vpce-049f33885c6864ca9-js162vp6-us-east-1b.ssmmessages.us-east-1.vpce.amazonaws.com",
                "hosted_zone_id": "Z7HUB22UULQXV"
              },
              {
                "dns_name": "ssmmessages.us-east-1.amazonaws.com",
                "hosted_zone_id": "Z01464182QEQPBUGDW5YV"
              }
            ],
            "dns_options": [
              {
                "dns_record_ip_type": "ipv4",
                "private_dns_only_for_inbound_resolver_endpoint": false
              }
            ],
            "id": "vpce-049f33885c6864ca9",
            "ip_address_type": "ipv4",
            "network_interface_ids": [
              "eni-0749514d5fe8ec20c",
              "eni-0f018b8c18cf18d7c"
            ],
            "owner_id": "931174280450",
            "policy": "{\"Statement\":[{\"Action\":\"*\",\"Effect\":\"Allow\",\"Principal\":\"*\",\"Resource\":\"*\"}]}",
            "prefix_list_id": null,
            "private_dns_enabled": true,
            "requester_managed": false,
            "resource_configuration_arn": "",
            "route_table_ids": [],
            "security_group_ids": [
              "sg-0e2393153a400240a"
            ],
            "service_name": "com.amazonaws.us-east-1.ssmmessages",
            "service_network_arn": "",
            "service_region": "us-east-1",
            "state": "available",
            "subnet_configuration": [
              {
                "ipv4": "10.0.1.76",
                "ipv6": "",
                "subnet_id": "subnet-0e5cc4f5fddabedbd"
              },
              {
                "ipv4": "10.0.2.199",
                "ipv6": "",
                "subnet_id": "subnet-0988d43e7ebbab689"
              }
            ],
            "subnet_ids": [
              "subnet-0988d43e7ebbab689",
              "subnet-0e5cc4f5fddabedbd"
            ],
            "tags": {
              "Name": "ssmmessages-vpc-endpoint"
            },
            "tags_all": {
              "Name": "ssmmessages-vpc-endpoint"
            },
            "timeouts": null,
            "vpc_endpoint_type": "Interface",
            "vpc_id": "vpc-00c3bc5d23cd27ed8"
          },
          "sensitive_attributes": [],
          "identity_schema_version": 0,
          "private": "eyJlMmJmYjczMC1lY2FhLTExZTYtOGY4OC0zNDM2M2JjN2M0YzAiOnsiY3JlYXRlIjo2MDAwMDAwMDAwMDAsImRlbGV0ZSI6NjAwMDAwMDAwMDAwLCJ1cGRhdGUiOjYwMDAwMDAwMDAwMH19",
          "dependencies": [
            "aws_security_group.vpc_endpoint_sg",
            "aws_subnet.public_web_az1",
            "aws_subnet.public_web_az2",
            "aws_vpc.main"
          ]
        }
      ]
    },
    {
      "mode": "managed",
      "type": "docker_image",
      "name": "app_image",
      "provider": "provider[\"registry.terraform.io/kreuzwerker/docker\"]",
      "instances": [
        {
          "schema_version": 0,
          "attributes": {
            "build": [
              {
                "auth_config": [],
                "build_args": {
                  "ENVIRONMENT": "production"
                },
                "build_id": "",
                "build_log_file": "",
                "builder": "",
                "cache_from": [],
                "cgroup_parent": "",
                "context": "./..",
                "cpu_period": 0,
                "cpu_quota": 0,
                "cpu_set_cpus": "",
                "cpu_set_mems": "",
                "cpu_shares": 0,
                "dockerfile": "Dockerfile",
                "extra_hosts": [],
                "force_remove": false,
                "isolation": "",
                "label": {},
                "labels": {},
                "memory": 0,
                "memory_swap": 0,
                "network_mode": "",
                "no_cache": false,
                "platform": "",
                "pull_parent": false,
                "remote_context": "",
                "remove": true,
                "secrets": [],
                "security_opt": [],
                "session_id": "",
                "shm_size": 0,
                "squash": false,
                "suppress_output": false,
                "tag": [],
                "target": "",
                "ulimit": [],
                "version": ""
              }
            ],
            "force_remove": null,
            "id": "sha256:e51642ce531de15250abda6ed6901099b9ebad23b5e5a08acdc789572c90eb63931174280450.dkr.ecr.us-east-1.amazonaws.com/my-app:latest",
            "image_id": "sha256:e51642ce531de15250abda6ed6901099b9ebad23b5e5a08acdc789572c90eb63",
            "keep_locally": null,
            "name": "931174280450.dkr.ecr.us-east-1.amazonaws.com/my-app:latest",
            "platform": null,
            "pull_triggers": null,
            "repo_digest": "931174280450.dkr.ecr.us-east-1.amazonaws.com/my-app@sha256:8ba9dc89392ea08ba8e8b8fe06c3d83e05d54723397c7ff2245db2fe86acee35",
            "timeouts": null,
            "triggers": {
              "dir_sha1": "8f96008f29f8d0963f403c155c404a82b5fdef52"
            }
          },
          "sensitive_attributes": [],
          "identity_schema_version": 0,
          "private": "eyJlMmJmYjczMC1lY2FhLTExZTYtOGY4OC0zNDM2M2JjN2M0YzAiOnsiY3JlYXRlIjoxMjAwMDAwMDAwMDAwLCJkZWxldGUiOjEyMDAwMDAwMDAwMDAsInVwZGF0ZSI6MTIwMDAwMDAwMDAwMH19",
          "dependencies": [
            "aws_ecr_repository.app_repo",
            "data.aws_caller_identity.current",
            "data.aws_ecr_authorization_token.token"
          ]
        }
      ]
    },
    {
      "mode": "managed",
      "type": "docker_registry_image",
      "name": "app_registry_image",
      "provider": "provider[\"registry.terraform.io/kreuzwerker/docker\"]",
      "instances": [
        {
          "schema_version": 0,
          "attributes": {
            "auth_config": [],
            "id": "sha256:8ba9dc89392ea08ba8e8b8fe06c3d83e05d54723397c7ff2245db2fe86acee35",
            "insecure_skip_verify": false,
            "keep_remotely": false,
            "name": "931174280450.dkr.ecr.us-east-1.amazonaws.com/my-app:latest",
            "sha256_digest": "sha256:8ba9dc89392ea08ba8e8b8fe06c3d83e05d54723397c7ff2245db2fe86acee35",
            "triggers": null
          },
          "sensitive_attributes": [],
          "identity_schema_version": 0,
          "private": "bnVsbA==",
          "dependencies": [
            "aws_ecr_repository.app_repo",
            "data.aws_caller_identity.current",
            "data.aws_ecr_authorization_token.token",
            "docker_image.app_image"
          ]
        }
      ]
    }
  ],
  "check_results": null
}
