{
  "version": 4,
  "terraform_version": "1.12.2",
  "serial": 474,
  "lineage": "12049ca7-b2b5-60c9-8c51-04ba179982a4",
  "outputs": {
    "alb_dns_name": {
      "value": "main-alb-190156009.us-east-1.elb.amazonaws.com",
      "type": "string"
    },
    "cloudwatch_dashboard_url": {
      "value": "https://us-east-1.console.aws.amazon.com/cloudwatch/home?region=us-east-1#dashboards:name=my-app-monitoring-dashboard",
      "type": "string"
    },
    "db_admin_instance_id": {
      "value": "i-0e5f622895b540be0",
      "type": "string"
    },
    "ecr_repository_url": {
      "value": "931174280450.dkr.ecr.us-east-1.amazonaws.com/my-app",
      "type": "string"
    },
    "ecs_exec_commands": {
      "value": "# One-liner to connect to first available container:\r\nTASK_ID=$(aws ecs list-tasks --cluster main-cluster --service my-app-service --query 'taskArns[0]' --output text | cut -d'/' -f3) \u0026\u0026 aws ecs execute-command --cluster main-cluster --task $TASK_ID --container my-app --interactive --command \"/bin/bash\"\r\n    \r\n# Or step by step:\r\n# 1. List running tasks:\r\naws ecs list-tasks --cluster main-cluster --service my-app-service\r\n    \r\n# 2. Connect to specific task (replace TASK_ID):\r\naws ecs execute-command --cluster main-cluster --task TASK_ID --container my-app --interactive --command \"/bin/bash\"\r\n    \r\n# Example debugging commands inside container:\r\n# - Check application logs: cat /var/log/app.log\r\n# - Test database connection: mysql -h DB_HOST -u admin -p\r\n# - Check app health: curl http://localhost/\r\n# - View environment: env | grep DB_\r\n",
      "type": "string"
    },
    "monitoring_info": {
      "value": {
        "alarms_created": [
          "my-app-alb-high-response-time",
          "my-app-alb-5xx-errors",
          "my-app-alb-unhealthy-targets",
          "my-app-ecs-cpu-high",
          "my-app-ecs-memory-high",
          "my-app-ecs-running-tasks-low"
        ],
        "dashboard_name": "my-app-monitoring-dashboard",
        "email_alerts": "Disabled (no email provided)"
      },
      "type": [
        "object",
        {
          "alarms_created": [
            "tuple",
            [
              "string",
              "string",
              "string",
              "string",
              "string",
              "string"
            ]
          ],
          "dashboard_name": "string",
          "email_alerts": "string"
        }
      ]
    },
    "rds_connection_info": {
      "value": {
        "database": "myapp",
        "endpoint": "my-app-database.cif4ogai21kj.us-east-1.rds.amazonaws.com:3306",
        "port": 3306,
        "username": "admin"
      },
      "type": [
        "object",
        {
          "database": "string",
          "endpoint": "string",
          "port": "number",
          "username": "string"
        }
      ],
      "sensitive": true
    },
    "rds_endpoint": {
      "value": "my-app-database.cif4ogai21kj.us-east-1.rds.amazonaws.com:3306",
      "type": "string",
      "sensitive": true
    },
    "s3_bucket_name": {
      "value": "my-app-bucket-kjshjh",
      "type": "string"
    },
    "sns_topic_arn": {
      "value": "No email provided - alerts disabled",
      "type": "string"
    },
    "ssm_session_command": {
      "value": "aws ssm start-session --target i-0e5f622895b540be0",
      "type": "string"
    }
  },
  "resources": [
    {
      "mode": "data",
      "type": "aws_ami",
      "name": "amazon_linux",
      "provider": "provider[\"registry.terraform.io/hashicorp/aws\"]",
      "instances": [
        {
          "schema_version": 0,
          "attributes": {
            "architecture": "x86_64",
            "arn": "arn:aws:ec2:us-east-1::image/ami-0c6ebb5b9bce4ba15",
            "block_device_mappings": [
              {
                "device_name": "/dev/xvda",
                "ebs": {
                  "delete_on_termination": "true",
                  "encrypted": "false",
                  "iops": "0",
                  "snapshot_id": "snap-0c819b394123c6700",
                  "throughput": "0",
                  "volume_initialization_rate": "0",
                  "volume_size": "8",
                  "volume_type": "gp2"
                },
                "no_device": "",
                "virtual_name": ""
              }
            ],
            "boot_mode": "",
            "creation_date": "2025-06-20T08:42:15.000Z",
            "deprecation_time": "2025-09-18T08:42:00.000Z",
            "description": "Amazon Linux 2 AMI 2.0.20250623.0 x86_64 HVM gp2",
            "ena_support": true,
            "executable_users": null,
            "filter": [
              {
                "name": "name",
                "values": [
                  "amzn2-ami-hvm-*-x86_64-gp2"
                ]
              },
              {
                "name": "virtualization-type",
                "values": [
                  "hvm"
                ]
              }
            ],
            "hypervisor": "xen",
            "id": "ami-0c6ebb5b9bce4ba15",
            "image_id": "ami-0c6ebb5b9bce4ba15",
            "image_location": "amazon/amzn2-ami-hvm-2.0.20250623.0-x86_64-gp2",
            "image_owner_alias": "amazon",
            "image_type": "machine",
            "imds_support": "",
            "include_deprecated": false,
            "kernel_id": "",
            "last_launched_time": "",
            "most_recent": true,
            "name": "amzn2-ami-hvm-2.0.20250623.0-x86_64-gp2",
            "name_regex": null,
            "owner_id": "137112412989",
            "owners": [
              "amazon"
            ],
            "platform": "",
            "platform_details": "Linux/UNIX",
            "product_codes": [],
            "public": true,
            "ramdisk_id": "",
            "root_device_name": "/dev/xvda",
            "root_device_type": "ebs",
            "root_snapshot_id": "snap-0c819b394123c6700",
            "sriov_net_support": "simple",
            "state": "available",
            "state_reason": {
              "code": "UNSET",
              "message": "UNSET"
            },
            "tags": {},
            "timeouts": null,
            "tpm_support": "",
            "uefi_data": null,
            "usage_operation": "RunInstances",
            "virtualization_type": "hvm"
          },
          "sensitive_attributes": [],
          "identity_schema_version": 0
        }
      ]
    },
    {
      "mode": "data",
      "type": "aws_caller_identity",
      "name": "current",
      "provider": "provider[\"registry.terraform.io/hashicorp/aws\"]",
      "instances": [
        {
          "schema_version": 0,
          "attributes": {
            "account_id": "931174280450",
            "arn": "arn:aws:iam::931174280450:user/ShunHong",
            "id": "931174280450",
            "user_id": "AIDA5RTSP5UBAG5UUCZ5N"
          },
          "sensitive_attributes": [],
          "identity_schema_version": 0
        }
      ]
    },
    {
      "mode": "data",
      "type": "aws_ecr_authorization_token",
      "name": "token",
      "provider": "provider[\"registry.terraform.io/hashicorp/aws\"]",
      "instances": [
        {
          "schema_version": 0,
          "attributes": {
            "authorization_token": "QVdTOmV5SndZWGxzYjJGa0lqb2lhWFpTY0RGMGFIUjNkRE5yUWs0M1lucE1jek4zVm1FeldFWldhMFJvTlU1R1NVcHdkMFpDTWpOUGRuWlpiM0p2VUhBd2NYbDBkRmxOTmpOa2IxZGlRbEoyWldnMlVVSnJSRGxHTlVsWE1qbEZOMHhFVTFsMmFrcFZXbTUxSzFaUldqaFlOVGRMYUdGc2MwMVpiVXRHTW5GQmVVZENabU5rZEhVd01EbG1hRVpMZVVrM2FXUjVRalZqTUROV1N6UXlNV2RSTWpabFVqbFljM05QZFV0QlJUaGxNRmRGVjJkWmVGcFJWR1JsYUVJMVdGbzJZaTlNV0dnNE5rMUJiMjFVSzJvMGQwMXliMlJTYUhveGNYUTVZMUZLUmsxQlVVbEdkRk5hU0U5b1duUXljbkpUV2s1aVpWRXpZMkpYWlRjdlJHcHFTVGhJY2pGcFRVVklWemd6T1cxQk5WbDFOSFpEYVc1aFp5dHZiMnA0YlhsWmFrNU9TM0Z6UlhKWFdERmlRMlpNYm10WGJWSk1ORXR0ZW1wS0syZEhTRkF5UjJSSU16WktSamxJVnpSVk4wd3JlRFptVTBOSWFrczRORTFJZUZKdWNWaFdWWFZxSzNCYVF6QldWRlJLUnpaeFJFOXhVVmRzWm05RGFDOXhhVVl6YjFoUU1uZFliMEpoYXpGUWNEWktka0ZZTmxKNFZ5OTZWbGswVmpoVVZrODJSMmt2Ykc5cFRHWnVlbWQyVTJkU1VqWTBiRE5SZUVVNVpIaEZUbGszWkU5TWQwTkJhVGRMTTAxdmFXdzNlbWQwZVNzeFFtOVBkemxSVkVaWU5tOXNlbTE0VkZwc01tUndSVVZLWmxOVU1qTjRVM1JsYkhkdVNUSlhOazlJU21kYUwzRjZiM0ZSTUcxWFdVcE9lbkZZUTFsdk1uTXhaR1JZUldGTVNsaDZjMGhIWjB0RFRUTlhUbkpzVnpkSmRVbFJUa1o2T0hWM2VtUkZRM05EUTJFdlRXeFFOVXR3TURGVFRsTmtiRmxZY25wVGNHeEtSVVZpZVZkalRGTnBTMlE0UzFNemMwUXZiM05pTW5SamNFcG9PWE5WTUc1Sk9WSXpVMmQzY1ZCaGMyWk9VVFV5TXpSVmRGWlpTSHBDUXpCb2VtSjFObHBSVVhKa1pWTnBNRGRoVlU5TWMwVklTaXRKWWpnNU4yMHZTbW81TXl0aGNuSlljbEpwVlRaRFptUXlkVlIyVVdnclNIVlpVVFJYWkU5VlJIZHliek5FYVVOMWJrSk5SazVXUlhGTk4wNVdjbWd5VWxneWEzVTNURlZWWTFwTE5UYzBaRU5LWVhwU2VVMTNaMHRNZW5oeE1XaHRiWFJ4ZG1GTU5YZGthVUpSWkZWUU1XSnJkSEJ4U2tSMFIzTk5PV3QzU0hReVpteG5XRk5EZFVKQ1ZYTjNVSEE1VGtwRlRHZzRRbGhaUWxsaFlXSktRbVUxV1d0cFUyTXpaMll3WlZobE0wazFRV3hVZFVacFRVUkRZblZuUlc1SmEyOUNkVXBvZFhndlQxVm1kREJQTDNwTFEyTXlXa3R4WW5waVl6bEJTMjlrU1dwUlNFNUxRblJIY1UxbGVubHdZMGd5Y2xCUFUwczRSWGhhVG5kUU1UWmpPR1JUZUV4aGRDOXhSRlJyV0c5aFJYWnhVVTE0VlU5aWNIQk1UM2RPWkdkMVNGWjBWbkJNVUZWaE5WRlNjemRHZEdjemMyRTRla05wY0RCeVFtWjFWRzVWSzFSd05YY3pWbUl6WW5OMFprNUtORmcyYW5CWkwxbFVNbWxNUzFjeWJsUjRUV0pUUVZOa1UwZElTU0lzSW1SaGRHRnJaWGtpT2lKQlVVVkNRVWhvZDIwd1dXRkpVMHBsVW5SS2JUVnVNVWMyZFhGbFpXdFlkVzlZV0ZCbE5WVkdZMlU1VW5FNEx6RTBkMEZCUVVnMGQyWkJXVXBMYjFwSmFIWmpUa0ZSWTBkdlJ6aDNZbEZKUWtGRVFtOUNaMnR4YUd0cFJ6bDNNRUpDZDBWM1NHZFpTbGxKV2tsQlYxVkVRa0ZGZFUxQ1JVVkVTRFo0ZFN0UFoyUllZa05hT1dOcVYyZEpRa1ZKUVRkV09VNUdVSEkwYjJ0aVlTOUNkM1ZMTTBWdFRqRjBVMmxVWlhsVk1tbG1NblJGZGtOUE0ySjZUaTl3UTI1bGMydGtOekoyVEdkbU5YUnJRVFY1UTI5TVdVWnhNREZGYlVscllqVjJlVlpaUFNJc0luWmxjbk5wYjI0aU9pSXlJaXdpZEhsd1pTSTZJa1JCVkVGZlMwVlpJaXdpWlhod2FYSmhkR2x2YmlJNk1UYzFNVFF6TlRZd05YMD0=",
            "expires_at": "2025-07-02T05:53:25Z",
            "id": "us-east-1",
            "password": "eyJwYXlsb2FkIjoiaXZScDF0aHR3dDNrQk43YnpMczN3VmEzWEZWa0RoNU5GSUpwd0ZCMjNPdnZZb3JvUHAwcXl0dFlNNjNkb1diQlJ2ZWg2UUJrRDlGNUlXMjlFN0xEU1l2akpVWm51K1ZRWjhYNTdLaGFsc01ZbUtGMnFBeUdCZmNkdHUwMDlmaEZLeUk3aWR5QjVjMDNWSzQyMWdRMjZlUjlYc3NPdUtBRThlMFdFV2dZeFpRVGRlaEI1WFo2Yi9MWGg4Nk1Bb21UK2o0d01yb2RSaHoxcXQ5Y1FKRk1BUUlGdFNaSE9oWnQycnJTWk5iZVEzY2JXZTcvRGpqSThIcjFpTUVIVzgzOW1BNVl1NHZDaW5hZytvb2p4bXlZak5OS3FzRXJXWDFiQ2ZMbmtXbVJMNEttempKK2dHSFAyR2RIMzZKRjlIVzRVN0wreDZmU0NIaks4NE1IeFJucVhWVXVqK3BaQzBWVFRKRzZxRE9xUVdsZm9DaC9xaUYzb1hQMndYb0JhazFQcDZKdkFYNlJ4Vy96Vlk0VjhUVk82R2kvbG9pTGZuemd2U2dSUjY0bDNReEU5ZHhFTlk3ZE9Md0NBaTdLM01vaWw3emd0eSsxQm9PdzlRVEZYNm9sem14VFpsMmRwRUVKZlNUMjN4U3RlbHduSTJXNk9ISmdaL3F6b3FRMG1XWUpOenFYQ1lvMnMxZGRYRWFMSlh6c0hHZ0tDTTNXTnJsVzdJdUlRTkZ6OHV3emRFQ3NDQ2EvTWxQNUtwMDFTTlNkbFlYcnpTcGxKRUVieVdjTFNpS2Q4S1Mzc0Qvb3NiMnRjcEpoOXNVMG5JOVIzU2d3cVBhc2ZOUTUyMzRVdFZZSHpCQzBoemJ1NlpRUXJkZVNpMDdhVU9Mc0VISitJYjg5N20vSmo5MythcnJYclJpVTZDZmQydVR2UWgrSHVZUTRXZE9VRHdybzNEaUN1bkJNRk5WRXFNN05WcmgyUlgya3U3TFVVY1pLNTc0ZENKYXpSeU13Z0tMenhxMWhtbXRxdmFMNXdkaUJRZFVQMWJrdHBxSkR0R3NNOWt3SHQyZmxnWFNDdUJCVXN3UHA5TkpFTGg4QlhZQllhYWJKQmU1WWtpU2MzZ2YwZVhlM0k1QWxUdUZpTURDYnVnRW5Ja29CdUpodXgvT1VmdDBPL3pLQ2MyWktxYnpiYzlBS29kSWpRSE5LQnRHcU1lenlwY0gyclBPU0s4RXhaTndQMTZjOGRTeExhdC9xRFRrWG9hRXZxUU14VU9icHBMT3dOZGd1SFZ0VnBMUFVhNVFSczdGdGczc2E4ekNpcDByQmZ1VG5VK1RwNXczVmIzYnN0Zk5KNFg2anBZL1lUMmlMS1cyblR4TWJTQVNkU0dISSIsImRhdGFrZXkiOiJBUUVCQUhod20wWWFJU0plUnRKbTVuMUc2dXFlZWtYdW9YWFBlNVVGY2U5UnE4LzE0d0FBQUg0d2ZBWUpLb1pJaHZjTkFRY0dvRzh3YlFJQkFEQm9CZ2txaGtpRzl3MEJCd0V3SGdZSllJWklBV1VEQkFFdU1CRUVESDZ4dStPZ2RYYkNaOWNqV2dJQkVJQTdWOU5GUHI0b2tiYS9Cd3VLM0VtTjF0U2lUZXlVMmlmMnRFdkNPM2J6Ti9wQ25lc2tkNzJ2TGdmNXRrQTV5Q29MWUZxMDFFbUlrYjV2eVZZPSIsInZlcnNpb24iOiIyIiwidHlwZSI6IkRBVEFfS0VZIiwiZXhwaXJhdGlvbiI6MTc1MTQzNTYwNX0=",
            "proxy_endpoint": "https://931174280450.dkr.ecr.us-east-1.amazonaws.com",
            "registry_id": "931174280450",
            "user_name": "AWS"
          },
          "sensitive_attributes": [
            [
              {
                "type": "get_attr",
                "value": "authorization_token"
              }
            ],
            [
              {
                "type": "get_attr",
                "value": "password"
              }
            ]
          ],
          "identity_schema_version": 0
        }
      ]
    },
    {
      "mode": "managed",
      "type": "aws_appautoscaling_policy",
      "name": "ecs_policy_cpu",
      "provider": "provider[\"registry.terraform.io/hashicorp/aws\"]",
      "instances": [
        {
          "schema_version": 0,
          "attributes": {
            "alarm_arns": [
              "arn:aws:cloudwatch:us-east-1:931174280450:alarm:TargetTracking-service/main-cluster/my-app-service-AlarmHigh-7ae1b1fd-cae0-4876-9db3-714282b5839e",
              "arn:aws:cloudwatch:us-east-1:931174280450:alarm:TargetTracking-service/main-cluster/my-app-service-AlarmLow-cc782601-63cf-4961-85cd-4c6ed41c5360"
            ],
            "arn": "arn:aws:autoscaling:us-east-1:931174280450:scalingPolicy:d811ee17-8819-42e5-9d5f-71686e6db923:resource/ecs/service/main-cluster/my-app-service:policyName/cpu-scaling",
            "id": "cpu-scaling",
            "name": "cpu-scaling",
            "policy_type": "TargetTrackingScaling",
            "resource_id": "service/main-cluster/my-app-service",
            "scalable_dimension": "ecs:service:DesiredCount",
            "service_namespace": "ecs",
            "step_scaling_policy_configuration": [],
            "target_tracking_scaling_policy_configuration": [
              {
                "customized_metric_specification": [],
                "disable_scale_in": false,
                "predefined_metric_specification": [
                  {
                    "predefined_metric_type": "ECSServiceAverageCPUUtilization",
                    "resource_label": ""
                  }
                ],
                "scale_in_cooldown": 0,
                "scale_out_cooldown": 0,
                "target_value": 70
              }
            ]
          },
          "sensitive_attributes": [],
          "identity_schema_version": 0,
          "private": "bnVsbA==",
          "dependencies": [
            "aws_appautoscaling_target.ecs_target",
            "aws_cloudwatch_log_group.ecs_logs",
            "aws_db_instance.main",
            "aws_db_subnet_group.main",
            "aws_ecr_repository.app_repo",
            "aws_ecs_cluster.main",
            "aws_ecs_service.main",
            "aws_ecs_task_definition.app",
            "aws_iam_role.ecs_task_execution_role",
            "aws_iam_role.ecs_task_role",
            "aws_internet_gateway.igw",
            "aws_lb.main_alb",
            "aws_lb_listener.main_listener",
            "aws_lb_target_group.ecs_tg",
            "aws_s3_bucket.app_bucket",
            "aws_security_group.alb_sg",
            "aws_security_group.db_admin_sg",
            "aws_security_group.ecs_fargate_sg",
            "aws_security_group.rds_sg",
            "aws_subnet.private_db_az1",
            "aws_subnet.private_db_az2",
            "aws_subnet.public_web_az1",
            "aws_subnet.public_web_az2",
            "aws_vpc.main",
            "data.aws_caller_identity.current",
            "data.aws_ecr_authorization_token.token",
            "docker_image.app_image",
            "docker_registry_image.app_registry_image"
          ]
        }
      ]
    },
    {
      "mode": "managed",
      "type": "aws_appautoscaling_policy",
      "name": "ecs_policy_memory",
      "provider": "provider[\"registry.terraform.io/hashicorp/aws\"]",
      "instances": [
        {
          "schema_version": 0,
          "attributes": {
            "alarm_arns": [
              "arn:aws:cloudwatch:us-east-1:931174280450:alarm:TargetTracking-service/main-cluster/my-app-service-AlarmHigh-b1edf92f-c40d-444e-a3e5-49152e06d496",
              "arn:aws:cloudwatch:us-east-1:931174280450:alarm:TargetTracking-service/main-cluster/my-app-service-AlarmLow-f08e4a93-3703-4dfd-9f11-14f34bd62550"
            ],
            "arn": "arn:aws:autoscaling:us-east-1:931174280450:scalingPolicy:d811ee17-8819-42e5-9d5f-71686e6db923:resource/ecs/service/main-cluster/my-app-service:policyName/memory-scaling",
            "id": "memory-scaling",
            "name": "memory-scaling",
            "policy_type": "TargetTrackingScaling",
            "resource_id": "service/main-cluster/my-app-service",
            "scalable_dimension": "ecs:service:DesiredCount",
            "service_namespace": "ecs",
            "step_scaling_policy_configuration": [],
            "target_tracking_scaling_policy_configuration": [
              {
                "customized_metric_specification": [],
                "disable_scale_in": false,
                "predefined_metric_specification": [
                  {
                    "predefined_metric_type": "ECSServiceAverageMemoryUtilization",
                    "resource_label": ""
                  }
                ],
                "scale_in_cooldown": 0,
                "scale_out_cooldown": 0,
                "target_value": 80
              }
            ]
          },
          "sensitive_attributes": [],
          "identity_schema_version": 0,
          "private": "bnVsbA==",
          "dependencies": [
            "aws_appautoscaling_target.ecs_target",
            "aws_cloudwatch_log_group.ecs_logs",
            "aws_db_instance.main",
            "aws_db_subnet_group.main",
            "aws_ecr_repository.app_repo",
            "aws_ecs_cluster.main",
            "aws_ecs_service.main",
            "aws_ecs_task_definition.app",
            "aws_iam_role.ecs_task_execution_role",
            "aws_iam_role.ecs_task_role",
            "aws_internet_gateway.igw",
            "aws_lb.main_alb",
            "aws_lb_listener.main_listener",
            "aws_lb_target_group.ecs_tg",
            "aws_s3_bucket.app_bucket",
            "aws_security_group.alb_sg",
            "aws_security_group.db_admin_sg",
            "aws_security_group.ecs_fargate_sg",
            "aws_security_group.rds_sg",
            "aws_subnet.private_db_az1",
            "aws_subnet.private_db_az2",
            "aws_subnet.public_web_az1",
            "aws_subnet.public_web_az2",
            "aws_vpc.main",
            "data.aws_caller_identity.current",
            "data.aws_ecr_authorization_token.token",
            "docker_image.app_image",
            "docker_registry_image.app_registry_image"
          ]
        }
      ]
    },
    {
      "mode": "managed",
      "type": "aws_appautoscaling_target",
      "name": "ecs_target",
      "provider": "provider[\"registry.terraform.io/hashicorp/aws\"]",
      "instances": [
        {
          "schema_version": 0,
          "attributes": {
            "arn": "arn:aws:application-autoscaling:us-east-1:931174280450:scalable-target/0ec5d811ee17881942e59d5f71686e6db923",
            "id": "service/main-cluster/my-app-service",
            "max_capacity": 10,
            "min_capacity": 2,
            "resource_id": "service/main-cluster/my-app-service",
            "role_arn": "arn:aws:iam::931174280450:role/aws-service-role/ecs.application-autoscaling.amazonaws.com/AWSServiceRoleForApplicationAutoScaling_ECSService",
            "scalable_dimension": "ecs:service:DesiredCount",
            "service_namespace": "ecs",
            "suspended_state": [
              {
                "dynamic_scaling_in_suspended": false,
                "dynamic_scaling_out_suspended": false,
                "scheduled_scaling_suspended": false
              }
            ],
            "tags": {},
            "tags_all": {}
          },
          "sensitive_attributes": [],
          "identity_schema_version": 0,
          "private": "bnVsbA==",
          "dependencies": [
            "aws_cloudwatch_log_group.ecs_logs",
            "aws_db_instance.main",
            "aws_db_subnet_group.main",
            "aws_ecr_repository.app_repo",
            "aws_ecs_cluster.main",
            "aws_ecs_service.main",
            "aws_ecs_task_definition.app",
            "aws_iam_role.ecs_task_execution_role",
            "aws_iam_role.ecs_task_role",
            "aws_internet_gateway.igw",
            "aws_lb.main_alb",
            "aws_lb_listener.main_listener",
            "aws_lb_target_group.ecs_tg",
            "aws_s3_bucket.app_bucket",
            "aws_security_group.alb_sg",
            "aws_security_group.db_admin_sg",
            "aws_security_group.ecs_fargate_sg",
            "aws_security_group.rds_sg",
            "aws_subnet.private_db_az1",
            "aws_subnet.private_db_az2",
            "aws_subnet.public_web_az1",
            "aws_subnet.public_web_az2",
            "aws_vpc.main",
            "data.aws_caller_identity.current",
            "data.aws_ecr_authorization_token.token",
            "docker_image.app_image",
            "docker_registry_image.app_registry_image"
          ]
        }
      ]
    },
    {
      "mode": "managed",
      "type": "aws_cloudwatch_dashboard",
      "name": "main",
      "provider": "provider[\"registry.terraform.io/hashicorp/aws\"]",
      "instances": [
        {
          "schema_version": 0,
          "attributes": {
            "dashboard_arn": "arn:aws:cloudwatch::931174280450:dashboard/my-app-monitoring-dashboard",
            "dashboard_body": "{\"widgets\":[{\"height\":6,\"properties\":{\"metrics\":[[\"AWS/ApplicationELB\",\"RequestCount\",\"LoadBalancer\",\"app/main-alb/1517e912458ffd4c\"],[\".\",\"TargetResponseTime\",\".\",\".\"],[\".\",\"HTTPCode_Target_2XX_Count\",\".\",\".\"],[\".\",\"HTTPCode_ELB_5XX_Count\",\".\",\".\"]],\"period\":300,\"region\":\"us-east-1\",\"stacked\":false,\"title\":\"ALB Metrics\",\"view\":\"timeSeries\"},\"type\":\"metric\",\"width\":12,\"x\":0,\"y\":0},{\"height\":6,\"properties\":{\"metrics\":[[\"AWS/ApplicationELB\",\"HealthyHostCount\",\"TargetGroup\",\"targetgroup/ecs-target-group/f0182babb9f15622\"],[\".\",\"UnHealthyHostCount\",\".\",\".\"]],\"period\":300,\"region\":\"us-east-1\",\"stacked\":false,\"title\":\"Target Health\",\"view\":\"timeSeries\"},\"type\":\"metric\",\"width\":12,\"x\":12,\"y\":0},{\"height\":6,\"properties\":{\"metrics\":[[\"AWS/ECS\",\"CPUUtilization\",\"ServiceName\",\"my-app-service\",\"ClusterName\",\"main-cluster\"],[\".\",\"MemoryUtilization\",\".\",\".\",\".\",\".\"]],\"period\":300,\"region\":\"us-east-1\",\"stacked\":false,\"title\":\"ECS Resource Utilization\",\"view\":\"timeSeries\"},\"type\":\"metric\",\"width\":12,\"x\":0,\"y\":6},{\"height\":6,\"properties\":{\"metrics\":[[\"AWS/ECS\",\"RunningTaskCount\",\"ServiceName\",\"my-app-service\",\"ClusterName\",\"main-cluster\"],[\".\",\"PendingTaskCount\",\".\",\".\",\".\",\".\"]],\"period\":300,\"region\":\"us-east-1\",\"stacked\":false,\"title\":\"ECS Task Counts\",\"view\":\"timeSeries\"},\"type\":\"metric\",\"width\":12,\"x\":12,\"y\":6}]}",
            "dashboard_name": "my-app-monitoring-dashboard",
            "id": "my-app-monitoring-dashboard"
          },
          "sensitive_attributes": [],
          "identity_schema_version": 0,
          "private": "bnVsbA==",
          "dependencies": [
            "aws_cloudwatch_log_group.ecs_logs",
            "aws_db_instance.main",
            "aws_db_subnet_group.main",
            "aws_ecr_repository.app_repo",
            "aws_ecs_cluster.main",
            "aws_ecs_service.main",
            "aws_ecs_task_definition.app",
            "aws_iam_role.ecs_task_execution_role",
            "aws_iam_role.ecs_task_role",
            "aws_internet_gateway.igw",
            "aws_lb.main_alb",
            "aws_lb_listener.main_listener",
            "aws_lb_target_group.ecs_tg",
            "aws_s3_bucket.app_bucket",
            "aws_security_group.alb_sg",
            "aws_security_group.db_admin_sg",
            "aws_security_group.ecs_fargate_sg",
            "aws_security_group.rds_sg",
            "aws_subnet.private_db_az1",
            "aws_subnet.private_db_az2",
            "aws_subnet.public_web_az1",
            "aws_subnet.public_web_az2",
            "aws_vpc.main",
            "data.aws_caller_identity.current",
            "data.aws_ecr_authorization_token.token",
            "docker_image.app_image",
            "docker_registry_image.app_registry_image"
          ]
        }
      ]
    },
    {
      "mode": "managed",
      "type": "aws_cloudwatch_log_group",
      "name": "ecs_logs",
      "provider": "provider[\"registry.terraform.io/hashicorp/aws\"]",
      "instances": [
        {
          "schema_version": 0,
          "attributes": {
            "arn": "arn:aws:logs:us-east-1:931174280450:log-group:/ecs/my-app",
            "id": "/ecs/my-app",
            "kms_key_id": "",
            "log_group_class": "STANDARD",
            "name": "/ecs/my-app",
            "name_prefix": "",
            "retention_in_days": 14,
            "skip_destroy": false,
            "tags": {
              "Environment": "production",
              "Name": "ecs-logs"
            },
            "tags_all": {
              "Environment": "production",
              "Name": "ecs-logs"
            }
          },
          "sensitive_attributes": [],
          "identity_schema_version": 0,
          "private": "bnVsbA=="
        }
      ]
    },
    {
      "mode": "managed",
      "type": "aws_cloudwatch_metric_alarm",
      "name": "alb_5xx_errors",
      "provider": "provider[\"registry.terraform.io/hashicorp/aws\"]",
      "instances": [
        {
          "schema_version": 1,
          "attributes": {
            "actions_enabled": true,
            "alarm_actions": [],
            "alarm_description": "This metric monitors ALB 5xx errors",
            "alarm_name": "my-app-alb-5xx-errors",
            "arn": "arn:aws:cloudwatch:us-east-1:931174280450:alarm:my-app-alb-5xx-errors",
            "comparison_operator": "GreaterThanThreshold",
            "datapoints_to_alarm": 0,
            "dimensions": {
              "LoadBalancer": "app/main-alb/1517e912458ffd4c"
            },
            "evaluate_low_sample_count_percentiles": "",
            "evaluation_periods": 2,
            "extended_statistic": "",
            "id": "my-app-alb-5xx-errors",
            "insufficient_data_actions": [],
            "metric_name": "HTTPCode_ELB_5XX_Count",
            "metric_query": [],
            "namespace": "AWS/ApplicationELB",
            "ok_actions": [],
            "period": 300,
            "statistic": "Sum",
            "tags": {
              "Environment": "production",
              "Name": "my-app-alb-5xx-errors-alarm"
            },
            "tags_all": {
              "Environment": "production",
              "Name": "my-app-alb-5xx-errors-alarm"
            },
            "threshold": 10,
            "threshold_metric_id": "",
            "treat_missing_data": "missing",
            "unit": ""
          },
          "sensitive_attributes": [],
          "identity_schema_version": 0,
          "private": "eyJzY2hlbWFfdmVyc2lvbiI6IjEifQ==",
          "dependencies": [
            "aws_internet_gateway.igw",
            "aws_lb.main_alb",
            "aws_security_group.alb_sg",
            "aws_sns_topic.alerts",
            "aws_subnet.public_web_az1",
            "aws_subnet.public_web_az2",
            "aws_vpc.main"
          ]
        }
      ]
    },
    {
      "mode": "managed",
      "type": "aws_cloudwatch_metric_alarm",
      "name": "alb_response_time",
      "provider": "provider[\"registry.terraform.io/hashicorp/aws\"]",
      "instances": [
        {
          "schema_version": 1,
          "attributes": {
            "actions_enabled": true,
            "alarm_actions": [],
            "alarm_description": "This metric monitors ALB response time",
            "alarm_name": "my-app-alb-high-response-time",
            "arn": "arn:aws:cloudwatch:us-east-1:931174280450:alarm:my-app-alb-high-response-time",
            "comparison_operator": "GreaterThanThreshold",
            "datapoints_to_alarm": 0,
            "dimensions": {
              "LoadBalancer": "app/main-alb/1517e912458ffd4c"
            },
            "evaluate_low_sample_count_percentiles": "",
            "evaluation_periods": 2,
            "extended_statistic": "",
            "id": "my-app-alb-high-response-time",
            "insufficient_data_actions": [],
            "metric_name": "TargetResponseTime",
            "metric_query": [],
            "namespace": "AWS/ApplicationELB",
            "ok_actions": [],
            "period": 300,
            "statistic": "Average",
            "tags": {
              "Environment": "production",
              "Name": "my-app-alb-response-time-alarm"
            },
            "tags_all": {
              "Environment": "production",
              "Name": "my-app-alb-response-time-alarm"
            },
            "threshold": 5,
            "threshold_metric_id": "",
            "treat_missing_data": "missing",
            "unit": ""
          },
          "sensitive_attributes": [],
          "identity_schema_version": 0,
          "private": "eyJzY2hlbWFfdmVyc2lvbiI6IjEifQ==",
          "dependencies": [
            "aws_internet_gateway.igw",
            "aws_lb.main_alb",
            "aws_security_group.alb_sg",
            "aws_sns_topic.alerts",
            "aws_subnet.public_web_az1",
            "aws_subnet.public_web_az2",
            "aws_vpc.main"
          ]
        }
      ]
    },
    {
      "mode": "managed",
      "type": "aws_cloudwatch_metric_alarm",
      "name": "alb_unhealthy_targets",
      "provider": "provider[\"registry.terraform.io/hashicorp/aws\"]",
      "instances": [
        {
          "schema_version": 1,
          "attributes": {
            "actions_enabled": true,
            "alarm_actions": [],
            "alarm_description": "This metric monitors unhealthy targets",
            "alarm_name": "my-app-alb-unhealthy-targets",
            "arn": "arn:aws:cloudwatch:us-east-1:931174280450:alarm:my-app-alb-unhealthy-targets",
            "comparison_operator": "GreaterThanThreshold",
            "datapoints_to_alarm": 0,
            "dimensions": {
              "LoadBalancer": "app/main-alb/1517e912458ffd4c",
              "TargetGroup": "targetgroup/ecs-target-group/f0182babb9f15622"
            },
            "evaluate_low_sample_count_percentiles": "",
            "evaluation_periods": 2,
            "extended_statistic": "",
            "id": "my-app-alb-unhealthy-targets",
            "insufficient_data_actions": [],
            "metric_name": "UnHealthyHostCount",
            "metric_query": [],
            "namespace": "AWS/ApplicationELB",
            "ok_actions": [],
            "period": 300,
            "statistic": "Average",
            "tags": {
              "Environment": "production",
              "Name": "my-app-alb-unhealthy-targets-alarm"
            },
            "tags_all": {
              "Environment": "production",
              "Name": "my-app-alb-unhealthy-targets-alarm"
            },
            "threshold": 0,
            "threshold_metric_id": "",
            "treat_missing_data": "missing",
            "unit": ""
          },
          "sensitive_attributes": [],
          "identity_schema_version": 0,
          "private": "eyJzY2hlbWFfdmVyc2lvbiI6IjEifQ==",
          "dependencies": [
            "aws_internet_gateway.igw",
            "aws_lb.main_alb",
            "aws_lb_target_group.ecs_tg",
            "aws_security_group.alb_sg",
            "aws_sns_topic.alerts",
            "aws_subnet.public_web_az1",
            "aws_subnet.public_web_az2",
            "aws_vpc.main"
          ]
        }
      ]
    },
    {
      "mode": "managed",
      "type": "aws_cloudwatch_metric_alarm",
      "name": "ecs_cpu_high",
      "provider": "provider[\"registry.terraform.io/hashicorp/aws\"]",
      "instances": [
        {
          "schema_version": 1,
          "attributes": {
            "actions_enabled": true,
            "alarm_actions": [],
            "alarm_description": "This metric monitors ECS CPU utilization",
            "alarm_name": "my-app-ecs-cpu-high",
            "arn": "arn:aws:cloudwatch:us-east-1:931174280450:alarm:my-app-ecs-cpu-high",
            "comparison_operator": "GreaterThanThreshold",
            "datapoints_to_alarm": 0,
            "dimensions": {
              "ClusterName": "main-cluster",
              "ServiceName": "my-app-service"
            },
            "evaluate_low_sample_count_percentiles": "",
            "evaluation_periods": 2,
            "extended_statistic": "",
            "id": "my-app-ecs-cpu-high",
            "insufficient_data_actions": [],
            "metric_name": "CPUUtilization",
            "metric_query": [],
            "namespace": "AWS/ECS",
            "ok_actions": [],
            "period": 300,
            "statistic": "Average",
            "tags": {
              "Environment": "production",
              "Name": "my-app-ecs-cpu-high-alarm"
            },
            "tags_all": {
              "Environment": "production",
              "Name": "my-app-ecs-cpu-high-alarm"
            },
            "threshold": 80,
            "threshold_metric_id": "",
            "treat_missing_data": "missing",
            "unit": ""
          },
          "sensitive_attributes": [],
          "identity_schema_version": 0,
          "private": "eyJzY2hlbWFfdmVyc2lvbiI6IjEifQ==",
          "dependencies": [
            "aws_cloudwatch_log_group.ecs_logs",
            "aws_db_instance.main",
            "aws_db_subnet_group.main",
            "aws_ecr_repository.app_repo",
            "aws_ecs_cluster.main",
            "aws_ecs_service.main",
            "aws_ecs_task_definition.app",
            "aws_iam_role.ecs_task_execution_role",
            "aws_iam_role.ecs_task_role",
            "aws_internet_gateway.igw",
            "aws_lb.main_alb",
            "aws_lb_listener.main_listener",
            "aws_lb_target_group.ecs_tg",
            "aws_s3_bucket.app_bucket",
            "aws_security_group.alb_sg",
            "aws_security_group.db_admin_sg",
            "aws_security_group.ecs_fargate_sg",
            "aws_security_group.rds_sg",
            "aws_sns_topic.alerts",
            "aws_subnet.private_db_az1",
            "aws_subnet.private_db_az2",
            "aws_subnet.public_web_az1",
            "aws_subnet.public_web_az2",
            "aws_vpc.main",
            "data.aws_caller_identity.current",
            "data.aws_ecr_authorization_token.token",
            "docker_image.app_image",
            "docker_registry_image.app_registry_image"
          ]
        }
      ]
    },
    {
      "mode": "managed",
      "type": "aws_cloudwatch_metric_alarm",
      "name": "ecs_memory_high",
      "provider": "provider[\"registry.terraform.io/hashicorp/aws\"]",
      "instances": [
        {
          "schema_version": 1,
          "attributes": {
            "actions_enabled": true,
            "alarm_actions": [],
            "alarm_description": "This metric monitors ECS memory utilization",
            "alarm_name": "my-app-ecs-memory-high",
            "arn": "arn:aws:cloudwatch:us-east-1:931174280450:alarm:my-app-ecs-memory-high",
            "comparison_operator": "GreaterThanThreshold",
            "datapoints_to_alarm": 0,
            "dimensions": {
              "ClusterName": "main-cluster",
              "ServiceName": "my-app-service"
            },
            "evaluate_low_sample_count_percentiles": "",
            "evaluation_periods": 2,
            "extended_statistic": "",
            "id": "my-app-ecs-memory-high",
            "insufficient_data_actions": [],
            "metric_name": "MemoryUtilization",
            "metric_query": [],
            "namespace": "AWS/ECS",
            "ok_actions": [],
            "period": 300,
            "statistic": "Average",
            "tags": {
              "Environment": "production",
              "Name": "my-app-ecs-memory-high-alarm"
            },
            "tags_all": {
              "Environment": "production",
              "Name": "my-app-ecs-memory-high-alarm"
            },
            "threshold": 85,
            "threshold_metric_id": "",
            "treat_missing_data": "missing",
            "unit": ""
          },
          "sensitive_attributes": [],
          "identity_schema_version": 0,
          "private": "eyJzY2hlbWFfdmVyc2lvbiI6IjEifQ==",
          "dependencies": [
            "aws_cloudwatch_log_group.ecs_logs",
            "aws_db_instance.main",
            "aws_db_subnet_group.main",
            "aws_ecr_repository.app_repo",
            "aws_ecs_cluster.main",
            "aws_ecs_service.main",
            "aws_ecs_task_definition.app",
            "aws_iam_role.ecs_task_execution_role",
            "aws_iam_role.ecs_task_role",
            "aws_internet_gateway.igw",
            "aws_lb.main_alb",
            "aws_lb_listener.main_listener",
            "aws_lb_target_group.ecs_tg",
            "aws_s3_bucket.app_bucket",
            "aws_security_group.alb_sg",
            "aws_security_group.db_admin_sg",
            "aws_security_group.ecs_fargate_sg",
            "aws_security_group.rds_sg",
            "aws_sns_topic.alerts",
            "aws_subnet.private_db_az1",
            "aws_subnet.private_db_az2",
            "aws_subnet.public_web_az1",
            "aws_subnet.public_web_az2",
            "aws_vpc.main",
            "data.aws_caller_identity.current",
            "data.aws_ecr_authorization_token.token",
            "docker_image.app_image",
            "docker_registry_image.app_registry_image"
          ]
        }
      ]
    },
    {
      "mode": "managed",
      "type": "aws_cloudwatch_metric_alarm",
      "name": "ecs_running_tasks_low",
      "provider": "provider[\"registry.terraform.io/hashicorp/aws\"]",
      "instances": [
        {
          "schema_version": 1,
          "attributes": {
            "actions_enabled": true,
            "alarm_actions": [],
            "alarm_description": "This metric monitors ECS running task count",
            "alarm_name": "my-app-ecs-running-tasks-low",
            "arn": "arn:aws:cloudwatch:us-east-1:931174280450:alarm:my-app-ecs-running-tasks-low",
            "comparison_operator": "LessThanThreshold",
            "datapoints_to_alarm": 0,
            "dimensions": {
              "ClusterName": "main-cluster",
              "ServiceName": "my-app-service"
            },
            "evaluate_low_sample_count_percentiles": "",
            "evaluation_periods": 2,
            "extended_statistic": "",
            "id": "my-app-ecs-running-tasks-low",
            "insufficient_data_actions": [],
            "metric_name": "RunningTaskCount",
            "metric_query": [],
            "namespace": "AWS/ECS",
            "ok_actions": [],
            "period": 300,
            "statistic": "Average",
            "tags": {
              "Environment": "production",
              "Name": "my-app-ecs-running-tasks-low-alarm"
            },
            "tags_all": {
              "Environment": "production",
              "Name": "my-app-ecs-running-tasks-low-alarm"
            },
            "threshold": 1,
            "threshold_metric_id": "",
            "treat_missing_data": "missing",
            "unit": ""
          },
          "sensitive_attributes": [],
          "identity_schema_version": 0,
          "private": "eyJzY2hlbWFfdmVyc2lvbiI6IjEifQ==",
          "dependencies": [
            "aws_cloudwatch_log_group.ecs_logs",
            "aws_db_instance.main",
            "aws_db_subnet_group.main",
            "aws_ecr_repository.app_repo",
            "aws_ecs_cluster.main",
            "aws_ecs_service.main",
            "aws_ecs_task_definition.app",
            "aws_iam_role.ecs_task_execution_role",
            "aws_iam_role.ecs_task_role",
            "aws_internet_gateway.igw",
            "aws_lb.main_alb",
            "aws_lb_listener.main_listener",
            "aws_lb_target_group.ecs_tg",
            "aws_s3_bucket.app_bucket",
            "aws_security_group.alb_sg",
            "aws_security_group.db_admin_sg",
            "aws_security_group.ecs_fargate_sg",
            "aws_security_group.rds_sg",
            "aws_sns_topic.alerts",
            "aws_subnet.private_db_az1",
            "aws_subnet.private_db_az2",
            "aws_subnet.public_web_az1",
            "aws_subnet.public_web_az2",
            "aws_vpc.main",
            "data.aws_caller_identity.current",
            "data.aws_ecr_authorization_token.token",
            "docker_image.app_image",
            "docker_registry_image.app_registry_image"
          ]
        }
      ]
    },
    {
      "mode": "managed",
      "type": "aws_db_instance",
      "name": "main",
      "provider": "provider[\"registry.terraform.io/hashicorp/aws\"]",
      "instances": [
        {
          "schema_version": 2,
          "attributes": {
            "address": "my-app-database.cif4ogai21kj.us-east-1.rds.amazonaws.com",
            "allocated_storage": 20,
            "allow_major_version_upgrade": null,
            "apply_immediately": false,
            "arn": "arn:aws:rds:us-east-1:931174280450:db:my-app-database",
            "auto_minor_version_upgrade": true,
            "availability_zone": "us-east-1a",
            "backup_retention_period": 7,
            "backup_target": "region",
            "backup_window": "03:00-04:00",
            "blue_green_update": [],
            "ca_cert_identifier": "rds-ca-rsa2048-g1",
            "character_set_name": "",
            "copy_tags_to_snapshot": false,
            "custom_iam_instance_profile": "",
            "customer_owned_ip_enabled": false,
            "database_insights_mode": "standard",
            "db_name": "myapp",
            "db_subnet_group_name": "main-db-subnet-group",
            "dedicated_log_volume": false,
            "delete_automated_backups": true,
            "deletion_protection": false,
            "domain": "",
            "domain_auth_secret_arn": "",
            "domain_dns_ips": [],
            "domain_fqdn": "",
            "domain_iam_role_name": "",
            "domain_ou": "",
            "enabled_cloudwatch_logs_exports": [],
            "endpoint": "my-app-database.cif4ogai21kj.us-east-1.rds.amazonaws.com:3306",
            "engine": "mysql",
            "engine_lifecycle_support": "open-source-rds-extended-support",
            "engine_version": "8.0",
            "engine_version_actual": "8.0.41",
            "final_snapshot_identifier": null,
            "hosted_zone_id": "Z2R2ITUGPM61AM",
            "iam_database_authentication_enabled": false,
            "id": "db-Z4NYLCZHIHNOGADIXCHSJMGTMY",
            "identifier": "my-app-database",
            "identifier_prefix": "",
            "instance_class": "db.t3.micro",
            "iops": 0,
            "kms_key_id": "arn:aws:kms:us-east-1:931174280450:key/49245d6a-9a32-4ba8-b14a-fa647a928660",
            "latest_restorable_time": "2025-07-01T17:50:00Z",
            "license_model": "general-public-license",
            "listener_endpoint": [],
            "maintenance_window": "sun:04:00-sun:05:00",
            "manage_master_user_password": null,
            "master_user_secret": [],
            "master_user_secret_kms_key_id": null,
            "max_allocated_storage": 20,
            "monitoring_interval": 0,
            "monitoring_role_arn": "",
            "multi_az": false,
            "nchar_character_set_name": "",
            "network_type": "IPV4",
            "option_group_name": "default:mysql-8-0",
            "parameter_group_name": "default.mysql8.0",
            "password": "myapp123",
            "password_wo": null,
            "password_wo_version": null,
            "performance_insights_enabled": false,
            "performance_insights_kms_key_id": "",
            "performance_insights_retention_period": 0,
            "port": 3306,
            "publicly_accessible": false,
            "replica_mode": "",
            "replicas": [],
            "replicate_source_db": "",
            "resource_id": "db-Z4NYLCZHIHNOGADIXCHSJMGTMY",
            "restore_to_point_in_time": [],
            "s3_import": [],
            "skip_final_snapshot": true,
            "snapshot_identifier": null,
            "status": "available",
            "storage_encrypted": true,
            "storage_throughput": 0,
            "storage_type": "gp2",
            "tags": {
              "Environment": "production",
              "Name": "my-app-database"
            },
            "tags_all": {
              "Environment": "production",
              "Name": "my-app-database"
            },
            "timeouts": null,
            "timezone": "",
            "upgrade_storage_config": null,
            "username": "admin",
            "vpc_security_group_ids": [
              "sg-0780237102d72e707"
            ]
          },
          "sensitive_attributes": [
            [
              {
                "type": "get_attr",
                "value": "password"
              }
            ],
            [
              {
                "type": "get_attr",
                "value": "password_wo"
              }
            ]
          ],
          "identity_schema_version": 0,
          "private": "eyJlMmJmYjczMC1lY2FhLTExZTYtOGY4OC0zNDM2M2JjN2M0YzAiOnsiY3JlYXRlIjozMDAwMDAwMDAwMDAwLCJkZWxldGUiOjM2MDAwMDAwMDAwMDAsInVwZGF0ZSI6NDgwMDAwMDAwMDAwMH0sInNjaGVtYV92ZXJzaW9uIjoiMiJ9",
          "dependencies": [
            "aws_db_subnet_group.main",
            "aws_security_group.alb_sg",
            "aws_security_group.db_admin_sg",
            "aws_security_group.ecs_fargate_sg",
            "aws_security_group.rds_sg",
            "aws_subnet.private_db_az1",
            "aws_subnet.private_db_az2",
            "aws_vpc.main"
          ]
        }
      ]
    },
    {
      "mode": "managed",
      "type": "aws_db_subnet_group",
      "name": "main",
      "provider": "provider[\"registry.terraform.io/hashicorp/aws\"]",
      "instances": [
        {
          "schema_version": 0,
          "attributes": {
            "arn": "arn:aws:rds:us-east-1:931174280450:subgrp:main-db-subnet-group",
            "description": "Managed by Terraform",
            "id": "main-db-subnet-group",
            "name": "main-db-subnet-group",
            "name_prefix": "",
            "subnet_ids": [
              "subnet-07e863c00f84b83ff",
              "subnet-094cf03e98a1c314c"
            ],
            "supported_network_types": [
              "IPV4"
            ],
            "tags": {
              "Name": "main-db-subnet-group"
            },
            "tags_all": {
              "Name": "main-db-subnet-group"
            },
            "vpc_id": "vpc-0baec86d6cb42b1d8"
          },
          "sensitive_attributes": [],
          "identity_schema_version": 0,
          "private": "bnVsbA==",
          "dependencies": [
            "aws_subnet.private_db_az1",
            "aws_subnet.private_db_az2",
            "aws_vpc.main"
          ]
        }
      ]
    },
    {
      "mode": "managed",
      "type": "aws_ecr_repository",
      "name": "app_repo",
      "provider": "provider[\"registry.terraform.io/hashicorp/aws\"]",
      "instances": [
        {
          "schema_version": 0,
          "attributes": {
            "arn": "arn:aws:ecr:us-east-1:931174280450:repository/my-app",
            "encryption_configuration": [
              {
                "encryption_type": "AES256",
                "kms_key": ""
              }
            ],
            "force_delete": null,
            "id": "my-app",
            "image_scanning_configuration": [
              {
                "scan_on_push": true
              }
            ],
            "image_tag_mutability": "MUTABLE",
            "name": "my-app",
            "registry_id": "931174280450",
            "repository_url": "931174280450.dkr.ecr.us-east-1.amazonaws.com/my-app",
            "tags": {
              "Environment": "production",
              "Name": "my-app-repository"
            },
            "tags_all": {
              "Environment": "production",
              "Name": "my-app-repository"
            },
            "timeouts": null
          },
          "sensitive_attributes": [],
          "identity_schema_version": 0,
          "private": "eyJlMmJmYjczMC1lY2FhLTExZTYtOGY4OC0zNDM2M2JjN2M0YzAiOnsiZGVsZXRlIjoxMjAwMDAwMDAwMDAwfX0="
        }
      ]
    },
    {
      "mode": "managed",
      "type": "aws_ecs_cluster",
      "name": "main",
      "provider": "provider[\"registry.terraform.io/hashicorp/aws\"]",
      "instances": [
        {
          "schema_version": 0,
          "attributes": {
            "arn": "arn:aws:ecs:us-east-1:931174280450:cluster/main-cluster",
            "configuration": [],
            "id": "arn:aws:ecs:us-east-1:931174280450:cluster/main-cluster",
            "name": "main-cluster",
            "service_connect_defaults": [],
            "setting": [
              {
                "name": "containerInsights",
                "value": "enabled"
              }
            ],
            "tags": {
              "Name": "main-ecs-cluster"
            },
            "tags_all": {
              "Name": "main-ecs-cluster"
            }
          },
          "sensitive_attributes": [],
          "identity_schema_version": 0,
          "private": "bnVsbA=="
        }
      ]
    },
    {
      "mode": "managed",
      "type": "aws_ecs_service",
      "name": "main",
      "provider": "provider[\"registry.terraform.io/hashicorp/aws\"]",
      "instances": [
        {
          "schema_version": 1,
          "attributes": {
            "alarms": [],
            "availability_zone_rebalancing": "DISABLED",
            "capacity_provider_strategy": [],
            "cluster": "arn:aws:ecs:us-east-1:931174280450:cluster/main-cluster",
            "deployment_circuit_breaker": [
              {
                "enable": false,
                "rollback": false
              }
            ],
            "deployment_controller": [
              {
                "type": "ECS"
              }
            ],
            "deployment_maximum_percent": 200,
            "deployment_minimum_healthy_percent": 100,
            "desired_count": 2,
            "enable_ecs_managed_tags": false,
            "enable_execute_command": true,
            "force_delete": null,
            "force_new_deployment": null,
            "health_check_grace_period_seconds": 0,
            "iam_role": "/aws-service-role/ecs.amazonaws.com/AWSServiceRoleForECS",
            "id": "arn:aws:ecs:us-east-1:931174280450:service/main-cluster/my-app-service",
            "launch_type": "FARGATE",
            "load_balancer": [
              {
                "container_name": "my-app",
                "container_port": 5000,
                "elb_name": "",
                "target_group_arn": "arn:aws:elasticloadbalancing:us-east-1:931174280450:targetgroup/ecs-target-group/f0182babb9f15622"
              }
            ],
            "name": "my-app-service",
            "network_configuration": [
              {
                "assign_public_ip": true,
                "security_groups": [
                  "sg-00d2e4a755b92031c"
                ],
                "subnets": [
                  "subnet-0cc8d30f1b6a6cf18",
                  "subnet-0cd8f02087740afe4"
                ]
              }
            ],
            "ordered_placement_strategy": [],
            "placement_constraints": [],
            "platform_version": "LATEST",
            "propagate_tags": "NONE",
            "scheduling_strategy": "REPLICA",
            "service_connect_configuration": [],
            "service_registries": [],
            "tags": {
              "Environment": "production",
              "Name": "my-app-ecs-service"
            },
            "tags_all": {
              "Environment": "production",
              "Name": "my-app-ecs-service"
            },
            "task_definition": "arn:aws:ecs:us-east-1:931174280450:task-definition/my-app:23",
            "timeouts": null,
            "triggers": {},
            "volume_configuration": [],
            "vpc_lattice_configurations": [],
            "wait_for_steady_state": false
          },
          "sensitive_attributes": [],
          "identity_schema_version": 0,
          "private": "eyJlMmJmYjczMC1lY2FhLTExZTYtOGY4OC0zNDM2M2JjN2M0YzAiOnsiY3JlYXRlIjoxMjAwMDAwMDAwMDAwLCJkZWxldGUiOjEyMDAwMDAwMDAwMDAsInVwZGF0ZSI6MTIwMDAwMDAwMDAwMH0sInNjaGVtYV92ZXJzaW9uIjoiMSJ9",
          "dependencies": [
            "aws_cloudwatch_log_group.ecs_logs",
            "aws_db_instance.main",
            "aws_db_subnet_group.main",
            "aws_ecr_repository.app_repo",
            "aws_ecs_cluster.main",
            "aws_ecs_task_definition.app",
            "aws_iam_role.ecs_task_execution_role",
            "aws_iam_role.ecs_task_role",
            "aws_internet_gateway.igw",
            "aws_lb.main_alb",
            "aws_lb_listener.main_listener",
            "aws_lb_target_group.ecs_tg",
            "aws_s3_bucket.app_bucket",
            "aws_security_group.alb_sg",
            "aws_security_group.db_admin_sg",
            "aws_security_group.ecs_fargate_sg",
            "aws_security_group.rds_sg",
            "aws_subnet.private_db_az1",
            "aws_subnet.private_db_az2",
            "aws_subnet.public_web_az1",
            "aws_subnet.public_web_az2",
            "aws_vpc.main",
            "data.aws_caller_identity.current",
            "data.aws_ecr_authorization_token.token",
            "docker_image.app_image",
            "docker_registry_image.app_registry_image"
          ]
        }
      ]
    },
    {
      "mode": "managed",
      "type": "aws_ecs_task_definition",
      "name": "app",
      "provider": "provider[\"registry.terraform.io/hashicorp/aws\"]",
      "instances": [
        {
          "schema_version": 1,
          "attributes": {
            "arn": "arn:aws:ecs:us-east-1:931174280450:task-definition/my-app:23",
            "arn_without_revision": "arn:aws:ecs:us-east-1:931174280450:task-definition/my-app",
            "container_definitions": "[{\"environment\":[{\"name\":\"AWS_DEFAULT_REGION\",\"value\":\"us-east-1\"},{\"name\":\"DB_HOST\",\"value\":\"my-app-database.cif4ogai21kj.us-east-1.rds.amazonaws.com:3306\"},{\"name\":\"DB_NAME\",\"value\":\"myapp\"},{\"name\":\"DB_PASSWORD\",\"value\":\"myapp123\"},{\"name\":\"DB_USERNAME\",\"value\":\"admin\"},{\"name\":\"FLASK_ENV\",\"value\":\"production\"},{\"name\":\"S3_BUCKET_NAME\",\"value\":\"my-app-bucket-kjshjh\"},{\"name\":\"S3_REGION\",\"value\":\"us-east-1\"}],\"essential\":true,\"healthCheck\":{\"command\":[\"CMD-SHELL\",\"curl -f http://localhost:5000/health || exit 1\"],\"interval\":30,\"retries\":3,\"startPeriod\":60,\"timeout\":5},\"image\":\"931174280450.dkr.ecr.us-east-1.amazonaws.com/my-app:latest\",\"linuxParameters\":{\"initProcessEnabled\":true},\"logConfiguration\":{\"logDriver\":\"awslogs\",\"options\":{\"awslogs-region\":\"us-east-1\",\"awslogs-stream-prefix\":\"ecs\",\"awslogs-group\":\"/ecs/my-app\"}},\"mountPoints\":[],\"name\":\"my-app\",\"portMappings\":[{\"containerPort\":5000,\"hostPort\":5000,\"protocol\":\"tcp\"}],\"systemControls\":[],\"volumesFrom\":[]}]",
            "cpu": "256",
            "enable_fault_injection": false,
            "ephemeral_storage": [],
            "execution_role_arn": "arn:aws:iam::931174280450:role/ecsTaskExecutionRole",
            "family": "my-app",
            "id": "my-app",
            "inference_accelerator": [],
            "ipc_mode": "",
            "memory": "512",
            "network_mode": "awsvpc",
            "pid_mode": "",
            "placement_constraints": [],
            "proxy_configuration": [],
            "requires_compatibilities": [
              "FARGATE"
            ],
            "revision": 23,
            "runtime_platform": [],
            "skip_destroy": false,
            "tags": {
              "Environment": "production",
              "Name": "my-app-task-definition"
            },
            "tags_all": {
              "Environment": "production",
              "Name": "my-app-task-definition"
            },
            "task_role_arn": "arn:aws:iam::931174280450:role/ecsTaskRole",
            "track_latest": false,
            "volume": []
          },
          "sensitive_attributes": [
            [
              {
                "type": "get_attr",
                "value": "container_definitions"
              }
            ]
          ],
          "identity_schema_version": 0,
          "private": "eyJzY2hlbWFfdmVyc2lvbiI6IjEifQ==",
          "dependencies": [
            "aws_cloudwatch_log_group.ecs_logs",
            "aws_db_instance.main",
            "aws_db_subnet_group.main",
            "aws_ecr_repository.app_repo",
            "aws_iam_role.ecs_task_execution_role",
            "aws_iam_role.ecs_task_role",
            "aws_s3_bucket.app_bucket",
            "aws_security_group.alb_sg",
            "aws_security_group.db_admin_sg",
            "aws_security_group.ecs_fargate_sg",
            "aws_security_group.rds_sg",
            "aws_subnet.private_db_az1",
            "aws_subnet.private_db_az2",
            "aws_vpc.main",
            "data.aws_caller_identity.current",
            "data.aws_ecr_authorization_token.token",
            "docker_image.app_image",
            "docker_registry_image.app_registry_image"
          ]
        }
      ]
    },
    {
      "mode": "managed",
      "type": "aws_iam_instance_profile",
      "name": "db_admin_profile",
      "provider": "provider[\"registry.terraform.io/hashicorp/aws\"]",
      "instances": [
        {
          "schema_version": 0,
          "attributes": {
            "arn": "arn:aws:iam::931174280450:instance-profile/db-admin-profile",
            "create_date": "2025-07-01T16:38:55Z",
            "id": "db-admin-profile",
            "name": "db-admin-profile",
            "name_prefix": "",
            "path": "/",
            "role": "db-admin-role",
            "tags": {},
            "tags_all": {},
            "unique_id": "AIPA5RTSP5UBE7R7324HF"
          },
          "sensitive_attributes": [],
          "identity_schema_version": 0,
          "private": "bnVsbA==",
          "dependencies": [
            "aws_iam_role.db_admin_role"
          ],
          "create_before_destroy": true
        }
      ]
    },
    {
      "mode": "managed",
      "type": "aws_iam_role",
      "name": "db_admin_role",
      "provider": "provider[\"registry.terraform.io/hashicorp/aws\"]",
      "instances": [
        {
          "schema_version": 0,
          "attributes": {
            "arn": "arn:aws:iam::931174280450:role/db-admin-role",
            "assume_role_policy": "{\"Statement\":[{\"Action\":\"sts:AssumeRole\",\"Effect\":\"Allow\",\"Principal\":{\"Service\":\"ec2.amazonaws.com\"}}],\"Version\":\"2012-10-17\"}",
            "create_date": "2025-07-01T16:38:54Z",
            "description": "",
            "force_detach_policies": false,
            "id": "db-admin-role",
            "inline_policy": [],
            "managed_policy_arns": [
              "arn:aws:iam::aws:policy/AmazonSSMManagedInstanceCore"
            ],
            "max_session_duration": 3600,
            "name": "db-admin-role",
            "name_prefix": "",
            "path": "/",
            "permissions_boundary": "",
            "tags": {
              "Name": "db-admin-role"
            },
            "tags_all": {
              "Name": "db-admin-role"
            },
            "unique_id": "AROA5RTSP5UBAEDO4FWRA"
          },
          "sensitive_attributes": [],
          "identity_schema_version": 0,
          "private": "bnVsbA==",
          "create_before_destroy": true
        }
      ]
    },
    {
      "mode": "managed",
      "type": "aws_iam_role",
      "name": "ecs_task_execution_role",
      "provider": "provider[\"registry.terraform.io/hashicorp/aws\"]",
      "instances": [
        {
          "schema_version": 0,
          "attributes": {
            "arn": "arn:aws:iam::931174280450:role/ecsTaskExecutionRole",
            "assume_role_policy": "{\"Statement\":[{\"Action\":\"sts:AssumeRole\",\"Effect\":\"Allow\",\"Principal\":{\"Service\":\"ecs-tasks.amazonaws.com\"}}],\"Version\":\"2012-10-17\"}",
            "create_date": "2025-07-01T16:38:54Z",
            "description": "",
            "force_detach_policies": false,
            "id": "ecsTaskExecutionRole",
            "inline_policy": [],
            "managed_policy_arns": [
              "arn:aws:iam::aws:policy/service-role/AmazonECSTaskExecutionRolePolicy"
            ],
            "max_session_duration": 3600,
            "name": "ecsTaskExecutionRole",
            "name_prefix": "",
            "path": "/",
            "permissions_boundary": "",
            "tags": {},
            "tags_all": {},
            "unique_id": "AROA5RTSP5UBFQJQO7HND"
          },
          "sensitive_attributes": [],
          "identity_schema_version": 0,
          "private": "bnVsbA=="
        }
      ]
    },
    {
      "mode": "managed",
      "type": "aws_iam_role",
      "name": "ecs_task_role",
      "provider": "provider[\"registry.terraform.io/hashicorp/aws\"]",
      "instances": [
        {
          "schema_version": 0,
          "attributes": {
            "arn": "arn:aws:iam::931174280450:role/ecsTaskRole",
            "assume_role_policy": "{\"Statement\":[{\"Action\":\"sts:AssumeRole\",\"Effect\":\"Allow\",\"Principal\":{\"Service\":\"ecs-tasks.amazonaws.com\"}}],\"Version\":\"2012-10-17\"}",
            "create_date": "2025-07-01T16:38:54Z",
            "description": "",
            "force_detach_policies": false,
            "id": "ecsTaskRole",
            "inline_policy": [
              {
                "name": "ecs-s3-access",
                "policy": "{\"Version\":\"2012-10-17\",\"Statement\":[{\"Action\":[\"s3:GetObject\",\"s3:PutObject\",\"s3:DeleteObject\",\"s3:ListBucket\"],\"Effect\":\"Allow\",\"Resource\":[\"arn:aws:s3:::my-app-bucket-kjshjh\",\"arn:aws:s3:::my-app-bucket-kjshjh/*\"]}]}"
              }
            ],
            "managed_policy_arns": [
              "arn:aws:iam::aws:policy/AmazonSSMManagedInstanceCore"
            ],
            "max_session_duration": 3600,
            "name": "ecsTaskRole",
            "name_prefix": "",
            "path": "/",
            "permissions_boundary": "",
            "tags": {},
            "tags_all": {},
            "unique_id": "AROA5RTSP5UBD3NUGGVKV"
          },
          "sensitive_attributes": [],
          "identity_schema_version": 0,
          "private": "bnVsbA=="
        }
      ]
    },
    {
      "mode": "managed",
      "type": "aws_iam_role_policy",
      "name": "ecs_s3_policy",
      "provider": "provider[\"registry.terraform.io/hashicorp/aws\"]",
      "instances": [
        {
          "schema_version": 0,
          "attributes": {
            "id": "ecsTaskRole:ecs-s3-access",
            "name": "ecs-s3-access",
            "name_prefix": "",
            "policy": "{\"Version\":\"2012-10-17\",\"Statement\":[{\"Action\":[\"s3:GetObject\",\"s3:PutObject\",\"s3:DeleteObject\",\"s3:ListBucket\"],\"Effect\":\"Allow\",\"Resource\":[\"arn:aws:s3:::my-app-bucket-kjshjh\",\"arn:aws:s3:::my-app-bucket-kjshjh/*\"]}]}",
            "role": "ecsTaskRole"
          },
          "sensitive_attributes": [],
          "identity_schema_version": 0,
          "private": "bnVsbA==",
          "dependencies": [
            "aws_iam_role.ecs_task_role",
            "aws_s3_bucket.app_bucket"
          ]
        }
      ]
    },
    {
      "mode": "managed",
      "type": "aws_iam_role_policy_attachment",
      "name": "db_admin_ssm_policy",
      "provider": "provider[\"registry.terraform.io/hashicorp/aws\"]",
      "instances": [
        {
          "schema_version": 0,
          "attributes": {
            "id": "db-admin-role-20250701163855859200000003",
            "policy_arn": "arn:aws:iam::aws:policy/AmazonSSMManagedInstanceCore",
            "role": "db-admin-role"
          },
          "sensitive_attributes": [],
          "identity_schema_version": 0,
          "private": "bnVsbA==",
          "dependencies": [
            "aws_iam_role.db_admin_role"
          ]
        }
      ]
    },
    {
      "mode": "managed",
      "type": "aws_iam_role_policy_attachment",
      "name": "ecs_task_execution_role_policy",
      "provider": "provider[\"registry.terraform.io/hashicorp/aws\"]",
      "instances": [
        {
          "schema_version": 0,
          "attributes": {
            "id": "ecsTaskExecutionRole-20250701163855820000000001",
            "policy_arn": "arn:aws:iam::aws:policy/service-role/AmazonECSTaskExecutionRolePolicy",
            "role": "ecsTaskExecutionRole"
          },
          "sensitive_attributes": [],
          "identity_schema_version": 0,
          "private": "bnVsbA==",
          "dependencies": [
            "aws_iam_role.ecs_task_execution_role"
          ]
        }
      ]
    },
    {
      "mode": "managed",
      "type": "aws_iam_role_policy_attachment",
      "name": "ecs_task_ssm_policy",
      "provider": "provider[\"registry.terraform.io/hashicorp/aws\"]",
      "instances": [
        {
          "schema_version": 0,
          "attributes": {
            "id": "ecsTaskRole-20250701163855841400000002",
            "policy_arn": "arn:aws:iam::aws:policy/AmazonSSMManagedInstanceCore",
            "role": "ecsTaskRole"
          },
          "sensitive_attributes": [],
          "identity_schema_version": 0,
          "private": "bnVsbA==",
          "dependencies": [
            "aws_iam_role.ecs_task_role"
          ]
        }
      ]
    },
    {
      "mode": "managed",
      "type": "aws_instance",
      "name": "db_admin",
      "provider": "provider[\"registry.terraform.io/hashicorp/aws\"]",
      "instances": [
        {
          "schema_version": 1,
          "attributes": {
            "ami": "ami-0c6ebb5b9bce4ba15",
            "arn": "arn:aws:ec2:us-east-1:931174280450:instance/i-0e5f622895b540be0",
            "associate_public_ip_address": true,
            "availability_zone": "us-east-1a",
            "capacity_reservation_specification": [
              {
                "capacity_reservation_preference": "open",
                "capacity_reservation_target": []
              }
            ],
            "cpu_core_count": 1,
            "cpu_options": [
              {
                "amd_sev_snp": "",
                "core_count": 1,
                "threads_per_core": 2
              }
            ],
            "cpu_threads_per_core": 2,
            "credit_specification": [
              {
                "cpu_credits": "unlimited"
              }
            ],
            "disable_api_stop": false,
            "disable_api_termination": false,
            "ebs_block_device": [],
            "ebs_optimized": false,
            "enable_primary_ipv6": null,
            "enclave_options": [
              {
                "enabled": false
              }
            ],
            "ephemeral_block_device": [],
            "get_password_data": false,
            "hibernation": false,
            "host_id": "",
            "host_resource_group_arn": null,
            "iam_instance_profile": "db-admin-profile",
            "id": "i-0e5f622895b540be0",
            "instance_initiated_shutdown_behavior": "stop",
            "instance_lifecycle": "",
            "instance_market_options": [],
            "instance_state": "running",
            "instance_type": "t3.micro",
            "ipv6_address_count": 0,
            "ipv6_addresses": [],
            "key_name": "",
            "launch_template": [],
            "maintenance_options": [
              {
                "auto_recovery": "default"
              }
            ],
            "metadata_options": [
              {
                "http_endpoint": "enabled",
                "http_protocol_ipv6": "disabled",
                "http_put_response_hop_limit": 1,
                "http_tokens": "optional",
                "instance_metadata_tags": "disabled"
              }
            ],
            "monitoring": false,
            "network_interface": [],
            "outpost_arn": "",
            "password_data": "",
            "placement_group": "",
            "placement_partition_number": 0,
            "primary_network_interface_id": "eni-085c9d1d8393bcaa7",
            "private_dns": "ip-10-0-1-196.ec2.internal",
            "private_dns_name_options": [
              {
                "enable_resource_name_dns_a_record": false,
                "enable_resource_name_dns_aaaa_record": false,
                "hostname_type": "ip-name"
              }
            ],
            "private_ip": "10.0.1.196",
            "public_dns": "ec2-44-204-130-80.compute-1.amazonaws.com",
            "public_ip": "44.204.130.80",
            "root_block_device": [
              {
                "delete_on_termination": true,
                "device_name": "/dev/xvda",
                "encrypted": false,
                "iops": 100,
                "kms_key_id": "",
                "tags": {},
                "tags_all": {},
                "throughput": 0,
                "volume_id": "vol-05a9dd09fca079355",
                "volume_size": 8,
                "volume_type": "gp2"
              }
            ],
            "secondary_private_ips": [],
            "security_groups": [],
            "source_dest_check": true,
            "spot_instance_request_id": "",
            "subnet_id": "subnet-0cd8f02087740afe4",
            "tags": {
              "Environment": "production",
              "Name": "db-admin-instance",
              "Purpose": "RDS-access-via-SSM"
            },
            "tags_all": {
              "Environment": "production",
              "Name": "db-admin-instance",
              "Purpose": "RDS-access-via-SSM"
            },
            "tenancy": "default",
            "timeouts": null,
            "user_data": null,
            "user_data_base64": null,
            "user_data_replace_on_change": false,
            "volume_tags": null,
            "vpc_security_group_ids": [
              "sg-0f1d577d521c237af"
            ]
          },
          "sensitive_attributes": [],
          "identity_schema_version": 0,
          "private": "eyJlMmJmYjczMC1lY2FhLTExZTYtOGY4OC0zNDM2M2JjN2M0YzAiOnsiY3JlYXRlIjo2MDAwMDAwMDAwMDAsImRlbGV0ZSI6MTIwMDAwMDAwMDAwMCwicmVhZCI6OTAwMDAwMDAwMDAwLCJ1cGRhdGUiOjYwMDAwMDAwMDAwMH0sInNjaGVtYV92ZXJzaW9uIjoiMSJ9",
          "dependencies": [
            "aws_iam_instance_profile.db_admin_profile",
            "aws_iam_role.db_admin_role",
            "aws_security_group.db_admin_sg",
            "aws_subnet.public_web_az1",
            "aws_vpc.main",
            "data.aws_ami.amazon_linux"
          ],
          "create_before_destroy": true
        }
      ]
    },
    {
      "mode": "managed",
      "type": "aws_internet_gateway",
      "name": "igw",
      "provider": "provider[\"registry.terraform.io/hashicorp/aws\"]",
      "instances": [
        {
          "schema_version": 0,
          "attributes": {
            "arn": "arn:aws:ec2:us-east-1:931174280450:internet-gateway/igw-08b6950610d7cd743",
            "id": "igw-08b6950610d7cd743",
            "owner_id": "931174280450",
            "tags": {
              "Name": "main-igw"
            },
            "tags_all": {
              "Name": "main-igw"
            },
            "timeouts": null,
            "vpc_id": "vpc-0baec86d6cb42b1d8"
          },
          "sensitive_attributes": [],
          "identity_schema_version": 0,
          "private": "eyJlMmJmYjczMC1lY2FhLTExZTYtOGY4OC0zNDM2M2JjN2M0YzAiOnsiY3JlYXRlIjoxMjAwMDAwMDAwMDAwLCJkZWxldGUiOjEyMDAwMDAwMDAwMDAsInVwZGF0ZSI6MTIwMDAwMDAwMDAwMH19",
          "dependencies": [
            "aws_vpc.main"
          ]
        }
      ]
    },
    {
      "mode": "managed",
      "type": "aws_lb",
      "name": "main_alb",
      "provider": "provider[\"registry.terraform.io/hashicorp/aws\"]",
      "instances": [
        {
          "schema_version": 0,
          "attributes": {
            "access_logs": [
              {
                "bucket": "",
                "enabled": false,
                "prefix": ""
              }
            ],
            "arn": "arn:aws:elasticloadbalancing:us-east-1:931174280450:loadbalancer/app/main-alb/1517e912458ffd4c",
            "arn_suffix": "app/main-alb/1517e912458ffd4c",
            "client_keep_alive": 3600,
            "connection_logs": [
              {
                "bucket": "",
                "enabled": false,
                "prefix": ""
              }
            ],
            "customer_owned_ipv4_pool": "",
            "desync_mitigation_mode": "defensive",
            "dns_name": "main-alb-190156009.us-east-1.elb.amazonaws.com",
            "dns_record_client_routing_policy": null,
            "drop_invalid_header_fields": false,
            "enable_cross_zone_load_balancing": true,
            "enable_deletion_protection": false,
            "enable_http2": true,
            "enable_tls_version_and_cipher_suite_headers": false,
            "enable_waf_fail_open": false,
            "enable_xff_client_port": false,
            "enable_zonal_shift": false,
            "enforce_security_group_inbound_rules_on_private_link_traffic": "",
            "id": "arn:aws:elasticloadbalancing:us-east-1:931174280450:loadbalancer/app/main-alb/1517e912458ffd4c",
            "idle_timeout": 60,
            "internal": false,
            "ip_address_type": "ipv4",
            "ipam_pools": [],
            "load_balancer_type": "application",
            "minimum_load_balancer_capacity": [],
            "name": "main-alb",
            "name_prefix": "",
            "preserve_host_header": false,
            "security_groups": [
              "sg-01e22280de170e666"
            ],
            "subnet_mapping": [
              {
                "allocation_id": "",
                "ipv6_address": "",
                "outpost_id": "",
                "private_ipv4_address": "",
                "subnet_id": "subnet-0cc8d30f1b6a6cf18"
              },
              {
                "allocation_id": "",
                "ipv6_address": "",
                "outpost_id": "",
                "private_ipv4_address": "",
                "subnet_id": "subnet-0cd8f02087740afe4"
              }
            ],
            "subnets": [
              "subnet-0cc8d30f1b6a6cf18",
              "subnet-0cd8f02087740afe4"
            ],
            "tags": {
              "Name": "main-alb"
            },
            "tags_all": {
              "Name": "main-alb"
            },
            "timeouts": null,
            "vpc_id": "vpc-0baec86d6cb42b1d8",
            "xff_header_processing_mode": "append",
            "zone_id": "Z35SXDOTRQ7X7K"
          },
          "sensitive_attributes": [],
          "identity_schema_version": 0,
          "private": "eyJlMmJmYjczMC1lY2FhLTExZTYtOGY4OC0zNDM2M2JjN2M0YzAiOnsiY3JlYXRlIjo2MDAwMDAwMDAwMDAsImRlbGV0ZSI6NjAwMDAwMDAwMDAwLCJ1cGRhdGUiOjYwMDAwMDAwMDAwMH19",
          "dependencies": [
            "aws_internet_gateway.igw",
            "aws_security_group.alb_sg",
            "aws_subnet.public_web_az1",
            "aws_subnet.public_web_az2",
            "aws_vpc.main"
          ]
        }
      ]
    },
    {
      "mode": "managed",
      "type": "aws_lb_listener",
      "name": "main_listener",
      "provider": "provider[\"registry.terraform.io/hashicorp/aws\"]",
      "instances": [
        {
          "schema_version": 0,
          "attributes": {
            "alpn_policy": null,
            "arn": "arn:aws:elasticloadbalancing:us-east-1:931174280450:listener/app/main-alb/1517e912458ffd4c/fdbf489c883bae35",
            "certificate_arn": null,
            "default_action": [
              {
                "authenticate_cognito": [],
                "authenticate_oidc": [],
                "fixed_response": [],
                "forward": [],
                "order": 1,
                "redirect": [],
                "target_group_arn": "arn:aws:elasticloadbalancing:us-east-1:931174280450:targetgroup/ecs-target-group/f0182babb9f15622",
                "type": "forward"
              }
            ],
            "id": "arn:aws:elasticloadbalancing:us-east-1:931174280450:listener/app/main-alb/1517e912458ffd4c/fdbf489c883bae35",
            "load_balancer_arn": "arn:aws:elasticloadbalancing:us-east-1:931174280450:loadbalancer/app/main-alb/1517e912458ffd4c",
            "mutual_authentication": [],
            "port": 80,
            "protocol": "HTTP",
            "routing_http_request_x_amzn_mtls_clientcert_header_name": null,
            "routing_http_request_x_amzn_mtls_clientcert_issuer_header_name": null,
            "routing_http_request_x_amzn_mtls_clientcert_leaf_header_name": null,
            "routing_http_request_x_amzn_mtls_clientcert_serial_number_header_name": null,
            "routing_http_request_x_amzn_mtls_clientcert_subject_header_name": null,
            "routing_http_request_x_amzn_mtls_clientcert_validity_header_name": null,
            "routing_http_request_x_amzn_tls_cipher_suite_header_name": null,
            "routing_http_request_x_amzn_tls_version_header_name": null,
            "routing_http_response_access_control_allow_credentials_header_value": "",
            "routing_http_response_access_control_allow_headers_header_value": "",
            "routing_http_response_access_control_allow_methods_header_value": "",
            "routing_http_response_access_control_allow_origin_header_value": "",
            "routing_http_response_access_control_expose_headers_header_value": "",
            "routing_http_response_access_control_max_age_header_value": "",
            "routing_http_response_content_security_policy_header_value": "",
            "routing_http_response_server_enabled": true,
            "routing_http_response_strict_transport_security_header_value": "",
            "routing_http_response_x_content_type_options_header_value": "",
            "routing_http_response_x_frame_options_header_value": "",
            "ssl_policy": "",
            "tags": {},
            "tags_all": {},
            "tcp_idle_timeout_seconds": null,
            "timeouts": null
          },
          "sensitive_attributes": [],
          "identity_schema_version": 0,
          "private": "eyJlMmJmYjczMC1lY2FhLTExZTYtOGY4OC0zNDM2M2JjN2M0YzAiOnsiY3JlYXRlIjozMDAwMDAwMDAwMDAsInVwZGF0ZSI6MzAwMDAwMDAwMDAwfX0=",
          "dependencies": [
            "aws_internet_gateway.igw",
            "aws_lb.main_alb",
            "aws_lb_target_group.ecs_tg",
            "aws_security_group.alb_sg",
            "aws_subnet.public_web_az1",
            "aws_subnet.public_web_az2",
            "aws_vpc.main"
          ]
        }
      ]
    },
    {
      "mode": "managed",
      "type": "aws_lb_target_group",
      "name": "ecs_tg",
      "provider": "provider[\"registry.terraform.io/hashicorp/aws\"]",
      "instances": [
        {
          "schema_version": 0,
          "attributes": {
            "arn": "arn:aws:elasticloadbalancing:us-east-1:931174280450:targetgroup/ecs-target-group/f0182babb9f15622",
            "arn_suffix": "targetgroup/ecs-target-group/f0182babb9f15622",
            "connection_termination": null,
            "deregistration_delay": "300",
            "health_check": [
              {
                "enabled": true,
                "healthy_threshold": 2,
                "interval": 30,
                "matcher": "200",
                "path": "/health",
                "port": "traffic-port",
                "protocol": "HTTP",
                "timeout": 5,
                "unhealthy_threshold": 2
              }
            ],
            "id": "arn:aws:elasticloadbalancing:us-east-1:931174280450:targetgroup/ecs-target-group/f0182babb9f15622",
            "ip_address_type": "ipv4",
            "lambda_multi_value_headers_enabled": false,
            "load_balancer_arns": [
              "arn:aws:elasticloadbalancing:us-east-1:931174280450:loadbalancer/app/main-alb/1517e912458ffd4c"
            ],
            "load_balancing_algorithm_type": "round_robin",
            "load_balancing_anomaly_mitigation": "off",
            "load_balancing_cross_zone_enabled": "use_load_balancer_configuration",
            "name": "ecs-target-group",
            "name_prefix": "",
            "port": 5000,
            "preserve_client_ip": null,
            "protocol": "HTTP",
            "protocol_version": "HTTP1",
            "proxy_protocol_v2": false,
            "slow_start": 0,
            "stickiness": [
              {
                "cookie_duration": 86400,
                "cookie_name": "",
                "enabled": false,
                "type": "lb_cookie"
              }
            ],
            "tags": {
              "Name": "ecs-target-group"
            },
            "tags_all": {
              "Name": "ecs-target-group"
            },
            "target_failover": [
              {
                "on_deregistration": null,
                "on_unhealthy": null
              }
            ],
            "target_group_health": [
              {
                "dns_failover": [
                  {
                    "minimum_healthy_targets_count": "1",
                    "minimum_healthy_targets_percentage": "off"
                  }
                ],
                "unhealthy_state_routing": [
                  {
                    "minimum_healthy_targets_count": 1,
                    "minimum_healthy_targets_percentage": "off"
                  }
                ]
              }
            ],
            "target_health_state": [
              {
                "enable_unhealthy_connection_termination": null,
                "unhealthy_draining_interval": null
              }
            ],
            "target_type": "ip",
            "vpc_id": "vpc-0baec86d6cb42b1d8"
          },
          "sensitive_attributes": [],
          "identity_schema_version": 0,
          "private": "bnVsbA==",
          "dependencies": [
            "aws_vpc.main"
          ]
        }
      ]
    },
    {
      "mode": "managed",
      "type": "aws_route_table",
      "name": "private_rt",
      "provider": "provider[\"registry.terraform.io/hashicorp/aws\"]",
      "instances": [
        {
          "schema_version": 0,
          "attributes": {
            "arn": "arn:aws:ec2:us-east-1:931174280450:route-table/rtb-0b55d354caa41ac6c",
            "id": "rtb-0b55d354caa41ac6c",
            "owner_id": "931174280450",
            "propagating_vgws": [],
            "route": [],
            "tags": {
              "Name": "private-route-table"
            },
            "tags_all": {
              "Name": "private-route-table"
            },
            "timeouts": null,
            "vpc_id": "vpc-0baec86d6cb42b1d8"
          },
          "sensitive_attributes": [],
          "identity_schema_version": 0,
          "private": "eyJlMmJmYjczMC1lY2FhLTExZTYtOGY4OC0zNDM2M2JjN2M0YzAiOnsiY3JlYXRlIjozMDAwMDAwMDAwMDAsImRlbGV0ZSI6MzAwMDAwMDAwMDAwLCJ1cGRhdGUiOjEyMDAwMDAwMDAwMH19",
          "dependencies": [
            "aws_vpc.main"
          ]
        }
      ]
    },
    {
      "mode": "managed",
      "type": "aws_route_table",
      "name": "public_rt",
      "provider": "provider[\"registry.terraform.io/hashicorp/aws\"]",
      "instances": [
        {
          "schema_version": 0,
          "attributes": {
            "arn": "arn:aws:ec2:us-east-1:931174280450:route-table/rtb-0df4ebb59757fbf40",
            "id": "rtb-0df4ebb59757fbf40",
            "owner_id": "931174280450",
            "propagating_vgws": [],
            "route": [
              {
                "carrier_gateway_id": "",
                "cidr_block": "0.0.0.0/0",
                "core_network_arn": "",
                "destination_prefix_list_id": "",
                "egress_only_gateway_id": "",
                "gateway_id": "igw-08b6950610d7cd743",
                "ipv6_cidr_block": "",
                "local_gateway_id": "",
                "nat_gateway_id": "",
                "network_interface_id": "",
                "transit_gateway_id": "",
                "vpc_endpoint_id": "",
                "vpc_peering_connection_id": ""
              }
            ],
            "tags": {
              "Name": "public-route-table"
            },
            "tags_all": {
              "Name": "public-route-table"
            },
            "timeouts": null,
            "vpc_id": "vpc-0baec86d6cb42b1d8"
          },
          "sensitive_attributes": [],
          "identity_schema_version": 0,
          "private": "eyJlMmJmYjczMC1lY2FhLTExZTYtOGY4OC0zNDM2M2JjN2M0YzAiOnsiY3JlYXRlIjozMDAwMDAwMDAwMDAsImRlbGV0ZSI6MzAwMDAwMDAwMDAwLCJ1cGRhdGUiOjEyMDAwMDAwMDAwMH19",
          "dependencies": [
            "aws_internet_gateway.igw",
            "aws_vpc.main"
          ]
        }
      ]
    },
    {
      "mode": "managed",
      "type": "aws_route_table_association",
      "name": "private_db_az1_assoc",
      "provider": "provider[\"registry.terraform.io/hashicorp/aws\"]",
      "instances": [
        {
          "schema_version": 0,
          "attributes": {
            "gateway_id": "",
            "id": "rtbassoc-0b16bb9576aa488e8",
            "route_table_id": "rtb-0b55d354caa41ac6c",
            "subnet_id": "subnet-07e863c00f84b83ff",
            "timeouts": null
          },
          "sensitive_attributes": [],
          "identity_schema_version": 0,
          "private": "eyJlMmJmYjczMC1lY2FhLTExZTYtOGY4OC0zNDM2M2JjN2M0YzAiOnsiY3JlYXRlIjozMDAwMDAwMDAwMDAsImRlbGV0ZSI6MzAwMDAwMDAwMDAwLCJ1cGRhdGUiOjEyMDAwMDAwMDAwMH19",
          "dependencies": [
            "aws_route_table.private_rt",
            "aws_subnet.private_db_az1",
            "aws_vpc.main"
          ]
        }
      ]
    },
    {
      "mode": "managed",
      "type": "aws_route_table_association",
      "name": "private_db_az2_assoc",
      "provider": "provider[\"registry.terraform.io/hashicorp/aws\"]",
      "instances": [
        {
          "schema_version": 0,
          "attributes": {
            "gateway_id": "",
            "id": "rtbassoc-0fca760f5277b078c",
            "route_table_id": "rtb-0b55d354caa41ac6c",
            "subnet_id": "subnet-094cf03e98a1c314c",
            "timeouts": null
          },
          "sensitive_attributes": [],
          "identity_schema_version": 0,
          "private": "eyJlMmJmYjczMC1lY2FhLTExZTYtOGY4OC0zNDM2M2JjN2M0YzAiOnsiY3JlYXRlIjozMDAwMDAwMDAwMDAsImRlbGV0ZSI6MzAwMDAwMDAwMDAwLCJ1cGRhdGUiOjEyMDAwMDAwMDAwMH19",
          "dependencies": [
            "aws_route_table.private_rt",
            "aws_subnet.private_db_az2",
            "aws_vpc.main"
          ]
        }
      ]
    },
    {
      "mode": "managed",
      "type": "aws_route_table_association",
      "name": "public_web_az1_assoc",
      "provider": "provider[\"registry.terraform.io/hashicorp/aws\"]",
      "instances": [
        {
          "schema_version": 0,
          "attributes": {
            "gateway_id": "",
            "id": "rtbassoc-0f28214370f726439",
            "route_table_id": "rtb-0df4ebb59757fbf40",
            "subnet_id": "subnet-0cd8f02087740afe4",
            "timeouts": null
          },
          "sensitive_attributes": [],
          "identity_schema_version": 0,
          "private": "eyJlMmJmYjczMC1lY2FhLTExZTYtOGY4OC0zNDM2M2JjN2M0YzAiOnsiY3JlYXRlIjozMDAwMDAwMDAwMDAsImRlbGV0ZSI6MzAwMDAwMDAwMDAwLCJ1cGRhdGUiOjEyMDAwMDAwMDAwMH19",
          "dependencies": [
            "aws_internet_gateway.igw",
            "aws_route_table.public_rt",
            "aws_subnet.public_web_az1",
            "aws_vpc.main"
          ]
        }
      ]
    },
    {
      "mode": "managed",
      "type": "aws_route_table_association",
      "name": "public_web_az2_assoc",
      "provider": "provider[\"registry.terraform.io/hashicorp/aws\"]",
      "instances": [
        {
          "schema_version": 0,
          "attributes": {
            "gateway_id": "",
            "id": "rtbassoc-0e993afb3d624335e",
            "route_table_id": "rtb-0df4ebb59757fbf40",
            "subnet_id": "subnet-0cc8d30f1b6a6cf18",
            "timeouts": null
          },
          "sensitive_attributes": [],
          "identity_schema_version": 0,
          "private": "eyJlMmJmYjczMC1lY2FhLTExZTYtOGY4OC0zNDM2M2JjN2M0YzAiOnsiY3JlYXRlIjozMDAwMDAwMDAwMDAsImRlbGV0ZSI6MzAwMDAwMDAwMDAwLCJ1cGRhdGUiOjEyMDAwMDAwMDAwMH19",
          "dependencies": [
            "aws_internet_gateway.igw",
            "aws_route_table.public_rt",
            "aws_subnet.public_web_az2",
            "aws_vpc.main"
          ]
        }
      ]
    },
    {
      "mode": "managed",
      "type": "aws_s3_bucket",
      "name": "app_bucket",
      "provider": "provider[\"registry.terraform.io/hashicorp/aws\"]",
      "instances": [
        {
          "schema_version": 0,
          "attributes": {
            "acceleration_status": "",
            "acl": null,
            "arn": "arn:aws:s3:::my-app-bucket-kjshjh",
            "bucket": "my-app-bucket-kjshjh",
            "bucket_domain_name": "my-app-bucket-kjshjh.s3.amazonaws.com",
            "bucket_prefix": "",
            "bucket_regional_domain_name": "my-app-bucket-kjshjh.s3.us-east-1.amazonaws.com",
            "cors_rule": [
              {
                "allowed_headers": [
                  "*"
                ],
                "allowed_methods": [
                  "POST",
                  "GET",
                  "HEAD",
                  "DELETE",
                  "PUT"
                ],
                "allowed_origins": [
                  "*"
                ],
                "expose_headers": [
                  "ETag"
                ],
                "max_age_seconds": 3000
              }
            ],
            "force_destroy": false,
            "grant": [
              {
                "id": "",
                "permissions": [
                  "READ"
                ],
                "type": "Group",
                "uri": "http://acs.amazonaws.com/groups/global/AllUsers"
              },
              {
                "id": "81159ba19d7343dd8dc9523d652dad7f6728672f49a0204fb7ecef4aad87a4b5",
                "permissions": [
                  "FULL_CONTROL"
                ],
                "type": "CanonicalUser",
                "uri": ""
              }
            ],
            "hosted_zone_id": "Z3AQBSTGFYJSTF",
            "id": "my-app-bucket-kjshjh",
            "lifecycle_rule": [],
            "logging": [],
            "object_lock_configuration": [],
            "object_lock_enabled": false,
            "policy": "{\"Statement\":[{\"Action\":\"s3:GetObject\",\"Effect\":\"Allow\",\"Principal\":\"*\",\"Resource\":\"arn:aws:s3:::my-app-bucket-kjshjh/*\",\"Sid\":\"PublicReadGetObject\"}],\"Version\":\"2012-10-17\"}",
            "region": "us-east-1",
            "replication_configuration": [],
            "request_payer": "BucketOwner",
            "server_side_encryption_configuration": [
              {
                "rule": [
                  {
                    "apply_server_side_encryption_by_default": [
                      {
                        "kms_master_key_id": "",
                        "sse_algorithm": "AES256"
                      }
                    ],
                    "bucket_key_enabled": false
                  }
                ]
              }
            ],
            "tags": {
              "Name": "my-app-bucket"
            },
            "tags_all": {
              "Name": "my-app-bucket"
            },
            "timeouts": null,
            "versioning": [
              {
                "enabled": true,
                "mfa_delete": false
              }
            ],
            "website": [
              {
                "error_document": "error.html",
                "index_document": "index.html",
                "redirect_all_requests_to": "",
                "routing_rules": ""
              }
            ],
            "website_domain": "s3-website-us-east-1.amazonaws.com",
            "website_endpoint": "my-app-bucket-kjshjh.s3-website-us-east-1.amazonaws.com"
          },
          "sensitive_attributes": [],
          "identity_schema_version": 0,
          "private": "eyJlMmJmYjczMC1lY2FhLTExZTYtOGY4OC0zNDM2M2JjN2M0YzAiOnsiY3JlYXRlIjoxMjAwMDAwMDAwMDAwLCJkZWxldGUiOjM2MDAwMDAwMDAwMDAsInJlYWQiOjEyMDAwMDAwMDAwMDAsInVwZGF0ZSI6MTIwMDAwMDAwMDAwMH19"
        }
      ]
    },
    {
      "mode": "managed",
      "type": "aws_s3_bucket_acl",
      "name": "app_bucket_acl",
      "provider": "provider[\"registry.terraform.io/hashicorp/aws\"]",
      "instances": [
        {
          "schema_version": 0,
          "attributes": {
            "access_control_policy": [
              {
                "grant": [
                  {
                    "grantee": [
                      {
                        "display_name": "",
                        "email_address": "",
                        "id": "",
                        "type": "Group",
                        "uri": "http://acs.amazonaws.com/groups/global/AllUsers"
                      }
                    ],
                    "permission": "READ"
                  },
                  {
                    "grantee": [
                      {
                        "display_name": "shunhong0504",
                        "email_address": "",
                        "id": "81159ba19d7343dd8dc9523d652dad7f6728672f49a0204fb7ecef4aad87a4b5",
                        "type": "CanonicalUser",
                        "uri": ""
                      }
                    ],
                    "permission": "FULL_CONTROL"
                  }
                ],
                "owner": [
                  {
                    "display_name": "shunhong0504",
                    "id": "81159ba19d7343dd8dc9523d652dad7f6728672f49a0204fb7ecef4aad87a4b5"
                  }
                ]
              }
            ],
            "acl": "public-read",
            "bucket": "my-app-bucket-kjshjh",
            "expected_bucket_owner": "",
            "id": "my-app-bucket-kjshjh,public-read"
          },
          "sensitive_attributes": [],
          "identity_schema_version": 0,
          "private": "bnVsbA==",
          "dependencies": [
            "aws_s3_bucket.app_bucket",
            "aws_s3_bucket_ownership_controls.app_bucket_ownership",
            "aws_s3_bucket_public_access_block.app_bucket_pab"
          ]
        }
      ]
    },
    {
      "mode": "managed",
      "type": "aws_s3_bucket_cors_configuration",
      "name": "app_bucket_cors",
      "provider": "provider[\"registry.terraform.io/hashicorp/aws\"]",
      "instances": [
        {
          "schema_version": 0,
          "attributes": {
            "bucket": "my-app-bucket-kjshjh",
            "cors_rule": [
              {
                "allowed_headers": [
                  "*"
                ],
                "allowed_methods": [
                  "DELETE",
                  "GET",
                  "HEAD",
                  "POST",
                  "PUT"
                ],
                "allowed_origins": [
                  "*"
                ],
                "expose_headers": [
                  "ETag"
                ],
                "id": "",
                "max_age_seconds": 3000
              }
            ],
            "expected_bucket_owner": "",
            "id": "my-app-bucket-kjshjh"
          },
          "sensitive_attributes": [],
          "identity_schema_version": 0,
          "private": "bnVsbA==",
          "dependencies": [
            "aws_s3_bucket.app_bucket"
          ]
        }
      ]
    },
    {
      "mode": "managed",
      "type": "aws_s3_bucket_ownership_controls",
      "name": "app_bucket_ownership",
      "provider": "provider[\"registry.terraform.io/hashicorp/aws\"]",
      "instances": [
        {
          "schema_version": 0,
          "attributes": {
            "bucket": "my-app-bucket-kjshjh",
            "id": "my-app-bucket-kjshjh",
            "rule": [
              {
                "object_ownership": "BucketOwnerPreferred"
              }
            ]
          },
          "sensitive_attributes": [],
          "identity_schema_version": 0,
          "private": "bnVsbA==",
          "dependencies": [
            "aws_s3_bucket.app_bucket"
          ]
        }
      ]
    },
    {
      "mode": "managed",
      "type": "aws_s3_bucket_policy",
      "name": "app_bucket_policy",
      "provider": "provider[\"registry.terraform.io/hashicorp/aws\"]",
      "instances": [
        {
          "schema_version": 0,
          "attributes": {
            "bucket": "my-app-bucket-kjshjh",
            "id": "my-app-bucket-kjshjh",
            "policy": "{\"Statement\":[{\"Action\":\"s3:GetObject\",\"Effect\":\"Allow\",\"Principal\":\"*\",\"Resource\":\"arn:aws:s3:::my-app-bucket-kjshjh/*\",\"Sid\":\"PublicReadGetObject\"}],\"Version\":\"2012-10-17\"}"
          },
          "sensitive_attributes": [],
          "identity_schema_version": 0,
          "private": "bnVsbA==",
          "dependencies": [
            "aws_s3_bucket.app_bucket",
            "aws_s3_bucket_ownership_controls.app_bucket_ownership",
            "aws_s3_bucket_public_access_block.app_bucket_pab"
          ]
        }
      ]
    },
    {
      "mode": "managed",
      "type": "aws_s3_bucket_public_access_block",
      "name": "app_bucket_pab",
      "provider": "provider[\"registry.terraform.io/hashicorp/aws\"]",
      "instances": [
        {
          "schema_version": 0,
          "attributes": {
            "block_public_acls": false,
            "block_public_policy": false,
            "bucket": "my-app-bucket-kjshjh",
            "id": "my-app-bucket-kjshjh",
            "ignore_public_acls": false,
            "restrict_public_buckets": false
          },
          "sensitive_attributes": [],
          "identity_schema_version": 0,
          "private": "bnVsbA==",
          "dependencies": [
            "aws_s3_bucket.app_bucket",
            "aws_s3_bucket_ownership_controls.app_bucket_ownership"
          ]
        }
      ]
    },
    {
      "mode": "managed",
      "type": "aws_s3_bucket_server_side_encryption_configuration",
      "name": "app_bucket_encryption",
      "provider": "provider[\"registry.terraform.io/hashicorp/aws\"]",
      "instances": [
        {
          "schema_version": 0,
          "attributes": {
            "bucket": "my-app-bucket-kjshjh",
            "expected_bucket_owner": "",
            "id": "my-app-bucket-kjshjh",
            "rule": [
              {
                "apply_server_side_encryption_by_default": [
                  {
                    "kms_master_key_id": "",
                    "sse_algorithm": "AES256"
                  }
                ],
                "bucket_key_enabled": false
              }
            ]
          },
          "sensitive_attributes": [],
          "identity_schema_version": 0,
          "private": "bnVsbA==",
          "dependencies": [
            "aws_s3_bucket.app_bucket"
          ]
        }
      ]
    },
    {
      "mode": "managed",
      "type": "aws_s3_bucket_versioning",
      "name": "app_bucket_versioning",
      "provider": "provider[\"registry.terraform.io/hashicorp/aws\"]",
      "instances": [
        {
          "schema_version": 0,
          "attributes": {
            "bucket": "my-app-bucket-kjshjh",
            "expected_bucket_owner": "",
            "id": "my-app-bucket-kjshjh",
            "mfa": null,
            "versioning_configuration": [
              {
                "mfa_delete": "",
                "status": "Enabled"
              }
            ]
          },
          "sensitive_attributes": [],
          "identity_schema_version": 0,
          "private": "bnVsbA==",
          "dependencies": [
            "aws_s3_bucket.app_bucket"
          ]
        }
      ]
    },
    {
      "mode": "managed",
      "type": "aws_s3_bucket_website_configuration",
      "name": "app_bucket_website",
      "provider": "provider[\"registry.terraform.io/hashicorp/aws\"]",
      "instances": [
        {
          "schema_version": 0,
          "attributes": {
            "bucket": "my-app-bucket-kjshjh",
            "error_document": [
              {
                "key": "error.html"
              }
            ],
            "expected_bucket_owner": "",
            "id": "my-app-bucket-kjshjh",
            "index_document": [
              {
                "suffix": "index.html"
              }
            ],
            "redirect_all_requests_to": [],
            "routing_rule": [],
            "routing_rules": "",
            "website_domain": "s3-website-us-east-1.amazonaws.com",
            "website_endpoint": "my-app-bucket-kjshjh.s3-website-us-east-1.amazonaws.com"
          },
          "sensitive_attributes": [],
          "identity_schema_version": 0,
          "private": "bnVsbA==",
          "dependencies": [
            "aws_s3_bucket.app_bucket"
          ]
        }
      ]
    },
    {
      "mode": "managed",
      "type": "aws_security_group",
      "name": "alb_sg",
      "provider": "provider[\"registry.terraform.io/hashicorp/aws\"]",
      "instances": [
        {
          "schema_version": 1,
          "attributes": {
            "arn": "arn:aws:ec2:us-east-1:931174280450:security-group/sg-01e22280de170e666",
            "description": "Security group for Application Load Balancer",
            "egress": [
              {
                "cidr_blocks": [
                  "0.0.0.0/0"
                ],
                "description": "",
                "from_port": 0,
                "ipv6_cidr_blocks": [],
                "prefix_list_ids": [],
                "protocol": "-1",
                "security_groups": [],
                "self": false,
                "to_port": 0
              }
            ],
            "id": "sg-01e22280de170e666",
            "ingress": [
              {
                "cidr_blocks": [
                  "0.0.0.0/0"
                ],
                "description": "HTTP",
                "from_port": 80,
                "ipv6_cidr_blocks": [],
                "prefix_list_ids": [],
                "protocol": "tcp",
                "security_groups": [],
                "self": false,
                "to_port": 80
              },
              {
                "cidr_blocks": [
                  "0.0.0.0/0"
                ],
                "description": "HTTPS",
                "from_port": 443,
                "ipv6_cidr_blocks": [],
                "prefix_list_ids": [],
                "protocol": "tcp",
                "security_groups": [],
                "self": false,
                "to_port": 443
              }
            ],
            "name": "alb-security-group",
            "name_prefix": "",
            "owner_id": "931174280450",
            "revoke_rules_on_delete": false,
            "tags": {
              "Name": "alb-security-group"
            },
            "tags_all": {
              "Name": "alb-security-group"
            },
            "timeouts": null,
            "vpc_id": "vpc-0baec86d6cb42b1d8"
          },
          "sensitive_attributes": [],
          "identity_schema_version": 0,
          "private": "eyJlMmJmYjczMC1lY2FhLTExZTYtOGY4OC0zNDM2M2JjN2M0YzAiOnsiY3JlYXRlIjo2MDAwMDAwMDAwMDAsImRlbGV0ZSI6OTAwMDAwMDAwMDAwfSwic2NoZW1hX3ZlcnNpb24iOiIxIn0=",
          "dependencies": [
            "aws_vpc.main"
          ]
        }
      ]
    },
    {
      "mode": "managed",
      "type": "aws_security_group",
      "name": "db_admin_sg",
      "provider": "provider[\"registry.terraform.io/hashicorp/aws\"]",
      "instances": [
        {
          "schema_version": 1,
          "attributes": {
            "arn": "arn:aws:ec2:us-east-1:931174280450:security-group/sg-0f1d577d521c237af",
            "description": "Security group for database admin instance (SSM access only)",
            "egress": [
              {
                "cidr_blocks": [
                  "0.0.0.0/0"
                ],
                "description": "",
                "from_port": 0,
                "ipv6_cidr_blocks": [],
                "prefix_list_ids": [],
                "protocol": "-1",
                "security_groups": [],
                "self": false,
                "to_port": 0
              }
            ],
            "id": "sg-0f1d577d521c237af",
            "ingress": [],
            "name": "db-admin-security-group",
            "name_prefix": "",
            "owner_id": "931174280450",
            "revoke_rules_on_delete": false,
            "tags": {
              "Name": "db-admin-security-group"
            },
            "tags_all": {
              "Name": "db-admin-security-group"
            },
            "timeouts": null,
            "vpc_id": "vpc-0baec86d6cb42b1d8"
          },
          "sensitive_attributes": [],
          "identity_schema_version": 0,
          "private": "eyJlMmJmYjczMC1lY2FhLTExZTYtOGY4OC0zNDM2M2JjN2M0YzAiOnsiY3JlYXRlIjo2MDAwMDAwMDAwMDAsImRlbGV0ZSI6OTAwMDAwMDAwMDAwfSwic2NoZW1hX3ZlcnNpb24iOiIxIn0=",
          "dependencies": [
            "aws_vpc.main"
          ],
          "create_before_destroy": true
        }
      ]
    },
    {
      "mode": "managed",
      "type": "aws_security_group",
      "name": "ecs_fargate_sg",
      "provider": "provider[\"registry.terraform.io/hashicorp/aws\"]",
      "instances": [
        {
          "schema_version": 1,
          "attributes": {
            "arn": "arn:aws:ec2:us-east-1:931174280450:security-group/sg-00d2e4a755b92031c",
            "description": "Security group for ECS Fargate tasks",
            "egress": [
              {
                "cidr_blocks": [
                  "0.0.0.0/0"
                ],
                "description": "",
                "from_port": 0,
                "ipv6_cidr_blocks": [],
                "prefix_list_ids": [],
                "protocol": "-1",
                "security_groups": [],
                "self": false,
                "to_port": 0
              }
            ],
            "id": "sg-00d2e4a755b92031c",
            "ingress": [
              {
                "cidr_blocks": [],
                "description": "Flask app from ALB",
                "from_port": 5000,
                "ipv6_cidr_blocks": [],
                "prefix_list_ids": [],
                "protocol": "tcp",
                "security_groups": [
                  "sg-01e22280de170e666"
                ],
                "self": false,
                "to_port": 5000
              }
            ],
            "name": "ecs-fargate-security-group",
            "name_prefix": "",
            "owner_id": "931174280450",
            "revoke_rules_on_delete": false,
            "tags": {
              "Name": "ecs-fargate-security-group"
            },
            "tags_all": {
              "Name": "ecs-fargate-security-group"
            },
            "timeouts": null,
            "vpc_id": "vpc-0baec86d6cb42b1d8"
          },
          "sensitive_attributes": [],
          "identity_schema_version": 0,
          "private": "eyJlMmJmYjczMC1lY2FhLTExZTYtOGY4OC0zNDM2M2JjN2M0YzAiOnsiY3JlYXRlIjo2MDAwMDAwMDAwMDAsImRlbGV0ZSI6OTAwMDAwMDAwMDAwfSwic2NoZW1hX3ZlcnNpb24iOiIxIn0=",
          "dependencies": [
            "aws_security_group.alb_sg",
            "aws_vpc.main"
          ]
        }
      ]
    },
    {
      "mode": "managed",
      "type": "aws_security_group",
      "name": "rds_sg",
      "provider": "provider[\"registry.terraform.io/hashicorp/aws\"]",
      "instances": [
        {
          "schema_version": 1,
          "attributes": {
            "arn": "arn:aws:ec2:us-east-1:931174280450:security-group/sg-0780237102d72e707",
            "description": "Security group for RDS database",
            "egress": [],
            "id": "sg-0780237102d72e707",
            "ingress": [
              {
                "cidr_blocks": [],
                "description": "MySQL from ECS Fargate",
                "from_port": 3306,
                "ipv6_cidr_blocks": [],
                "prefix_list_ids": [],
                "protocol": "tcp",
                "security_groups": [
                  "sg-00d2e4a755b92031c"
                ],
                "self": false,
                "to_port": 3306
              },
              {
                "cidr_blocks": [],
                "description": "MySQL from database admin instance",
                "from_port": 3306,
                "ipv6_cidr_blocks": [],
                "prefix_list_ids": [],
                "protocol": "tcp",
                "security_groups": [
                  "sg-0f1d577d521c237af"
                ],
                "self": false,
                "to_port": 3306
              }
            ],
            "name": "rds-security-group",
            "name_prefix": "",
            "owner_id": "931174280450",
            "revoke_rules_on_delete": false,
            "tags": {
              "Name": "rds-security-group"
            },
            "tags_all": {
              "Name": "rds-security-group"
            },
            "timeouts": null,
            "vpc_id": "vpc-0baec86d6cb42b1d8"
          },
          "sensitive_attributes": [],
          "identity_schema_version": 0,
          "private": "eyJlMmJmYjczMC1lY2FhLTExZTYtOGY4OC0zNDM2M2JjN2M0YzAiOnsiY3JlYXRlIjo2MDAwMDAwMDAwMDAsImRlbGV0ZSI6OTAwMDAwMDAwMDAwfSwic2NoZW1hX3ZlcnNpb24iOiIxIn0=",
          "dependencies": [
            "aws_security_group.alb_sg",
            "aws_security_group.db_admin_sg",
            "aws_security_group.ecs_fargate_sg",
            "aws_vpc.main"
          ]
        }
      ]
    },
    {
      "mode": "managed",
      "type": "aws_security_group",
      "name": "vpc_endpoint_sg",
      "provider": "provider[\"registry.terraform.io/hashicorp/aws\"]",
      "instances": [
        {
          "schema_version": 1,
          "attributes": {
            "arn": "arn:aws:ec2:us-east-1:931174280450:security-group/sg-02669e4d14dc75f74",
            "description": "Security group for VPC endpoints",
            "egress": [
              {
                "cidr_blocks": [
                  "0.0.0.0/0"
                ],
                "description": "",
                "from_port": 0,
                "ipv6_cidr_blocks": [],
                "prefix_list_ids": [],
                "protocol": "-1",
                "security_groups": [],
                "self": false,
                "to_port": 0
              }
            ],
            "id": "sg-02669e4d14dc75f74",
            "ingress": [
              {
                "cidr_blocks": [
                  "10.0.0.0/16"
                ],
                "description": "",
                "from_port": 443,
                "ipv6_cidr_blocks": [],
                "prefix_list_ids": [],
                "protocol": "tcp",
                "security_groups": [],
                "self": false,
                "to_port": 443
              }
            ],
            "name": "vpc-endpoint-sg",
            "name_prefix": "",
            "owner_id": "931174280450",
            "revoke_rules_on_delete": false,
            "tags": {
              "Name": "vpc-endpoint-security-group"
            },
            "tags_all": {
              "Name": "vpc-endpoint-security-group"
            },
            "timeouts": null,
            "vpc_id": "vpc-0baec86d6cb42b1d8"
          },
          "sensitive_attributes": [],
          "identity_schema_version": 0,
          "private": "eyJlMmJmYjczMC1lY2FhLTExZTYtOGY4OC0zNDM2M2JjN2M0YzAiOnsiY3JlYXRlIjo2MDAwMDAwMDAwMDAsImRlbGV0ZSI6OTAwMDAwMDAwMDAwfSwic2NoZW1hX3ZlcnNpb24iOiIxIn0=",
          "dependencies": [
            "aws_vpc.main"
          ]
        }
      ]
    },
    {
      "mode": "managed",
      "type": "aws_subnet",
      "name": "private_db_az1",
      "provider": "provider[\"registry.terraform.io/hashicorp/aws\"]",
      "instances": [
        {
          "schema_version": 1,
          "attributes": {
            "arn": "arn:aws:ec2:us-east-1:931174280450:subnet/subnet-07e863c00f84b83ff",
            "assign_ipv6_address_on_creation": false,
            "availability_zone": "us-east-1a",
            "availability_zone_id": "use1-az1",
            "cidr_block": "10.0.3.0/24",
            "customer_owned_ipv4_pool": "",
            "enable_dns64": false,
            "enable_lni_at_device_index": 0,
            "enable_resource_name_dns_a_record_on_launch": false,
            "enable_resource_name_dns_aaaa_record_on_launch": false,
            "id": "subnet-07e863c00f84b83ff",
            "ipv6_cidr_block": "",
            "ipv6_cidr_block_association_id": "",
            "ipv6_native": false,
            "map_customer_owned_ip_on_launch": false,
            "map_public_ip_on_launch": false,
            "outpost_arn": "",
            "owner_id": "931174280450",
            "private_dns_hostname_type_on_launch": "ip-name",
            "tags": {
              "Name": "private-db-az1"
            },
            "tags_all": {
              "Name": "private-db-az1"
            },
            "timeouts": null,
            "vpc_id": "vpc-0baec86d6cb42b1d8"
          },
          "sensitive_attributes": [],
          "identity_schema_version": 0,
          "private": "eyJlMmJmYjczMC1lY2FhLTExZTYtOGY4OC0zNDM2M2JjN2M0YzAiOnsiY3JlYXRlIjo2MDAwMDAwMDAwMDAsImRlbGV0ZSI6MTIwMDAwMDAwMDAwMH0sInNjaGVtYV92ZXJzaW9uIjoiMSJ9",
          "dependencies": [
            "aws_vpc.main"
          ]
        }
      ]
    },
    {
      "mode": "managed",
      "type": "aws_subnet",
      "name": "private_db_az2",
      "provider": "provider[\"registry.terraform.io/hashicorp/aws\"]",
      "instances": [
        {
          "schema_version": 1,
          "attributes": {
            "arn": "arn:aws:ec2:us-east-1:931174280450:subnet/subnet-094cf03e98a1c314c",
            "assign_ipv6_address_on_creation": false,
            "availability_zone": "us-east-1b",
            "availability_zone_id": "use1-az2",
            "cidr_block": "10.0.4.0/24",
            "customer_owned_ipv4_pool": "",
            "enable_dns64": false,
            "enable_lni_at_device_index": 0,
            "enable_resource_name_dns_a_record_on_launch": false,
            "enable_resource_name_dns_aaaa_record_on_launch": false,
            "id": "subnet-094cf03e98a1c314c",
            "ipv6_cidr_block": "",
            "ipv6_cidr_block_association_id": "",
            "ipv6_native": false,
            "map_customer_owned_ip_on_launch": false,
            "map_public_ip_on_launch": false,
            "outpost_arn": "",
            "owner_id": "931174280450",
            "private_dns_hostname_type_on_launch": "ip-name",
            "tags": {
              "Name": "private-db-az2"
            },
            "tags_all": {
              "Name": "private-db-az2"
            },
            "timeouts": null,
            "vpc_id": "vpc-0baec86d6cb42b1d8"
          },
          "sensitive_attributes": [],
          "identity_schema_version": 0,
          "private": "eyJlMmJmYjczMC1lY2FhLTExZTYtOGY4OC0zNDM2M2JjN2M0YzAiOnsiY3JlYXRlIjo2MDAwMDAwMDAwMDAsImRlbGV0ZSI6MTIwMDAwMDAwMDAwMH0sInNjaGVtYV92ZXJzaW9uIjoiMSJ9",
          "dependencies": [
            "aws_vpc.main"
          ]
        }
      ]
    },
    {
      "mode": "managed",
      "type": "aws_subnet",
      "name": "public_web_az1",
      "provider": "provider[\"registry.terraform.io/hashicorp/aws\"]",
      "instances": [
        {
          "schema_version": 1,
          "attributes": {
            "arn": "arn:aws:ec2:us-east-1:931174280450:subnet/subnet-0cd8f02087740afe4",
            "assign_ipv6_address_on_creation": false,
            "availability_zone": "us-east-1a",
            "availability_zone_id": "use1-az1",
            "cidr_block": "10.0.1.0/24",
            "customer_owned_ipv4_pool": "",
            "enable_dns64": false,
            "enable_lni_at_device_index": 0,
            "enable_resource_name_dns_a_record_on_launch": false,
            "enable_resource_name_dns_aaaa_record_on_launch": false,
            "id": "subnet-0cd8f02087740afe4",
            "ipv6_cidr_block": "",
            "ipv6_cidr_block_association_id": "",
            "ipv6_native": false,
            "map_customer_owned_ip_on_launch": false,
            "map_public_ip_on_launch": true,
            "outpost_arn": "",
            "owner_id": "931174280450",
            "private_dns_hostname_type_on_launch": "ip-name",
            "tags": {
              "Name": "public-web-az1"
            },
            "tags_all": {
              "Name": "public-web-az1"
            },
            "timeouts": null,
            "vpc_id": "vpc-0baec86d6cb42b1d8"
          },
          "sensitive_attributes": [],
          "identity_schema_version": 0,
          "private": "eyJlMmJmYjczMC1lY2FhLTExZTYtOGY4OC0zNDM2M2JjN2M0YzAiOnsiY3JlYXRlIjo2MDAwMDAwMDAwMDAsImRlbGV0ZSI6MTIwMDAwMDAwMDAwMH0sInNjaGVtYV92ZXJzaW9uIjoiMSJ9",
          "dependencies": [
            "aws_vpc.main"
          ],
          "create_before_destroy": true
        }
      ]
    },
    {
      "mode": "managed",
      "type": "aws_subnet",
      "name": "public_web_az2",
      "provider": "provider[\"registry.terraform.io/hashicorp/aws\"]",
      "instances": [
        {
          "schema_version": 1,
          "attributes": {
            "arn": "arn:aws:ec2:us-east-1:931174280450:subnet/subnet-0cc8d30f1b6a6cf18",
            "assign_ipv6_address_on_creation": false,
            "availability_zone": "us-east-1b",
            "availability_zone_id": "use1-az2",
            "cidr_block": "10.0.2.0/24",
            "customer_owned_ipv4_pool": "",
            "enable_dns64": false,
            "enable_lni_at_device_index": 0,
            "enable_resource_name_dns_a_record_on_launch": false,
            "enable_resource_name_dns_aaaa_record_on_launch": false,
            "id": "subnet-0cc8d30f1b6a6cf18",
            "ipv6_cidr_block": "",
            "ipv6_cidr_block_association_id": "",
            "ipv6_native": false,
            "map_customer_owned_ip_on_launch": false,
            "map_public_ip_on_launch": true,
            "outpost_arn": "",
            "owner_id": "931174280450",
            "private_dns_hostname_type_on_launch": "ip-name",
            "tags": {
              "Name": "public-web-az2"
            },
            "tags_all": {
              "Name": "public-web-az2"
            },
            "timeouts": null,
            "vpc_id": "vpc-0baec86d6cb42b1d8"
          },
          "sensitive_attributes": [],
          "identity_schema_version": 0,
          "private": "eyJlMmJmYjczMC1lY2FhLTExZTYtOGY4OC0zNDM2M2JjN2M0YzAiOnsiY3JlYXRlIjo2MDAwMDAwMDAwMDAsImRlbGV0ZSI6MTIwMDAwMDAwMDAwMH0sInNjaGVtYV92ZXJzaW9uIjoiMSJ9",
          "dependencies": [
            "aws_vpc.main"
          ]
        }
      ]
    },
    {
      "mode": "managed",
      "type": "aws_vpc",
      "name": "main",
      "provider": "provider[\"registry.terraform.io/hashicorp/aws\"]",
      "instances": [
        {
          "schema_version": 1,
          "attributes": {
            "arn": "arn:aws:ec2:us-east-1:931174280450:vpc/vpc-0baec86d6cb42b1d8",
            "assign_generated_ipv6_cidr_block": false,
            "cidr_block": "10.0.0.0/16",
            "default_network_acl_id": "acl-00aa86f422f18d25a",
            "default_route_table_id": "rtb-0cc262c05d78edfd8",
            "default_security_group_id": "sg-069ecc384ad3655a0",
            "dhcp_options_id": "dopt-0ffaa0567eb20990d",
            "enable_dns_hostnames": true,
            "enable_dns_support": true,
            "enable_network_address_usage_metrics": false,
            "id": "vpc-0baec86d6cb42b1d8",
            "instance_tenancy": "default",
            "ipv4_ipam_pool_id": null,
            "ipv4_netmask_length": null,
            "ipv6_association_id": "",
            "ipv6_cidr_block": "",
            "ipv6_cidr_block_network_border_group": "",
            "ipv6_ipam_pool_id": "",
            "ipv6_netmask_length": 0,
            "main_route_table_id": "rtb-0cc262c05d78edfd8",
            "owner_id": "931174280450",
            "tags": {
              "Environment": "production",
              "Name": "my-app-vpc"
            },
            "tags_all": {
              "Environment": "production",
              "Name": "my-app-vpc"
            }
          },
          "sensitive_attributes": [],
          "identity_schema_version": 0,
          "private": "eyJzY2hlbWFfdmVyc2lvbiI6IjEifQ==",
          "create_before_destroy": true
        }
      ]
    },
    {
      "mode": "managed",
      "type": "aws_vpc_endpoint",
      "name": "ec2messages",
      "provider": "provider[\"registry.terraform.io/hashicorp/aws\"]",
      "instances": [
        {
          "schema_version": 0,
          "attributes": {
            "arn": "arn:aws:ec2:us-east-1:931174280450:vpc-endpoint/vpce-0aa11118fe4cf65aa",
            "auto_accept": null,
            "cidr_blocks": [],
            "dns_entry": [
              {
                "dns_name": "vpce-0aa11118fe4cf65aa-2dif3rli.ec2messages.us-east-1.vpce.amazonaws.com",
                "hosted_zone_id": "Z7HUB22UULQXV"
              },
              {
                "dns_name": "vpce-0aa11118fe4cf65aa-2dif3rli-us-east-1b.ec2messages.us-east-1.vpce.amazonaws.com",
                "hosted_zone_id": "Z7HUB22UULQXV"
              },
              {
                "dns_name": "vpce-0aa11118fe4cf65aa-2dif3rli-us-east-1a.ec2messages.us-east-1.vpce.amazonaws.com",
                "hosted_zone_id": "Z7HUB22UULQXV"
              },
              {
                "dns_name": "ec2messages.us-east-1.amazonaws.com",
                "hosted_zone_id": "Z06894101N4XXG8F1B2AP"
              }
            ],
            "dns_options": [
              {
                "dns_record_ip_type": "ipv4",
                "private_dns_only_for_inbound_resolver_endpoint": false
              }
            ],
            "id": "vpce-0aa11118fe4cf65aa",
            "ip_address_type": "ipv4",
            "network_interface_ids": [
              "eni-00f724d84ad44b079",
              "eni-07a7f52b8c38f443d"
            ],
            "owner_id": "931174280450",
            "policy": "{\"Statement\":[{\"Action\":\"*\",\"Effect\":\"Allow\",\"Principal\":\"*\",\"Resource\":\"*\"}]}",
            "prefix_list_id": null,
            "private_dns_enabled": true,
            "requester_managed": false,
            "resource_configuration_arn": "",
            "route_table_ids": [],
            "security_group_ids": [
              "sg-02669e4d14dc75f74"
            ],
            "service_name": "com.amazonaws.us-east-1.ec2messages",
            "service_network_arn": "",
            "service_region": "us-east-1",
            "state": "available",
            "subnet_configuration": [
              {
                "ipv4": "10.0.1.188",
                "ipv6": "",
                "subnet_id": "subnet-0cd8f02087740afe4"
              },
              {
                "ipv4": "10.0.2.85",
                "ipv6": "",
                "subnet_id": "subnet-0cc8d30f1b6a6cf18"
              }
            ],
            "subnet_ids": [
              "subnet-0cc8d30f1b6a6cf18",
              "subnet-0cd8f02087740afe4"
            ],
            "tags": {
              "Name": "ec2messages-vpc-endpoint"
            },
            "tags_all": {
              "Name": "ec2messages-vpc-endpoint"
            },
            "timeouts": null,
            "vpc_endpoint_type": "Interface",
            "vpc_id": "vpc-0baec86d6cb42b1d8"
          },
          "sensitive_attributes": [],
          "identity_schema_version": 0,
          "private": "eyJlMmJmYjczMC1lY2FhLTExZTYtOGY4OC0zNDM2M2JjN2M0YzAiOnsiY3JlYXRlIjo2MDAwMDAwMDAwMDAsImRlbGV0ZSI6NjAwMDAwMDAwMDAwLCJ1cGRhdGUiOjYwMDAwMDAwMDAwMH19",
          "dependencies": [
            "aws_security_group.vpc_endpoint_sg",
            "aws_subnet.public_web_az1",
            "aws_subnet.public_web_az2",
            "aws_vpc.main"
          ]
        }
      ]
    },
    {
      "mode": "managed",
      "type": "aws_vpc_endpoint",
      "name": "ssm",
      "provider": "provider[\"registry.terraform.io/hashicorp/aws\"]",
      "instances": [
        {
          "schema_version": 0,
          "attributes": {
            "arn": "arn:aws:ec2:us-east-1:931174280450:vpc-endpoint/vpce-0a23bc878187867fc",
            "auto_accept": null,
            "cidr_blocks": [],
            "dns_entry": [
              {
                "dns_name": "vpce-0a23bc878187867fc-urk3zwnk.ssm.us-east-1.vpce.amazonaws.com",
                "hosted_zone_id": "Z7HUB22UULQXV"
              },
              {
                "dns_name": "vpce-0a23bc878187867fc-urk3zwnk-us-east-1b.ssm.us-east-1.vpce.amazonaws.com",
                "hosted_zone_id": "Z7HUB22UULQXV"
              },
              {
                "dns_name": "vpce-0a23bc878187867fc-urk3zwnk-us-east-1a.ssm.us-east-1.vpce.amazonaws.com",
                "hosted_zone_id": "Z7HUB22UULQXV"
              },
              {
                "dns_name": "ssm.us-east-1.amazonaws.com",
                "hosted_zone_id": "Z10385393BI3B4G1RVVAK"
              }
            ],
            "dns_options": [
              {
                "dns_record_ip_type": "ipv4",
                "private_dns_only_for_inbound_resolver_endpoint": false
              }
            ],
            "id": "vpce-0a23bc878187867fc",
            "ip_address_type": "ipv4",
            "network_interface_ids": [
              "eni-09dfb86e35d1764dd",
              "eni-0fd354796b38402d2"
            ],
            "owner_id": "931174280450",
            "policy": "{\"Statement\":[{\"Action\":\"*\",\"Effect\":\"Allow\",\"Principal\":\"*\",\"Resource\":\"*\"}]}",
            "prefix_list_id": null,
            "private_dns_enabled": true,
            "requester_managed": false,
            "resource_configuration_arn": "",
            "route_table_ids": [],
            "security_group_ids": [
              "sg-02669e4d14dc75f74"
            ],
            "service_name": "com.amazonaws.us-east-1.ssm",
            "service_network_arn": "",
            "service_region": "us-east-1",
            "state": "available",
            "subnet_configuration": [
              {
                "ipv4": "10.0.1.50",
                "ipv6": "",
                "subnet_id": "subnet-0cd8f02087740afe4"
              },
              {
                "ipv4": "10.0.2.89",
                "ipv6": "",
                "subnet_id": "subnet-0cc8d30f1b6a6cf18"
              }
            ],
            "subnet_ids": [
              "subnet-0cc8d30f1b6a6cf18",
              "subnet-0cd8f02087740afe4"
            ],
            "tags": {
              "Name": "ssm-vpc-endpoint"
            },
            "tags_all": {
              "Name": "ssm-vpc-endpoint"
            },
            "timeouts": null,
            "vpc_endpoint_type": "Interface",
            "vpc_id": "vpc-0baec86d6cb42b1d8"
          },
          "sensitive_attributes": [],
          "identity_schema_version": 0,
          "private": "eyJlMmJmYjczMC1lY2FhLTExZTYtOGY4OC0zNDM2M2JjN2M0YzAiOnsiY3JlYXRlIjo2MDAwMDAwMDAwMDAsImRlbGV0ZSI6NjAwMDAwMDAwMDAwLCJ1cGRhdGUiOjYwMDAwMDAwMDAwMH19",
          "dependencies": [
            "aws_security_group.vpc_endpoint_sg",
            "aws_subnet.public_web_az1",
            "aws_subnet.public_web_az2",
            "aws_vpc.main"
          ]
        }
      ]
    },
    {
      "mode": "managed",
      "type": "aws_vpc_endpoint",
      "name": "ssmmessages",
      "provider": "provider[\"registry.terraform.io/hashicorp/aws\"]",
      "instances": [
        {
          "schema_version": 0,
          "attributes": {
            "arn": "arn:aws:ec2:us-east-1:931174280450:vpc-endpoint/vpce-0b205b45abd21f52e",
            "auto_accept": null,
            "cidr_blocks": [],
            "dns_entry": [
              {
                "dns_name": "vpce-0b205b45abd21f52e-1pyog6x4.ssmmessages.us-east-1.vpce.amazonaws.com",
                "hosted_zone_id": "Z7HUB22UULQXV"
              },
              {
                "dns_name": "vpce-0b205b45abd21f52e-1pyog6x4-us-east-1b.ssmmessages.us-east-1.vpce.amazonaws.com",
                "hosted_zone_id": "Z7HUB22UULQXV"
              },
              {
                "dns_name": "vpce-0b205b45abd21f52e-1pyog6x4-us-east-1a.ssmmessages.us-east-1.vpce.amazonaws.com",
                "hosted_zone_id": "Z7HUB22UULQXV"
              },
              {
                "dns_name": "ssmmessages.us-east-1.amazonaws.com",
                "hosted_zone_id": "Z10394132EQB3F1B5SYOT"
              }
            ],
            "dns_options": [
              {
                "dns_record_ip_type": "ipv4",
                "private_dns_only_for_inbound_resolver_endpoint": false
              }
            ],
            "id": "vpce-0b205b45abd21f52e",
            "ip_address_type": "ipv4",
            "network_interface_ids": [
              "eni-004a0e541171a6e3a",
              "eni-0479235653d4227af"
            ],
            "owner_id": "931174280450",
            "policy": "{\"Statement\":[{\"Action\":\"*\",\"Effect\":\"Allow\",\"Principal\":\"*\",\"Resource\":\"*\"}]}",
            "prefix_list_id": null,
            "private_dns_enabled": true,
            "requester_managed": false,
            "resource_configuration_arn": "",
            "route_table_ids": [],
            "security_group_ids": [
              "sg-02669e4d14dc75f74"
            ],
            "service_name": "com.amazonaws.us-east-1.ssmmessages",
            "service_network_arn": "",
            "service_region": "us-east-1",
            "state": "available",
            "subnet_configuration": [
              {
                "ipv4": "10.0.1.7",
                "ipv6": "",
                "subnet_id": "subnet-0cd8f02087740afe4"
              },
              {
                "ipv4": "10.0.2.242",
                "ipv6": "",
                "subnet_id": "subnet-0cc8d30f1b6a6cf18"
              }
            ],
            "subnet_ids": [
              "subnet-0cc8d30f1b6a6cf18",
              "subnet-0cd8f02087740afe4"
            ],
            "tags": {
              "Name": "ssmmessages-vpc-endpoint"
            },
            "tags_all": {
              "Name": "ssmmessages-vpc-endpoint"
            },
            "timeouts": null,
            "vpc_endpoint_type": "Interface",
            "vpc_id": "vpc-0baec86d6cb42b1d8"
          },
          "sensitive_attributes": [],
          "identity_schema_version": 0,
          "private": "eyJlMmJmYjczMC1lY2FhLTExZTYtOGY4OC0zNDM2M2JjN2M0YzAiOnsiY3JlYXRlIjo2MDAwMDAwMDAwMDAsImRlbGV0ZSI6NjAwMDAwMDAwMDAwLCJ1cGRhdGUiOjYwMDAwMDAwMDAwMH19",
          "dependencies": [
            "aws_security_group.vpc_endpoint_sg",
            "aws_subnet.public_web_az1",
            "aws_subnet.public_web_az2",
            "aws_vpc.main"
          ]
        }
      ]
    },
    {
      "mode": "managed",
      "type": "docker_image",
      "name": "app_image",
      "provider": "provider[\"registry.terraform.io/kreuzwerker/docker\"]",
      "instances": [
        {
          "schema_version": 0,
          "attributes": {
            "build": [
              {
                "auth_config": [],
                "build_args": {
                  "ENVIRONMENT": "production"
                },
                "build_id": "",
                "build_log_file": "",
                "builder": "",
                "cache_from": [],
                "cgroup_parent": "",
                "context": "./..",
                "cpu_period": 0,
                "cpu_quota": 0,
                "cpu_set_cpus": "",
                "cpu_set_mems": "",
                "cpu_shares": 0,
                "dockerfile": "Dockerfile",
                "extra_hosts": [],
                "force_remove": false,
                "isolation": "",
                "label": {},
                "labels": {},
                "memory": 0,
                "memory_swap": 0,
                "network_mode": "",
                "no_cache": false,
                "platform": "",
                "pull_parent": false,
                "remote_context": "",
                "remove": true,
                "secrets": [],
                "security_opt": [],
                "session_id": "",
                "shm_size": 0,
                "squash": false,
                "suppress_output": false,
                "tag": [],
                "target": "",
                "ulimit": [],
                "version": ""
              }
            ],
            "force_remove": null,
            "id": "sha256:4320799572ac97d9f7489b2f55574cb538f2504e95e4f4dd239ecfa73e4f52d5931174280450.dkr.ecr.us-east-1.amazonaws.com/my-app:latest",
            "image_id": "sha256:4320799572ac97d9f7489b2f55574cb538f2504e95e4f4dd239ecfa73e4f52d5",
            "keep_locally": null,
            "name": "931174280450.dkr.ecr.us-east-1.amazonaws.com/my-app:latest",
            "platform": null,
            "pull_triggers": null,
            "repo_digest": "931174280450.dkr.ecr.us-east-1.amazonaws.com/my-app@sha256:0d62f06bf068e54452231b0e7804399cbac64f2dfbc28aa6e17336bf6d7cd6db",
            "timeouts": null,
            "triggers": {
              "dir_sha1": "8f96008f29f8d0963f403c155c404a82b5fdef52"
            }
          },
          "sensitive_attributes": [],
          "identity_schema_version": 0,
          "private": "eyJlMmJmYjczMC1lY2FhLTExZTYtOGY4OC0zNDM2M2JjN2M0YzAiOnsiY3JlYXRlIjoxMjAwMDAwMDAwMDAwLCJkZWxldGUiOjEyMDAwMDAwMDAwMDAsInVwZGF0ZSI6MTIwMDAwMDAwMDAwMH19",
          "dependencies": [
            "aws_ecr_repository.app_repo",
            "data.aws_caller_identity.current",
            "data.aws_ecr_authorization_token.token"
          ]
        }
      ]
    },
    {
      "mode": "managed",
      "type": "docker_registry_image",
      "name": "app_registry_image",
      "provider": "provider[\"registry.terraform.io/kreuzwerker/docker\"]",
      "instances": [
        {
          "schema_version": 0,
          "attributes": {
            "auth_config": [],
            "id": "sha256:0d62f06bf068e54452231b0e7804399cbac64f2dfbc28aa6e17336bf6d7cd6db",
            "insecure_skip_verify": false,
            "keep_remotely": false,
            "name": "931174280450.dkr.ecr.us-east-1.amazonaws.com/my-app:latest",
            "sha256_digest": "sha256:0d62f06bf068e54452231b0e7804399cbac64f2dfbc28aa6e17336bf6d7cd6db",
            "triggers": null
          },
          "sensitive_attributes": [],
          "identity_schema_version": 0,
          "private": "bnVsbA==",
          "dependencies": [
            "aws_ecr_repository.app_repo",
            "data.aws_caller_identity.current",
            "data.aws_ecr_authorization_token.token",
            "docker_image.app_image"
          ]
        }
      ]
    }
  ],
  "check_results": null
}
